// !$*UTF8*$!
{
	archiveVersion = 1;
	classes = {
	};
	objectVersion = 46;
	objects = {

/* Begin PBXBuildFile section */
		AA1100EB198B3C01008811E4 /* tab_buddy_nor@2x.png in Resources */ = {isa = PBXBuildFile; fileRef = AA1100E3198B3C01008811E4 /* tab_buddy_nor@2x.png */; };
		AA1100EC198B3C01008811E4 /* tab_buddy_press@2x.png in Resources */ = {isa = PBXBuildFile; fileRef = AA1100E4198B3C01008811E4 /* tab_buddy_press@2x.png */; };
		AA1100ED198B3C01008811E4 /* tab_me_nor@2x.png in Resources */ = {isa = PBXBuildFile; fileRef = AA1100E5198B3C01008811E4 /* tab_me_nor@2x.png */; };
		AA1100EE198B3C01008811E4 /* tab_me_press@2x.png in Resources */ = {isa = PBXBuildFile; fileRef = AA1100E6198B3C01008811E4 /* tab_me_press@2x.png */; };
		AA1100EF198B3C01008811E4 /* tab_qworld_nor@2x.png in Resources */ = {isa = PBXBuildFile; fileRef = AA1100E7198B3C01008811E4 /* tab_qworld_nor@2x.png */; };
		AA1100F0198B3C01008811E4 /* tab_qworld_press@2x.png in Resources */ = {isa = PBXBuildFile; fileRef = AA1100E8198B3C01008811E4 /* tab_qworld_press@2x.png */; };
		AA1100F1198B3C01008811E4 /* tab_recent_nor@2x.png in Resources */ = {isa = PBXBuildFile; fileRef = AA1100E9198B3C01008811E4 /* tab_recent_nor@2x.png */; };
		AA1100F2198B3C01008811E4 /* tab_recent_press@2x.png in Resources */ = {isa = PBXBuildFile; fileRef = AA1100EA198B3C01008811E4 /* tab_recent_press@2x.png */; };
		AA1100FA198B3F0A008811E4 /* MomentsViewController.m in Sources */ = {isa = PBXBuildFile; fileRef = AA1100F9198B3F0A008811E4 /* MomentsViewController.m */; };
		AA1100FE198B61D2008811E4 /* TWMessageBarManager.m in Sources */ = {isa = PBXBuildFile; fileRef = AA1100FD198B61D2008811E4 /* TWMessageBarManager.m */; };
		AA110105198B61DD008811E4 /* icon-error.png in Resources */ = {isa = PBXBuildFile; fileRef = AA1100FF198B61DD008811E4 /* icon-error.png */; };
		AA110106198B61DD008811E4 /* icon-error@2x.png in Resources */ = {isa = PBXBuildFile; fileRef = AA110100198B61DD008811E4 /* icon-error@2x.png */; };
		AA110107198B61DD008811E4 /* icon-info.png in Resources */ = {isa = PBXBuildFile; fileRef = AA110101198B61DD008811E4 /* icon-info.png */; };
		AA110108198B61DD008811E4 /* icon-info@2x.png in Resources */ = {isa = PBXBuildFile; fileRef = AA110102198B61DD008811E4 /* icon-info@2x.png */; };
		AA110109198B61DD008811E4 /* icon-success.png in Resources */ = {isa = PBXBuildFile; fileRef = AA110103198B61DD008811E4 /* icon-success.png */; };
		AA11010A198B61DD008811E4 /* icon-success@2x.png in Resources */ = {isa = PBXBuildFile; fileRef = AA110104198B61DD008811E4 /* icon-success@2x.png */; };
		AA59F034198A15F0009FD449 /* Constants.m in Sources */ = {isa = PBXBuildFile; fileRef = AA59F033198A15F0009FD449 /* Constants.m */; };
		AA59F03B198A197B009FD449 /* UIColor+Additions.m in Sources */ = {isa = PBXBuildFile; fileRef = AA59F038198A197B009FD449 /* UIColor+Additions.m */; };
		AA59F03C198A197B009FD449 /* UIImage+Additions.m in Sources */ = {isa = PBXBuildFile; fileRef = AA59F03A198A197B009FD449 /* UIImage+Additions.m */; };
		AA59F071198A1A59009FD449 /* BackViewController.m in Sources */ = {isa = PBXBuildFile; fileRef = AA59F03F198A1A59009FD449 /* BackViewController.m */; };
		AA59F072198A1A59009FD449 /* BaseNavigationController.m in Sources */ = {isa = PBXBuildFile; fileRef = AA59F041198A1A59009FD449 /* BaseNavigationController.m */; };
		AA59F073198A1A59009FD449 /* BaseTabBarViewController.m in Sources */ = {isa = PBXBuildFile; fileRef = AA59F043198A1A59009FD449 /* BaseTabBarViewController.m */; };
		AA59F074198A1A59009FD449 /* BaseViewController.m in Sources */ = {isa = PBXBuildFile; fileRef = AA59F045198A1A59009FD449 /* BaseViewController.m */; };
		AA59F098198A2250009FD449 /* login_bg_ip5@2x.jpg in Resources */ = {isa = PBXBuildFile; fileRef = AA59F096198A2250009FD449 /* login_bg_ip5@2x.jpg */; };
		AA59F099198A2250009FD449 /* login_bg@2x.jpg in Resources */ = {isa = PBXBuildFile; fileRef = AA59F097198A2250009FD449 /* login_bg@2x.jpg */; };
		AA59F09C198A25C6009FD449 /* LoginViewController.m in Sources */ = {isa = PBXBuildFile; fileRef = AA59F09B198A25C6009FD449 /* LoginViewController.m */; };
		AA59F09F198A25EA009FD449 /* RegViewController.m in Sources */ = {isa = PBXBuildFile; fileRef = AA59F09E198A25EA009FD449 /* RegViewController.m */; };
		AA59F0A1198A28CF009FD449 /* login_avatar@2x.png in Resources */ = {isa = PBXBuildFile; fileRef = AA59F0A0198A28CF009FD449 /* login_avatar@2x.png */; };
		AA59F0A3198A2C5D009FD449 /* login_avatar_default@2x.png in Resources */ = {isa = PBXBuildFile; fileRef = AA59F0A2198A2C5D009FD449 /* login_avatar_default@2x.png */; };
		AA59F0A5198A3187009FD449 /* login_textfield@2x.png in Resources */ = {isa = PBXBuildFile; fileRef = AA59F0A4198A3187009FD449 /* login_textfield@2x.png */; };
		AA59F0A8198A3667009FD449 /* login_btn_blue_nor@2x.png in Resources */ = {isa = PBXBuildFile; fileRef = AA59F0A6198A3667009FD449 /* login_btn_blue_nor@2x.png */; };
		AA59F0A9198A3667009FD449 /* login_btn_blue_press@2x.png in Resources */ = {isa = PBXBuildFile; fileRef = AA59F0A7198A3667009FD449 /* login_btn_blue_press@2x.png */; };
		AA59F0AD198A3732009FD449 /* LeeScrollView.m in Sources */ = {isa = PBXBuildFile; fileRef = AA59F0AC198A3732009FD449 /* LeeScrollView.m */; };
		AA59F0B0198A4117009FD449 /* BuddyViewController.m in Sources */ = {isa = PBXBuildFile; fileRef = AA59F0AF198A4117009FD449 /* BuddyViewController.m */; };
		AA59F0B3198A4121009FD449 /* OnlineViewController.m in Sources */ = {isa = PBXBuildFile; fileRef = AA59F0B2198A4121009FD449 /* OnlineViewController.m */; };
		AA59F0B6198A4142009FD449 /* AccountViewController.m in Sources */ = {isa = PBXBuildFile; fileRef = AA59F0B5198A4142009FD449 /* AccountViewController.m */; };
		AABF3CB3198636C0001C8DCA /* Foundation.framework in Frameworks */ = {isa = PBXBuildFile; fileRef = AABF3CB2198636C0001C8DCA /* Foundation.framework */; };
		AABF3CB5198636C0001C8DCA /* CoreGraphics.framework in Frameworks */ = {isa = PBXBuildFile; fileRef = AABF3CB4198636C0001C8DCA /* CoreGraphics.framework */; };
		AABF3CB7198636C0001C8DCA /* UIKit.framework in Frameworks */ = {isa = PBXBuildFile; fileRef = AABF3CB6198636C0001C8DCA /* UIKit.framework */; };
		AABF3CBD198636C0001C8DCA /* InfoPlist.strings in Resources */ = {isa = PBXBuildFile; fileRef = AABF3CBB198636C0001C8DCA /* InfoPlist.strings */; };
		AABF3CBF198636C0001C8DCA /* main.m in Sources */ = {isa = PBXBuildFile; fileRef = AABF3CBE198636C0001C8DCA /* main.m */; };
		AABF3CC3198636C0001C8DCA /* AppDelegate.mm in Sources */ = {isa = PBXBuildFile; fileRef = AABF3CC2198636C0001C8DCA /* AppDelegate.mm */; };
		AABF3CC5198636C0001C8DCA /* Images.xcassets in Resources */ = {isa = PBXBuildFile; fileRef = AABF3CC4198636C0001C8DCA /* Images.xcassets */; };
		AABF3CCC198636C0001C8DCA /* XCTest.framework in Frameworks */ = {isa = PBXBuildFile; fileRef = AABF3CCB198636C0001C8DCA /* XCTest.framework */; };
		AABF3CCD198636C0001C8DCA /* Foundation.framework in Frameworks */ = {isa = PBXBuildFile; fileRef = AABF3CB2198636C0001C8DCA /* Foundation.framework */; };
		AABF3CCE198636C0001C8DCA /* UIKit.framework in Frameworks */ = {isa = PBXBuildFile; fileRef = AABF3CB6198636C0001C8DCA /* UIKit.framework */; };
		AABF3CD6198636C0001C8DCA /* InfoPlist.strings in Resources */ = {isa = PBXBuildFile; fileRef = AABF3CD4198636C0001C8DCA /* InfoPlist.strings */; };
		AABF3CD8198636C0001C8DCA /* ETImClientTests.m in Sources */ = {isa = PBXBuildFile; fileRef = AABF3CD7198636C0001C8DCA /* ETImClientTests.m */; };
/* End PBXBuildFile section */

/* Begin PBXContainerItemProxy section */
		AABF3CCF198636C0001C8DCA /* PBXContainerItemProxy */ = {
			isa = PBXContainerItemProxy;
			containerPortal = AABF3CA7198636C0001C8DCA /* Project object */;
			proxyType = 1;
			remoteGlobalIDString = AABF3CAE198636C0001C8DCA;
			remoteInfo = ETImClient;
		};
/* End PBXContainerItemProxy section */

/* Begin PBXFileReference section */
		AA1100E3198B3C01008811E4 /* tab_buddy_nor@2x.png */ = {isa = PBXFileReference; lastKnownFileType = image.png; path = "tab_buddy_nor@2x.png"; sourceTree = "<group>"; };
		AA1100E4198B3C01008811E4 /* tab_buddy_press@2x.png */ = {isa = PBXFileReference; lastKnownFileType = image.png; path = "tab_buddy_press@2x.png"; sourceTree = "<group>"; };
		AA1100E5198B3C01008811E4 /* tab_me_nor@2x.png */ = {isa = PBXFileReference; lastKnownFileType = image.png; path = "tab_me_nor@2x.png"; sourceTree = "<group>"; };
		AA1100E6198B3C01008811E4 /* tab_me_press@2x.png */ = {isa = PBXFileReference; lastKnownFileType = image.png; path = "tab_me_press@2x.png"; sourceTree = "<group>"; };
		AA1100E7198B3C01008811E4 /* tab_qworld_nor@2x.png */ = {isa = PBXFileReference; lastKnownFileType = image.png; path = "tab_qworld_nor@2x.png"; sourceTree = "<group>"; };
		AA1100E8198B3C01008811E4 /* tab_qworld_press@2x.png */ = {isa = PBXFileReference; lastKnownFileType = image.png; path = "tab_qworld_press@2x.png"; sourceTree = "<group>"; };
		AA1100E9198B3C01008811E4 /* tab_recent_nor@2x.png */ = {isa = PBXFileReference; lastKnownFileType = image.png; path = "tab_recent_nor@2x.png"; sourceTree = "<group>"; };
		AA1100EA198B3C01008811E4 /* tab_recent_press@2x.png */ = {isa = PBXFileReference; lastKnownFileType = image.png; path = "tab_recent_press@2x.png"; sourceTree = "<group>"; };
		AA1100F8198B3F0A008811E4 /* MomentsViewController.h */ = {isa = PBXFileReference; fileEncoding = 4; lastKnownFileType = sourcecode.c.h; path = MomentsViewController.h; sourceTree = "<group>"; };
		AA1100F9198B3F0A008811E4 /* MomentsViewController.m */ = {isa = PBXFileReference; fileEncoding = 4; lastKnownFileType = sourcecode.c.objc; path = MomentsViewController.m; sourceTree = "<group>"; };
		AA1100FC198B61D2008811E4 /* TWMessageBarManager.h */ = {isa = PBXFileReference; fileEncoding = 4; lastKnownFileType = sourcecode.c.h; path = TWMessageBarManager.h; sourceTree = "<group>"; };
		AA1100FD198B61D2008811E4 /* TWMessageBarManager.m */ = {isa = PBXFileReference; fileEncoding = 4; lastKnownFileType = sourcecode.c.objc; path = TWMessageBarManager.m; sourceTree = "<group>"; };
		AA1100FF198B61DD008811E4 /* icon-error.png */ = {isa = PBXFileReference; lastKnownFileType = image.png; path = "icon-error.png"; sourceTree = "<group>"; };
		AA110100198B61DD008811E4 /* icon-error@2x.png */ = {isa = PBXFileReference; lastKnownFileType = image.png; path = "icon-error@2x.png"; sourceTree = "<group>"; };
		AA110101198B61DD008811E4 /* icon-info.png */ = {isa = PBXFileReference; lastKnownFileType = image.png; path = "icon-info.png"; sourceTree = "<group>"; };
		AA110102198B61DD008811E4 /* icon-info@2x.png */ = {isa = PBXFileReference; lastKnownFileType = image.png; path = "icon-info@2x.png"; sourceTree = "<group>"; };
		AA110103198B61DD008811E4 /* icon-success.png */ = {isa = PBXFileReference; lastKnownFileType = image.png; path = "icon-success.png"; sourceTree = "<group>"; };
		AA110104198B61DD008811E4 /* icon-success@2x.png */ = {isa = PBXFileReference; lastKnownFileType = image.png; path = "icon-success@2x.png"; sourceTree = "<group>"; };
		AA59F032198A15F0009FD449 /* Constants.h */ = {isa = PBXFileReference; fileEncoding = 4; lastKnownFileType = sourcecode.c.h; path = Constants.h; sourceTree = "<group>"; };
		AA59F033198A15F0009FD449 /* Constants.m */ = {isa = PBXFileReference; fileEncoding = 4; lastKnownFileType = sourcecode.c.objc; path = Constants.m; sourceTree = "<group>"; };
		AA59F036198A1684009FD449 /* Macro.h */ = {isa = PBXFileReference; lastKnownFileType = sourcecode.c.h; path = Macro.h; sourceTree = "<group>"; };
		AA59F037198A197B009FD449 /* UIColor+Additions.h */ = {isa = PBXFileReference; fileEncoding = 4; lastKnownFileType = sourcecode.c.h; path = "UIColor+Additions.h"; sourceTree = "<group>"; };
		AA59F038198A197B009FD449 /* UIColor+Additions.m */ = {isa = PBXFileReference; fileEncoding = 4; lastKnownFileType = sourcecode.c.objc; path = "UIColor+Additions.m"; sourceTree = "<group>"; };
		AA59F039198A197B009FD449 /* UIImage+Additions.h */ = {isa = PBXFileReference; fileEncoding = 4; lastKnownFileType = sourcecode.c.h; path = "UIImage+Additions.h"; sourceTree = "<group>"; };
		AA59F03A198A197B009FD449 /* UIImage+Additions.m */ = {isa = PBXFileReference; fileEncoding = 4; lastKnownFileType = sourcecode.c.objc; path = "UIImage+Additions.m"; sourceTree = "<group>"; };
		AA59F03E198A1A59009FD449 /* BackViewController.h */ = {isa = PBXFileReference; fileEncoding = 4; lastKnownFileType = sourcecode.c.h; path = BackViewController.h; sourceTree = "<group>"; };
		AA59F03F198A1A59009FD449 /* BackViewController.m */ = {isa = PBXFileReference; fileEncoding = 4; lastKnownFileType = sourcecode.c.objc; path = BackViewController.m; sourceTree = "<group>"; };
		AA59F040198A1A59009FD449 /* BaseNavigationController.h */ = {isa = PBXFileReference; fileEncoding = 4; lastKnownFileType = sourcecode.c.h; path = BaseNavigationController.h; sourceTree = "<group>"; };
		AA59F041198A1A59009FD449 /* BaseNavigationController.m */ = {isa = PBXFileReference; fileEncoding = 4; lastKnownFileType = sourcecode.c.objc; path = BaseNavigationController.m; sourceTree = "<group>"; };
		AA59F042198A1A59009FD449 /* BaseTabBarViewController.h */ = {isa = PBXFileReference; fileEncoding = 4; lastKnownFileType = sourcecode.c.h; path = BaseTabBarViewController.h; sourceTree = "<group>"; };
		AA59F043198A1A59009FD449 /* BaseTabBarViewController.m */ = {isa = PBXFileReference; fileEncoding = 4; lastKnownFileType = sourcecode.c.objc; path = BaseTabBarViewController.m; sourceTree = "<group>"; };
		AA59F044198A1A59009FD449 /* BaseViewController.h */ = {isa = PBXFileReference; fileEncoding = 4; lastKnownFileType = sourcecode.c.h; path = BaseViewController.h; sourceTree = "<group>"; };
		AA59F045198A1A59009FD449 /* BaseViewController.m */ = {isa = PBXFileReference; fileEncoding = 4; lastKnownFileType = sourcecode.c.objc; path = BaseViewController.m; sourceTree = "<group>"; };
		AA59F096198A2250009FD449 /* login_bg_ip5@2x.jpg */ = {isa = PBXFileReference; lastKnownFileType = image.jpeg; path = "login_bg_ip5@2x.jpg"; sourceTree = "<group>"; };
		AA59F097198A2250009FD449 /* login_bg@2x.jpg */ = {isa = PBXFileReference; lastKnownFileType = image.jpeg; path = "login_bg@2x.jpg"; sourceTree = "<group>"; };
		AA59F09A198A25C6009FD449 /* LoginViewController.h */ = {isa = PBXFileReference; fileEncoding = 4; lastKnownFileType = sourcecode.c.h; path = LoginViewController.h; sourceTree = "<group>"; };
		AA59F09B198A25C6009FD449 /* LoginViewController.m */ = {isa = PBXFileReference; fileEncoding = 4; lastKnownFileType = sourcecode.c.objc; path = LoginViewController.m; sourceTree = "<group>"; };
		AA59F09D198A25EA009FD449 /* RegViewController.h */ = {isa = PBXFileReference; fileEncoding = 4; lastKnownFileType = sourcecode.c.h; path = RegViewController.h; sourceTree = "<group>"; };
		AA59F09E198A25EA009FD449 /* RegViewController.m */ = {isa = PBXFileReference; fileEncoding = 4; lastKnownFileType = sourcecode.c.objc; path = RegViewController.m; sourceTree = "<group>"; };
		AA59F0A0198A28CF009FD449 /* login_avatar@2x.png */ = {isa = PBXFileReference; lastKnownFileType = image.png; path = "login_avatar@2x.png"; sourceTree = "<group>"; };
		AA59F0A2198A2C5D009FD449 /* login_avatar_default@2x.png */ = {isa = PBXFileReference; lastKnownFileType = image.png; path = "login_avatar_default@2x.png"; sourceTree = "<group>"; };
		AA59F0A4198A3187009FD449 /* login_textfield@2x.png */ = {isa = PBXFileReference; lastKnownFileType = image.png; path = "login_textfield@2x.png"; sourceTree = "<group>"; };
		AA59F0A6198A3667009FD449 /* login_btn_blue_nor@2x.png */ = {isa = PBXFileReference; lastKnownFileType = image.png; path = "login_btn_blue_nor@2x.png"; sourceTree = "<group>"; };
		AA59F0A7198A3667009FD449 /* login_btn_blue_press@2x.png */ = {isa = PBXFileReference; lastKnownFileType = image.png; path = "login_btn_blue_press@2x.png"; sourceTree = "<group>"; };
		AA59F0AB198A3732009FD449 /* LeeScrollView.h */ = {isa = PBXFileReference; fileEncoding = 4; lastKnownFileType = sourcecode.c.h; path = LeeScrollView.h; sourceTree = "<group>"; };
		AA59F0AC198A3732009FD449 /* LeeScrollView.m */ = {isa = PBXFileReference; fileEncoding = 4; lastKnownFileType = sourcecode.c.objc; path = LeeScrollView.m; sourceTree = "<group>"; };
		AA59F0AE198A4117009FD449 /* BuddyViewController.h */ = {isa = PBXFileReference; fileEncoding = 4; lastKnownFileType = sourcecode.c.h; path = BuddyViewController.h; sourceTree = "<group>"; };
		AA59F0AF198A4117009FD449 /* BuddyViewController.m */ = {isa = PBXFileReference; fileEncoding = 4; lastKnownFileType = sourcecode.c.objc; path = BuddyViewController.m; sourceTree = "<group>"; };
		AA59F0B1198A4121009FD449 /* OnlineViewController.h */ = {isa = PBXFileReference; fileEncoding = 4; lastKnownFileType = sourcecode.c.h; path = OnlineViewController.h; sourceTree = "<group>"; };
		AA59F0B2198A4121009FD449 /* OnlineViewController.m */ = {isa = PBXFileReference; fileEncoding = 4; lastKnownFileType = sourcecode.c.objc; path = OnlineViewController.m; sourceTree = "<group>"; };
		AA59F0B4198A4142009FD449 /* AccountViewController.h */ = {isa = PBXFileReference; fileEncoding = 4; lastKnownFileType = sourcecode.c.h; path = AccountViewController.h; sourceTree = "<group>"; };
		AA59F0B5198A4142009FD449 /* AccountViewController.m */ = {isa = PBXFileReference; fileEncoding = 4; lastKnownFileType = sourcecode.c.objc; path = AccountViewController.m; sourceTree = "<group>"; };
		AABF3CAF198636C0001C8DCA /* ETImClient.app */ = {isa = PBXFileReference; explicitFileType = wrapper.application; includeInIndex = 0; path = ETImClient.app; sourceTree = BUILT_PRODUCTS_DIR; };
		AABF3CB2198636C0001C8DCA /* Foundation.framework */ = {isa = PBXFileReference; lastKnownFileType = wrapper.framework; name = Foundation.framework; path = System/Library/Frameworks/Foundation.framework; sourceTree = SDKROOT; };
		AABF3CB4198636C0001C8DCA /* CoreGraphics.framework */ = {isa = PBXFileReference; lastKnownFileType = wrapper.framework; name = CoreGraphics.framework; path = System/Library/Frameworks/CoreGraphics.framework; sourceTree = SDKROOT; };
		AABF3CB6198636C0001C8DCA /* UIKit.framework */ = {isa = PBXFileReference; lastKnownFileType = wrapper.framework; name = UIKit.framework; path = System/Library/Frameworks/UIKit.framework; sourceTree = SDKROOT; };
		AABF3CBA198636C0001C8DCA /* ETImClient-Info.plist */ = {isa = PBXFileReference; lastKnownFileType = text.plist.xml; path = "ETImClient-Info.plist"; sourceTree = "<group>"; };
		AABF3CBC198636C0001C8DCA /* en */ = {isa = PBXFileReference; lastKnownFileType = text.plist.strings; name = en; path = en.lproj/InfoPlist.strings; sourceTree = "<group>"; };
		AABF3CBE198636C0001C8DCA /* main.m */ = {isa = PBXFileReference; lastKnownFileType = sourcecode.c.objc; path = main.m; sourceTree = "<group>"; };
		AABF3CC0198636C0001C8DCA /* ETImClient-Prefix.pch */ = {isa = PBXFileReference; lastKnownFileType = sourcecode.c.h; path = "ETImClient-Prefix.pch"; sourceTree = "<group>"; };
		AABF3CC1198636C0001C8DCA /* AppDelegate.h */ = {isa = PBXFileReference; lastKnownFileType = sourcecode.c.h; path = AppDelegate.h; sourceTree = "<group>"; };
		AABF3CC2198636C0001C8DCA /* AppDelegate.mm */ = {isa = PBXFileReference; lastKnownFileType = sourcecode.cpp.objcpp; path = AppDelegate.mm; sourceTree = "<group>"; };
		AABF3CC4198636C0001C8DCA /* Images.xcassets */ = {isa = PBXFileReference; lastKnownFileType = folder.assetcatalog; path = Images.xcassets; sourceTree = "<group>"; };
		AABF3CCA198636C0001C8DCA /* ETImClientTests.xctest */ = {isa = PBXFileReference; explicitFileType = wrapper.cfbundle; includeInIndex = 0; path = ETImClientTests.xctest; sourceTree = BUILT_PRODUCTS_DIR; };
		AABF3CCB198636C0001C8DCA /* XCTest.framework */ = {isa = PBXFileReference; lastKnownFileType = wrapper.framework; name = XCTest.framework; path = Library/Frameworks/XCTest.framework; sourceTree = DEVELOPER_DIR; };
		AABF3CD3198636C0001C8DCA /* ETImClientTests-Info.plist */ = {isa = PBXFileReference; lastKnownFileType = text.plist.xml; path = "ETImClientTests-Info.plist"; sourceTree = "<group>"; };
		AABF3CD5198636C0001C8DCA /* en */ = {isa = PBXFileReference; lastKnownFileType = text.plist.strings; name = en; path = en.lproj/InfoPlist.strings; sourceTree = "<group>"; };
		AABF3CD7198636C0001C8DCA /* ETImClientTests.m */ = {isa = PBXFileReference; lastKnownFileType = sourcecode.c.objc; path = ETImClientTests.m; sourceTree = "<group>"; };
/* End PBXFileReference section */

/* Begin PBXFrameworksBuildPhase section */
		AABF3CAC198636C0001C8DCA /* Frameworks */ = {
			isa = PBXFrameworksBuildPhase;
			buildActionMask = 2147483647;
			files = (
				AABF3CB5198636C0001C8DCA /* CoreGraphics.framework in Frameworks */,
				AABF3CB7198636C0001C8DCA /* UIKit.framework in Frameworks */,
				AABF3CB3198636C0001C8DCA /* Foundation.framework in Frameworks */,
			);
			runOnlyForDeploymentPostprocessing = 0;
		};
		AABF3CC7198636C0001C8DCA /* Frameworks */ = {
			isa = PBXFrameworksBuildPhase;
			buildActionMask = 2147483647;
			files = (
				AABF3CCC198636C0001C8DCA /* XCTest.framework in Frameworks */,
				AABF3CCE198636C0001C8DCA /* UIKit.framework in Frameworks */,
				AABF3CCD198636C0001C8DCA /* Foundation.framework in Frameworks */,
			);
			runOnlyForDeploymentPostprocessing = 0;
		};
/* End PBXFrameworksBuildPhase section */

/* Begin PBXGroup section */
		AA1100E2198B3BFA008811E4 /* Common */ = {
			isa = PBXGroup;
			children = (
				AA1100E3198B3C01008811E4 /* tab_buddy_nor@2x.png */,
				AA1100E4198B3C01008811E4 /* tab_buddy_press@2x.png */,
				AA1100E5198B3C01008811E4 /* tab_me_nor@2x.png */,
				AA1100E6198B3C01008811E4 /* tab_me_press@2x.png */,
				AA1100E7198B3C01008811E4 /* tab_qworld_nor@2x.png */,
				AA1100E8198B3C01008811E4 /* tab_qworld_press@2x.png */,
				AA1100E9198B3C01008811E4 /* tab_recent_nor@2x.png */,
				AA1100EA198B3C01008811E4 /* tab_recent_press@2x.png */,
			);
			path = Common;
			sourceTree = "<group>";
		};
		AA1100F7198B3F0A008811E4 /* Moments */ = {
			isa = PBXGroup;
			children = (
				AA1100F8198B3F0A008811E4 /* MomentsViewController.h */,
				AA1100F9198B3F0A008811E4 /* MomentsViewController.m */,
			);
			path = Moments;
			sourceTree = "<group>";
		};
		AA1100FB198B61B6008811E4 /* TWMessage */ = {
			isa = PBXGroup;
			children = (
				AA1100FF198B61DD008811E4 /* icon-error.png */,
				AA110100198B61DD008811E4 /* icon-error@2x.png */,
				AA110101198B61DD008811E4 /* icon-info.png */,
				AA110102198B61DD008811E4 /* icon-info@2x.png */,
				AA110103198B61DD008811E4 /* icon-success.png */,
				AA110104198B61DD008811E4 /* icon-success@2x.png */,
				AA1100FC198B61D2008811E4 /* TWMessageBarManager.h */,
				AA1100FD198B61D2008811E4 /* TWMessageBarManager.m */,
			);
			path = TWMessage;
			sourceTree = "<group>";
		};
		AA59F02A198A1368009FD449 /* Resource */ = {
			isa = PBXGroup;
			children = (
				AA59F094198A20AE009FD449 /* Image */,
			);
			path = Resource;
			sourceTree = "<group>";
		};
		AA59F02B198A137A009FD449 /* Controller */ = {
			isa = PBXGroup;
			children = (
				AA1100F7198B3F0A008811E4 /* Moments */,
				AA59F093198A208D009FD449 /* Account */,
				AA59F092198A2083009FD449 /* Online */,
				AA59F091198A2074009FD449 /* Buddy */,
				AA59F090198A1DF4009FD449 /* Login */,
				AA59F03D198A1A59009FD449 /* Common */,
			);
			path = Controller;
			sourceTree = "<group>";
		};
		AA59F02C198A1382009FD449 /* View */ = {
			isa = PBXGroup;
			children = (
				AA59F0AA198A372B009FD449 /* Common */,
			);
			path = View;
			sourceTree = "<group>";
		};
		AA59F02D198A138B009FD449 /* Model */ = {
			isa = PBXGroup;
			children = (
			);
			path = Model;
			sourceTree = "<group>";
		};
		AA59F02E198A1565009FD449 /* Util */ = {
			isa = PBXGroup;
			children = (
			);
			path = Util;
			sourceTree = "<group>";
		};
		AA59F02F198A156F009FD449 /* Vendor */ = {
			isa = PBXGroup;
			children = (
				AA1100FB198B61B6008811E4 /* TWMessage */,
			);
			path = Vendor;
			sourceTree = "<group>";
		};
		AA59F030198A1580009FD449 /* Category */ = {
			isa = PBXGroup;
			children = (
			);
			path = Category;
			sourceTree = "<group>";
		};
		AA59F031198A1590009FD449 /* Helper */ = {
			isa = PBXGroup;
			children = (
				AA59F037198A197B009FD449 /* UIColor+Additions.h */,
				AA59F038198A197B009FD449 /* UIColor+Additions.m */,
				AA59F039198A197B009FD449 /* UIImage+Additions.h */,
				AA59F03A198A197B009FD449 /* UIImage+Additions.m */,
				AA59F032198A15F0009FD449 /* Constants.h */,
				AA59F033198A15F0009FD449 /* Constants.m */,
				AA59F036198A1684009FD449 /* Macro.h */,
			);
			path = Helper;
			sourceTree = "<group>";
		};
		AA59F03D198A1A59009FD449 /* Common */ = {
			isa = PBXGroup;
			children = (
				AA59F03E198A1A59009FD449 /* BackViewController.h */,
				AA59F03F198A1A59009FD449 /* BackViewController.m */,
				AA59F040198A1A59009FD449 /* BaseNavigationController.h */,
				AA59F041198A1A59009FD449 /* BaseNavigationController.m */,
				AA59F042198A1A59009FD449 /* BaseTabBarViewController.h */,
				AA59F043198A1A59009FD449 /* BaseTabBarViewController.m */,
				AA59F044198A1A59009FD449 /* BaseViewController.h */,
				AA59F045198A1A59009FD449 /* BaseViewController.m */,
			);
			path = Common;
			sourceTree = "<group>";
		};
		AA59F090198A1DF4009FD449 /* Login */ = {
			isa = PBXGroup;
			children = (
				AA59F09A198A25C6009FD449 /* LoginViewController.h */,
				AA59F09B198A25C6009FD449 /* LoginViewController.m */,
				AA59F09D198A25EA009FD449 /* RegViewController.h */,
				AA59F09E198A25EA009FD449 /* RegViewController.m */,
			);
			path = Login;
			sourceTree = "<group>";
		};
		AA59F091198A2074009FD449 /* Buddy */ = {
			isa = PBXGroup;
			children = (
				AA59F0AE198A4117009FD449 /* BuddyViewController.h */,
				AA59F0AF198A4117009FD449 /* BuddyViewController.m */,
			);
			path = Buddy;
			sourceTree = "<group>";
		};
		AA59F092198A2083009FD449 /* Online */ = {
			isa = PBXGroup;
			children = (
				AA59F0B1198A4121009FD449 /* OnlineViewController.h */,
				AA59F0B2198A4121009FD449 /* OnlineViewController.m */,
			);
			path = Online;
			sourceTree = "<group>";
		};
		AA59F093198A208D009FD449 /* Account */ = {
			isa = PBXGroup;
			children = (
				AA59F0B4198A4142009FD449 /* AccountViewController.h */,
				AA59F0B5198A4142009FD449 /* AccountViewController.m */,
			);
			path = Account;
			sourceTree = "<group>";
		};
		AA59F094198A20AE009FD449 /* Image */ = {
			isa = PBXGroup;
			children = (
				AA1100E2198B3BFA008811E4 /* Common */,
				AA59F095198A211C009FD449 /* Login */,
			);
			path = Image;
			sourceTree = "<group>";
		};
		AA59F095198A211C009FD449 /* Login */ = {
			isa = PBXGroup;
			children = (
				AA59F0A6198A3667009FD449 /* login_btn_blue_nor@2x.png */,
				AA59F0A7198A3667009FD449 /* login_btn_blue_press@2x.png */,
				AA59F0A4198A3187009FD449 /* login_textfield@2x.png */,
				AA59F0A2198A2C5D009FD449 /* login_avatar_default@2x.png */,
				AA59F0A0198A28CF009FD449 /* login_avatar@2x.png */,
				AA59F096198A2250009FD449 /* login_bg_ip5@2x.jpg */,
				AA59F097198A2250009FD449 /* login_bg@2x.jpg */,
			);
			path = Login;
			sourceTree = "<group>";
		};
		AA59F0AA198A372B009FD449 /* Common */ = {
			isa = PBXGroup;
			children = (
				AA59F0AB198A3732009FD449 /* LeeScrollView.h */,
				AA59F0AC198A3732009FD449 /* LeeScrollView.m */,
			);
			path = Common;
			sourceTree = "<group>";
		};
		AABF3CA6198636C0001C8DCA = {
			isa = PBXGroup;
			children = (
				AABF3CB8198636C0001C8DCA /* ETImClient */,
				AABF3CD1198636C0001C8DCA /* ETImClientTests */,
				AABF3CB1198636C0001C8DCA /* Frameworks */,
				AABF3CB0198636C0001C8DCA /* Products */,
			);
			sourceTree = "<group>";
		};
		AABF3CB0198636C0001C8DCA /* Products */ = {
			isa = PBXGroup;
			children = (
				AABF3CAF198636C0001C8DCA /* ETImClient.app */,
				AABF3CCA198636C0001C8DCA /* ETImClientTests.xctest */,
			);
			name = Products;
			sourceTree = "<group>";
		};
		AABF3CB1198636C0001C8DCA /* Frameworks */ = {
			isa = PBXGroup;
			children = (
				AABF3CB2198636C0001C8DCA /* Foundation.framework */,
				AABF3CB4198636C0001C8DCA /* CoreGraphics.framework */,
				AABF3CB6198636C0001C8DCA /* UIKit.framework */,
				AABF3CCB198636C0001C8DCA /* XCTest.framework */,
			);
			name = Frameworks;
			sourceTree = "<group>";
		};
		AABF3CB8198636C0001C8DCA /* ETImClient */ = {
			isa = PBXGroup;
			children = (
				AA59F031198A1590009FD449 /* Helper */,
				AA59F030198A1580009FD449 /* Category */,
				AA59F02F198A156F009FD449 /* Vendor */,
				AA59F02E198A1565009FD449 /* Util */,
				AA59F02D198A138B009FD449 /* Model */,
				AA59F02C198A1382009FD449 /* View */,
				AA59F02B198A137A009FD449 /* Controller */,
				AA59F02A198A1368009FD449 /* Resource */,
				AABF3CC1198636C0001C8DCA /* AppDelegate.h */,
				AABF3CC2198636C0001C8DCA /* AppDelegate.mm */,
				AABF3CC4198636C0001C8DCA /* Images.xcassets */,
				AABF3CB9198636C0001C8DCA /* Supporting Files */,
			);
			path = ETImClient;
			sourceTree = "<group>";
		};
		AABF3CB9198636C0001C8DCA /* Supporting Files */ = {
			isa = PBXGroup;
			children = (
				AABF3CBA198636C0001C8DCA /* ETImClient-Info.plist */,
				AABF3CBB198636C0001C8DCA /* InfoPlist.strings */,
				AABF3CBE198636C0001C8DCA /* main.m */,
				AABF3CC0198636C0001C8DCA /* ETImClient-Prefix.pch */,
			);
			name = "Supporting Files";
			sourceTree = "<group>";
		};
		AABF3CD1198636C0001C8DCA /* ETImClientTests */ = {
			isa = PBXGroup;
			children = (
				AABF3CD7198636C0001C8DCA /* ETImClientTests.m */,
				AABF3CD2198636C0001C8DCA /* Supporting Files */,
			);
			path = ETImClientTests;
			sourceTree = "<group>";
		};
		AABF3CD2198636C0001C8DCA /* Supporting Files */ = {
			isa = PBXGroup;
			children = (
				AABF3CD3198636C0001C8DCA /* ETImClientTests-Info.plist */,
				AABF3CD4198636C0001C8DCA /* InfoPlist.strings */,
			);
			name = "Supporting Files";
			sourceTree = "<group>";
		};
/* End PBXGroup section */

/* Begin PBXNativeTarget section */
		AABF3CAE198636C0001C8DCA /* ETImClient */ = {
			isa = PBXNativeTarget;
			buildConfigurationList = AABF3CDB198636C0001C8DCA /* Build configuration list for PBXNativeTarget "ETImClient" */;
			buildPhases = (
				AABF3CAB198636C0001C8DCA /* Sources */,
				AABF3CAC198636C0001C8DCA /* Frameworks */,
				AABF3CAD198636C0001C8DCA /* Resources */,
			);
			buildRules = (
			);
			dependencies = (
			);
			name = ETImClient;
			productName = ETImClient;
			productReference = AABF3CAF198636C0001C8DCA /* ETImClient.app */;
			productType = "com.apple.product-type.application";
		};
		AABF3CC9198636C0001C8DCA /* ETImClientTests */ = {
			isa = PBXNativeTarget;
			buildConfigurationList = AABF3CDE198636C0001C8DCA /* Build configuration list for PBXNativeTarget "ETImClientTests" */;
			buildPhases = (
				AABF3CC6198636C0001C8DCA /* Sources */,
				AABF3CC7198636C0001C8DCA /* Frameworks */,
				AABF3CC8198636C0001C8DCA /* Resources */,
			);
			buildRules = (
			);
			dependencies = (
				AABF3CD0198636C0001C8DCA /* PBXTargetDependency */,
			);
			name = ETImClientTests;
			productName = ETImClientTests;
			productReference = AABF3CCA198636C0001C8DCA /* ETImClientTests.xctest */;
			productType = "com.apple.product-type.bundle.unit-test";
		};
/* End PBXNativeTarget section */

/* Begin PBXProject section */
		AABF3CA7198636C0001C8DCA /* Project object */ = {
			isa = PBXProject;
			attributes = {
				LastUpgradeCheck = 0510;
				ORGANIZATIONNAME = Pingan;
				TargetAttributes = {
					AABF3CC9198636C0001C8DCA = {
						TestTargetID = AABF3CAE198636C0001C8DCA;
					};
				};
			};
			buildConfigurationList = AABF3CAA198636C0001C8DCA /* Build configuration list for PBXProject "ETImClient" */;
			compatibilityVersion = "Xcode 3.2";
			developmentRegion = English;
			hasScannedForEncodings = 0;
			knownRegions = (
				en,
			);
			mainGroup = AABF3CA6198636C0001C8DCA;
			productRefGroup = AABF3CB0198636C0001C8DCA /* Products */;
			projectDirPath = "";
			projectRoot = "";
			targets = (
				AABF3CAE198636C0001C8DCA /* ETImClient */,
				AABF3CC9198636C0001C8DCA /* ETImClientTests */,
			);
		};
/* End PBXProject section */

/* Begin PBXResourcesBuildPhase section */
		AABF3CAD198636C0001C8DCA /* Resources */ = {
			isa = PBXResourcesBuildPhase;
			buildActionMask = 2147483647;
			files = (
				AA59F098198A2250009FD449 /* login_bg_ip5@2x.jpg in Resources */,
				AA59F099198A2250009FD449 /* login_bg@2x.jpg in Resources */,
				AA1100EC198B3C01008811E4 /* tab_buddy_press@2x.png in Resources */,
				AA110108198B61DD008811E4 /* icon-info@2x.png in Resources */,
				AA11010A198B61DD008811E4 /* icon-success@2x.png in Resources */,
				AA110109198B61DD008811E4 /* icon-success.png in Resources */,
				AA1100F2198B3C01008811E4 /* tab_recent_press@2x.png in Resources */,
				AA1100EE198B3C01008811E4 /* tab_me_press@2x.png in Resources */,
				AABF3CBD198636C0001C8DCA /* InfoPlist.strings in Resources */,
				AA110107198B61DD008811E4 /* icon-info.png in Resources */,
				AA110106198B61DD008811E4 /* icon-error@2x.png in Resources */,
				AA59F0A3198A2C5D009FD449 /* login_avatar_default@2x.png in Resources */,
				AA59F0A5198A3187009FD449 /* login_textfield@2x.png in Resources */,
				AA1100F1198B3C01008811E4 /* tab_recent_nor@2x.png in Resources */,
				AA110105198B61DD008811E4 /* icon-error.png in Resources */,
				AABF3CC5198636C0001C8DCA /* Images.xcassets in Resources */,
				AA59F0A1198A28CF009FD449 /* login_avatar@2x.png in Resources */,
				AA1100ED198B3C01008811E4 /* tab_me_nor@2x.png in Resources */,
				AA1100EB198B3C01008811E4 /* tab_buddy_nor@2x.png in Resources */,
				AA59F0A8198A3667009FD449 /* login_btn_blue_nor@2x.png in Resources */,
				AA59F0A9198A3667009FD449 /* login_btn_blue_press@2x.png in Resources */,
				AA1100EF198B3C01008811E4 /* tab_qworld_nor@2x.png in Resources */,
				AA1100F0198B3C01008811E4 /* tab_qworld_press@2x.png in Resources */,
			);
			runOnlyForDeploymentPostprocessing = 0;
		};
		AABF3CC8198636C0001C8DCA /* Resources */ = {
			isa = PBXResourcesBuildPhase;
			buildActionMask = 2147483647;
			files = (
				AABF3CD6198636C0001C8DCA /* InfoPlist.strings in Resources */,
			);
			runOnlyForDeploymentPostprocessing = 0;
		};
/* End PBXResourcesBuildPhase section */

/* Begin PBXSourcesBuildPhase section */
		AABF3CAB198636C0001C8DCA /* Sources */ = {
			isa = PBXSourcesBuildPhase;
			buildActionMask = 2147483647;
			files = (
				AABF3CC3198636C0001C8DCA /* AppDelegate.mm in Sources */,
				AA59F074198A1A59009FD449 /* BaseViewController.m in Sources */,
				AA59F0AD198A3732009FD449 /* LeeScrollView.m in Sources */,
				AA59F0B0198A4117009FD449 /* BuddyViewController.m in Sources */,
				AA1100FA198B3F0A008811E4 /* MomentsViewController.m in Sources */,
				AA59F0B6198A4142009FD449 /* AccountViewController.m in Sources */,
				AA1100FE198B61D2008811E4 /* TWMessageBarManager.m in Sources */,
				AA59F072198A1A59009FD449 /* BaseNavigationController.m in Sources */,
				AA59F0B3198A4121009FD449 /* OnlineViewController.m in Sources */,
				AA59F03B198A197B009FD449 /* UIColor+Additions.m in Sources */,
				AA59F09C198A25C6009FD449 /* LoginViewController.m in Sources */,
				AA59F073198A1A59009FD449 /* BaseTabBarViewController.m in Sources */,
				AABF3CBF198636C0001C8DCA /* main.m in Sources */,
				AA59F071198A1A59009FD449 /* BackViewController.m in Sources */,
				AA59F03C198A197B009FD449 /* UIImage+Additions.m in Sources */,
				AA59F09F198A25EA009FD449 /* RegViewController.m in Sources */,
				AA59F034198A15F0009FD449 /* Constants.m in Sources */,
			);
			runOnlyForDeploymentPostprocessing = 0;
		};
		AABF3CC6198636C0001C8DCA /* Sources */ = {
			isa = PBXSourcesBuildPhase;
			buildActionMask = 2147483647;
			files = (
				AABF3CD8198636C0001C8DCA /* ETImClientTests.m in Sources */,
			);
			runOnlyForDeploymentPostprocessing = 0;
		};
/* End PBXSourcesBuildPhase section */

/* Begin PBXTargetDependency section */
		AABF3CD0198636C0001C8DCA /* PBXTargetDependency */ = {
			isa = PBXTargetDependency;
			target = AABF3CAE198636C0001C8DCA /* ETImClient */;
			targetProxy = AABF3CCF198636C0001C8DCA /* PBXContainerItemProxy */;
		};
/* End PBXTargetDependency section */

/* Begin PBXVariantGroup section */
		AABF3CBB198636C0001C8DCA /* InfoPlist.strings */ = {
			isa = PBXVariantGroup;
			children = (
				AABF3CBC198636C0001C8DCA /* en */,
			);
			name = InfoPlist.strings;
			sourceTree = "<group>";
		};
		AABF3CD4198636C0001C8DCA /* InfoPlist.strings */ = {
			isa = PBXVariantGroup;
			children = (
				AABF3CD5198636C0001C8DCA /* en */,
			);
			name = InfoPlist.strings;
			sourceTree = "<group>";
		};
/* End PBXVariantGroup section */

/* Begin XCBuildConfiguration section */
		AABF3CD9198636C0001C8DCA /* Debug */ = {
			isa = XCBuildConfiguration;
			buildSettings = {
				ALWAYS_SEARCH_USER_PATHS = NO;
				CLANG_CXX_LANGUAGE_STANDARD = "gnu++0x";
				CLANG_CXX_LIBRARY = "libc++";
				CLANG_ENABLE_MODULES = YES;
				CLANG_ENABLE_OBJC_ARC = YES;
				CLANG_WARN_BOOL_CONVERSION = YES;
				CLANG_WARN_CONSTANT_CONVERSION = YES;
				CLANG_WARN_DIRECT_OBJC_ISA_USAGE = YES_ERROR;
				CLANG_WARN_EMPTY_BODY = YES;
				CLANG_WARN_ENUM_CONVERSION = YES;
				CLANG_WARN_INT_CONVERSION = YES;
				CLANG_WARN_OBJC_ROOT_CLASS = YES_ERROR;
				CLANG_WARN__DUPLICATE_METHOD_MATCH = YES;
				"CODE_SIGN_IDENTITY[sdk=iphoneos*]" = "iPhone Developer";
				COPY_PHASE_STRIP = NO;
				GCC_C_LANGUAGE_STANDARD = gnu99;
				GCC_DYNAMIC_NO_PIC = NO;
				GCC_OPTIMIZATION_LEVEL = 0;
				GCC_PREPROCESSOR_DEFINITIONS = (
					"DEBUG=1",
					"$(inherited)",
				);
				GCC_SYMBOLS_PRIVATE_EXTERN = NO;
				GCC_WARN_64_TO_32_BIT_CONVERSION = YES;
				GCC_WARN_ABOUT_RETURN_TYPE = YES_ERROR;
				GCC_WARN_UNDECLARED_SELECTOR = YES;
				GCC_WARN_UNINITIALIZED_AUTOS = YES_AGGRESSIVE;
				GCC_WARN_UNUSED_FUNCTION = YES;
				GCC_WARN_UNUSED_VARIABLE = YES;
				IPHONEOS_DEPLOYMENT_TARGET = 7.1;
				ONLY_ACTIVE_ARCH = YES;
				SDKROOT = iphoneos;
			};
			name = Debug;
		};
		AABF3CDA198636C0001C8DCA /* Release */ = {
			isa = XCBuildConfiguration;
			buildSettings = {
				ALWAYS_SEARCH_USER_PATHS = NO;
				CLANG_CXX_LANGUAGE_STANDARD = "gnu++0x";
				CLANG_CXX_LIBRARY = "libc++";
				CLANG_ENABLE_MODULES = YES;
				CLANG_ENABLE_OBJC_ARC = YES;
				CLANG_WARN_BOOL_CONVERSION = YES;
				CLANG_WARN_CONSTANT_CONVERSION = YES;
				CLANG_WARN_DIRECT_OBJC_ISA_USAGE = YES_ERROR;
				CLANG_WARN_EMPTY_BODY = YES;
				CLANG_WARN_ENUM_CONVERSION = YES;
				CLANG_WARN_INT_CONVERSION = YES;
				CLANG_WARN_OBJC_ROOT_CLASS = YES_ERROR;
				CLANG_WARN__DUPLICATE_METHOD_MATCH = YES;
				"CODE_SIGN_IDENTITY[sdk=iphoneos*]" = "iPhone Developer";
				COPY_PHASE_STRIP = YES;
				ENABLE_NS_ASSERTIONS = NO;
				GCC_C_LANGUAGE_STANDARD = gnu99;
				GCC_WARN_64_TO_32_BIT_CONVERSION = YES;
				GCC_WARN_ABOUT_RETURN_TYPE = YES_ERROR;
				GCC_WARN_UNDECLARED_SELECTOR = YES;
				GCC_WARN_UNINITIALIZED_AUTOS = YES_AGGRESSIVE;
				GCC_WARN_UNUSED_FUNCTION = YES;
				GCC_WARN_UNUSED_VARIABLE = YES;
				IPHONEOS_DEPLOYMENT_TARGET = 7.1;
				SDKROOT = iphoneos;
				VALIDATE_PRODUCT = YES;
			};
			name = Release;
		};
		AABF3CDC198636C0001C8DCA /* Debug */ = {
			isa = XCBuildConfiguration;
			buildSettings = {
				ASSETCATALOG_COMPILER_APPICON_NAME = AppIcon;
				ASSETCATALOG_COMPILER_LAUNCHIMAGE_NAME = LaunchImage;
				GCC_PRECOMPILE_PREFIX_HEADER = YES;
				GCC_PREFIX_HEADER = "ETImClient/ETImClient-Prefix.pch";
				INFOPLIST_FILE = "ETImClient/ETImClient-Info.plist";
				IPHONEOS_DEPLOYMENT_TARGET = 7.0;
				PRODUCT_NAME = "$(TARGET_NAME)";
				WRAPPER_EXTENSION = app;
			};
			name = Debug;
		};
		AABF3CDD198636C0001C8DCA /* Release */ = {
			isa = XCBuildConfiguration;
			buildSettings = {
				ASSETCATALOG_COMPILER_APPICON_NAME = AppIcon;
				ASSETCATALOG_COMPILER_LAUNCHIMAGE_NAME = LaunchImage;
				GCC_PRECOMPILE_PREFIX_HEADER = YES;
				GCC_PREFIX_HEADER = "ETImClient/ETImClient-Prefix.pch";
				INFOPLIST_FILE = "ETImClient/ETImClient-Info.plist";
				IPHONEOS_DEPLOYMENT_TARGET = 7.0;
				PRODUCT_NAME = "$(TARGET_NAME)";
				WRAPPER_EXTENSION = app;
			};
			name = Release;
		};
		AABF3CDF198636C0001C8DCA /* Debug */ = {
			isa = XCBuildConfiguration;
			buildSettings = {
				BUNDLE_LOADER = "$(BUILT_PRODUCTS_DIR)/ETImClient.app/ETImClient";
				FRAMEWORK_SEARCH_PATHS = (
					"$(SDKROOT)/Developer/Library/Frameworks",
					"$(inherited)",
					"$(DEVELOPER_FRAMEWORKS_DIR)",
				);
				GCC_PRECOMPILE_PREFIX_HEADER = YES;
				GCC_PREFIX_HEADER = "ETImClient/ETImClient-Prefix.pch";
				GCC_PREPROCESSOR_DEFINITIONS = (
					"DEBUG=1",
					"$(inherited)",
				);
				INFOPLIST_FILE = "ETImClientTests/ETImClientTests-Info.plist";
				PRODUCT_NAME = "$(TARGET_NAME)";
				TEST_HOST = "$(BUNDLE_LOADER)";
				WRAPPER_EXTENSION = xctest;
			};
			name = Debug;
		};
		AABF3CE0198636C0001C8DCA /* Release */ = {
			isa = XCBuildConfiguration;
			buildSettings = {
				BUNDLE_LOADER = "$(BUILT_PRODUCTS_DIR)/ETImClient.app/ETImClient";
				FRAMEWORK_SEARCH_PATHS = (
					"$(SDKROOT)/Developer/Library/Frameworks",
					"$(inherited)",
					"$(DEVELOPER_FRAMEWORKS_DIR)",
				);
				GCC_PRECOMPILE_PREFIX_HEADER = YES;
				GCC_PREFIX_HEADER = "ETImClient/ETImClient-Prefix.pch";
				INFOPLIST_FILE = "ETImClientTests/ETImClientTests-Info.plist";
				PRODUCT_NAME = "$(TARGET_NAME)";
				TEST_HOST = "$(BUNDLE_LOADER)";
				WRAPPER_EXTENSION = xctest;
			};
			name = Release;
		};
/* End XCBuildConfiguration section */

/* Begin XCConfigurationList section */
		AABF3CAA198636C0001C8DCA /* Build configuration list for PBXProject "ETImClient" */ = {
			isa = XCConfigurationList;
			buildConfigurations = (
				AABF3CD9198636C0001C8DCA /* Debug */,
				AABF3CDA198636C0001C8DCA /* Release */,
			);
			defaultConfigurationIsVisible = 0;
			defaultConfigurationName = Release;
		};
		AABF3CDB198636C0001C8DCA /* Build configuration list for PBXNativeTarget "ETImClient" */ = {
			isa = XCConfigurationList;
			buildConfigurations = (
				AABF3CDC198636C0001C8DCA /* Debug */,
				AABF3CDD198636C0001C8DCA /* Release */,
			);
			defaultConfigurationIsVisible = 0;
			defaultConfigurationName = Release;
		};
		AABF3CDE198636C0001C8DCA /* Build configuration list for PBXNativeTarget "ETImClientTests" */ = {
			isa = XCConfigurationList;
			buildConfigurations = (
				AABF3CDF198636C0001C8DCA /* Debug */,
				AABF3CE0198636C0001C8DCA /* Release */,
			);
			defaultConfigurationIsVisible = 0;
			defaultConfigurationName = Release;
		};
/* End XCConfigurationList section */
	};
	rootObject = AABF3CA7198636C0001C8DCA /* Project object */;
}
