// !$*UTF8*$!
{
	archiveVersion = 1;
	classes = {
	};
	objectVersion = 46;
	objects = {

/* Begin PBXBuildFile section */
		AA1100EB198B3C01008811E4 /* tab_buddy_nor@2x.png in Resources */ = {isa = PBXBuildFile; fileRef = AA1100E3198B3C01008811E4 /* tab_buddy_nor@2x.png */; };
		AA1100EC198B3C01008811E4 /* tab_buddy_press@2x.png in Resources */ = {isa = PBXBuildFile; fileRef = AA1100E4198B3C01008811E4 /* tab_buddy_press@2x.png */; };
		AA1100ED198B3C01008811E4 /* tab_me_nor@2x.png in Resources */ = {isa = PBXBuildFile; fileRef = AA1100E5198B3C01008811E4 /* tab_me_nor@2x.png */; };
		AA1100EE198B3C01008811E4 /* tab_me_press@2x.png in Resources */ = {isa = PBXBuildFile; fileRef = AA1100E6198B3C01008811E4 /* tab_me_press@2x.png */; };
		AA1100EF198B3C01008811E4 /* tab_qworld_nor@2x.png in Resources */ = {isa = PBXBuildFile; fileRef = AA1100E7198B3C01008811E4 /* tab_qworld_nor@2x.png */; };
		AA1100F0198B3C01008811E4 /* tab_qworld_press@2x.png in Resources */ = {isa = PBXBuildFile; fileRef = AA1100E8198B3C01008811E4 /* tab_qworld_press@2x.png */; };
		AA1100F1198B3C01008811E4 /* tab_recent_nor@2x.png in Resources */ = {isa = PBXBuildFile; fileRef = AA1100E9198B3C01008811E4 /* tab_recent_nor@2x.png */; };
		AA1100F2198B3C01008811E4 /* tab_recent_press@2x.png in Resources */ = {isa = PBXBuildFile; fileRef = AA1100EA198B3C01008811E4 /* tab_recent_press@2x.png */; };
		AA1100FA198B3F0A008811E4 /* MomentsViewController.m in Sources */ = {isa = PBXBuildFile; fileRef = AA1100F9198B3F0A008811E4 /* MomentsViewController.m */; };
		AA1100FE198B61D2008811E4 /* TWMessageBarManager.m in Sources */ = {isa = PBXBuildFile; fileRef = AA1100FD198B61D2008811E4 /* TWMessageBarManager.m */; };
		AA110105198B61DD008811E4 /* icon-error.png in Resources */ = {isa = PBXBuildFile; fileRef = AA1100FF198B61DD008811E4 /* icon-error.png */; };
		AA110106198B61DD008811E4 /* icon-error@2x.png in Resources */ = {isa = PBXBuildFile; fileRef = AA110100198B61DD008811E4 /* icon-error@2x.png */; };
		AA110107198B61DD008811E4 /* icon-info.png in Resources */ = {isa = PBXBuildFile; fileRef = AA110101198B61DD008811E4 /* icon-info.png */; };
		AA110108198B61DD008811E4 /* icon-info@2x.png in Resources */ = {isa = PBXBuildFile; fileRef = AA110102198B61DD008811E4 /* icon-info@2x.png */; };
		AA110109198B61DD008811E4 /* icon-success.png in Resources */ = {isa = PBXBuildFile; fileRef = AA110103198B61DD008811E4 /* icon-success.png */; };
		AA11010A198B61DD008811E4 /* icon-success@2x.png in Resources */ = {isa = PBXBuildFile; fileRef = AA110104198B61DD008811E4 /* icon-success@2x.png */; };
		AA12CC0619C28080003BF55A /* SendOperation.mm in Sources */ = {isa = PBXBuildFile; fileRef = AA12CC0519C28080003BF55A /* SendOperation.mm */; };
		AA30A74C19B49FC8006925F5 /* line@2x.png in Resources */ = {isa = PBXBuildFile; fileRef = AA30A74B19B49FC8006925F5 /* line@2x.png */; };
		AA30A75119B5592E006925F5 /* BuddyTableViewCell.mm in Sources */ = {isa = PBXBuildFile; fileRef = AA30A75019B5592E006925F5 /* BuddyTableViewCell.mm */; };
		AA30A75519B55DFB006925F5 /* MsgViewController.mm in Sources */ = {isa = PBXBuildFile; fileRef = AA30A75419B55DFB006925F5 /* MsgViewController.mm */; };
		AA3374F319A8681A005BD678 /* common_btn_green_nor@2x.png in Resources */ = {isa = PBXBuildFile; fileRef = AA3374F119A8681A005BD678 /* common_btn_green_nor@2x.png */; };
		AA3374F419A8681A005BD678 /* common_btn_green_press@2x.png in Resources */ = {isa = PBXBuildFile; fileRef = AA3374F219A8681A005BD678 /* common_btn_green_press@2x.png */; };
		AA3374F719A86877005BD678 /* common_btn_red_nor@2x.png in Resources */ = {isa = PBXBuildFile; fileRef = AA3374F519A86877005BD678 /* common_btn_red_nor@2x.png */; };
		AA3374F819A86877005BD678 /* common_btn_red_press@2x.png in Resources */ = {isa = PBXBuildFile; fileRef = AA3374F619A86877005BD678 /* common_btn_red_press@2x.png */; };
		AA33752419A871A5005BD678 /* Icon-120.png in Resources */ = {isa = PBXBuildFile; fileRef = AA33751E19A871A5005BD678 /* Icon-120.png */; };
		AA33752619A871A5005BD678 /* Icon-Small.png in Resources */ = {isa = PBXBuildFile; fileRef = AA33752019A871A5005BD678 /* Icon-Small.png */; };
		AA33752719A871A5005BD678 /* Icon-Small@2x.png in Resources */ = {isa = PBXBuildFile; fileRef = AA33752119A871A5005BD678 /* Icon-Small@2x.png */; };
		AA33752819A871A5005BD678 /* Icon.png in Resources */ = {isa = PBXBuildFile; fileRef = AA33752219A871A5005BD678 /* Icon.png */; };
		AA33752919A871A5005BD678 /* Icon@2x.png in Resources */ = {isa = PBXBuildFile; fileRef = AA33752319A871A5005BD678 /* Icon@2x.png */; };
		AA33752B19A871CD005BD678 /* MetroUI-Folder-OS-OS-Linux-icon.png in Resources */ = {isa = PBXBuildFile; fileRef = AA33752A19A871CD005BD678 /* MetroUI-Folder-OS-OS-Linux-icon.png */; };
		AA33752F19A89E49005BD678 /* contact_add_btn_nor@2x.png in Resources */ = {isa = PBXBuildFile; fileRef = AA33752D19A89E49005BD678 /* contact_add_btn_nor@2x.png */; };
		AA33753019A89E49005BD678 /* contact_add_btn_press@2x.png in Resources */ = {isa = PBXBuildFile; fileRef = AA33752E19A89E49005BD678 /* contact_add_btn_press@2x.png */; };
		AA446E7719C18A340033C5A0 /* NSString+PJR.m in Sources */ = {isa = PBXBuildFile; fileRef = AA446E7619C18A340033C5A0 /* NSString+PJR.m */; };
		AA49BA4819B41A080058BFF3 /* BuddyModel.mm in Sources */ = {isa = PBXBuildFile; fileRef = AA49BA4619B41A080058BFF3 /* BuddyModel.mm */; };
		AA588B9B1990B4E500F08821 /* ActionManager.cpp in Sources */ = {isa = PBXBuildFile; fileRef = AA588B991990B4E500F08821 /* ActionManager.cpp */; };
		AA588BAD1990B4EC00F08821 /* Action.cpp in Sources */ = {isa = PBXBuildFile; fileRef = AA588B9D1990B4EC00F08821 /* Action.cpp */; };
		AA588BAE1990B4EC00F08821 /* AddBuddy.cpp in Sources */ = {isa = PBXBuildFile; fileRef = AA588B9F1990B4EC00F08821 /* AddBuddy.cpp */; };
		AA588BAF1990B4EC00F08821 /* HeartBeat.cpp in Sources */ = {isa = PBXBuildFile; fileRef = AA588BA11990B4EC00F08821 /* HeartBeat.cpp */; };
		AA588BB01990B4EC00F08821 /* Login.cpp in Sources */ = {isa = PBXBuildFile; fileRef = AA588BA31990B4EC00F08821 /* Login.cpp */; };
		AA588BB11990B4EC00F08821 /* Register.cpp in Sources */ = {isa = PBXBuildFile; fileRef = AA588BA51990B4EC00F08821 /* Register.cpp */; };
		AA588BB21990B4EC00F08821 /* RetrieveBuddy.cpp in Sources */ = {isa = PBXBuildFile; fileRef = AA588BA71990B4EC00F08821 /* RetrieveBuddy.cpp */; };
		AA588BB31990B4EC00F08821 /* SendMsg.cpp in Sources */ = {isa = PBXBuildFile; fileRef = AA588BA91990B4EC00F08821 /* SendMsg.cpp */; };
		AA588BB41990B4EC00F08821 /* SwitchStatus.cpp in Sources */ = {isa = PBXBuildFile; fileRef = AA588BAB1990B4EC00F08821 /* SwitchStatus.cpp */; };
		AA59F034198A15F0009FD449 /* Constants.m in Sources */ = {isa = PBXBuildFile; fileRef = AA59F033198A15F0009FD449 /* Constants.m */; };
		AA59F03B198A197B009FD449 /* UIColor+Additions.m in Sources */ = {isa = PBXBuildFile; fileRef = AA59F038198A197B009FD449 /* UIColor+Additions.m */; };
		AA59F03C198A197B009FD449 /* UIImage+Additions.m in Sources */ = {isa = PBXBuildFile; fileRef = AA59F03A198A197B009FD449 /* UIImage+Additions.m */; };
		AA59F071198A1A59009FD449 /* BackViewController.m in Sources */ = {isa = PBXBuildFile; fileRef = AA59F03F198A1A59009FD449 /* BackViewController.m */; };
		AA59F072198A1A59009FD449 /* BaseNavigationController.m in Sources */ = {isa = PBXBuildFile; fileRef = AA59F041198A1A59009FD449 /* BaseNavigationController.m */; };
		AA59F073198A1A59009FD449 /* BaseTabBarViewController.m in Sources */ = {isa = PBXBuildFile; fileRef = AA59F043198A1A59009FD449 /* BaseTabBarViewController.m */; };
		AA59F074198A1A59009FD449 /* BaseViewController.m in Sources */ = {isa = PBXBuildFile; fileRef = AA59F045198A1A59009FD449 /* BaseViewController.m */; };
		AA59F098198A2250009FD449 /* login_bg_ip5@2x.jpg in Resources */ = {isa = PBXBuildFile; fileRef = AA59F096198A2250009FD449 /* login_bg_ip5@2x.jpg */; };
		AA59F099198A2250009FD449 /* login_bg@2x.jpg in Resources */ = {isa = PBXBuildFile; fileRef = AA59F097198A2250009FD449 /* login_bg@2x.jpg */; };
		AA59F09C198A25C6009FD449 /* LoginViewController.mm in Sources */ = {isa = PBXBuildFile; fileRef = AA59F09B198A25C6009FD449 /* LoginViewController.mm */; };
		AA59F09F198A25EA009FD449 /* RegViewController.mm in Sources */ = {isa = PBXBuildFile; fileRef = AA59F09E198A25EA009FD449 /* RegViewController.mm */; };
		AA59F0A1198A28CF009FD449 /* login_avatar@2x.png in Resources */ = {isa = PBXBuildFile; fileRef = AA59F0A0198A28CF009FD449 /* login_avatar@2x.png */; };
		AA59F0A3198A2C5D009FD449 /* login_avatar_default@2x.png in Resources */ = {isa = PBXBuildFile; fileRef = AA59F0A2198A2C5D009FD449 /* login_avatar_default@2x.png */; };
		AA59F0A5198A3187009FD449 /* login_textfield@2x.png in Resources */ = {isa = PBXBuildFile; fileRef = AA59F0A4198A3187009FD449 /* login_textfield@2x.png */; };
		AA59F0A8198A3667009FD449 /* login_btn_blue_nor@2x.png in Resources */ = {isa = PBXBuildFile; fileRef = AA59F0A6198A3667009FD449 /* login_btn_blue_nor@2x.png */; };
		AA59F0A9198A3667009FD449 /* login_btn_blue_press@2x.png in Resources */ = {isa = PBXBuildFile; fileRef = AA59F0A7198A3667009FD449 /* login_btn_blue_press@2x.png */; };
		AA59F0AD198A3732009FD449 /* LeeScrollView.m in Sources */ = {isa = PBXBuildFile; fileRef = AA59F0AC198A3732009FD449 /* LeeScrollView.m */; };
		AA59F0B0198A4117009FD449 /* BuddyViewController.mm in Sources */ = {isa = PBXBuildFile; fileRef = AA59F0AF198A4117009FD449 /* BuddyViewController.mm */; };
		AA59F0B6198A4142009FD449 /* AccountViewController.mm in Sources */ = {isa = PBXBuildFile; fileRef = AA59F0B5198A4142009FD449 /* AccountViewController.mm */; };
		AA65387619AF6B67003B64B0 /* JSBadgeView.m in Sources */ = {isa = PBXBuildFile; fileRef = AA65387519AF6B67003B64B0 /* JSBadgeView.m */; };
		AA665F7319A8D86A00FCF5C6 /* AddBuddyViewController.mm in Sources */ = {isa = PBXBuildFile; fileRef = AA665F7219A8D86A00FCF5C6 /* AddBuddyViewController.mm */; };
		AA665F7719A8DF0F00FCF5C6 /* MetroUI-Folder-OS-OS-Linux-icon2.png in Resources */ = {isa = PBXBuildFile; fileRef = AA665F7619A8DF0F00FCF5C6 /* MetroUI-Folder-OS-OS-Linux-icon2.png */; };
		AA665F7919A8E4D800FCF5C6 /* header_icon_add@2x.png in Resources */ = {isa = PBXBuildFile; fileRef = AA665F7819A8E4D800FCF5C6 /* header_icon_add@2x.png */; };
		AA665F7C19A8E66300FCF5C6 /* TextFieldTableViewCell.m in Sources */ = {isa = PBXBuildFile; fileRef = AA665F7B19A8E66300FCF5C6 /* TextFieldTableViewCell.m */; };
		AA665F7F19A8E9B100FCF5C6 /* LeftMarginTextField.m in Sources */ = {isa = PBXBuildFile; fileRef = AA665F7E19A8E9B100FCF5C6 /* LeftMarginTextField.m */; };
		AA665F8219A961EF00FCF5C6 /* ProfileViewController.mm in Sources */ = {isa = PBXBuildFile; fileRef = AA665F8119A961EF00FCF5C6 /* ProfileViewController.mm */; };
		AA665F8519A971ED00FCF5C6 /* SignatureViewController.mm in Sources */ = {isa = PBXBuildFile; fileRef = AA665F8419A971ED00FCF5C6 /* SignatureViewController.mm */; };
		AA665F8C19AA138300FCF5C6 /* contact_to_chat_btn_nor@2x.png in Resources */ = {isa = PBXBuildFile; fileRef = AA665F8819AA138300FCF5C6 /* contact_to_chat_btn_nor@2x.png */; };
		AA665F8D19AA138300FCF5C6 /* contact_to_chat_btn_press@2x.png in Resources */ = {isa = PBXBuildFile; fileRef = AA665F8919AA138300FCF5C6 /* contact_to_chat_btn_press@2x.png */; };
		AA665F9019AA1D1A00FCF5C6 /* pdi_bottom_edit_btn_press@2x.png in Resources */ = {isa = PBXBuildFile; fileRef = AA665F8E19AA1D1A00FCF5C6 /* pdi_bottom_edit_btn_press@2x.png */; };
		AA665F9119AA1D1A00FCF5C6 /* pdi_bottom_edit_btn_nor@2x.png in Resources */ = {isa = PBXBuildFile; fileRef = AA665F8F19AA1D1A00FCF5C6 /* pdi_bottom_edit_btn_nor@2x.png */; };
		AA6D73C419B1673B006DBC6D /* NewBuddyViewController.mm in Sources */ = {isa = PBXBuildFile; fileRef = AA6D73C319B1673B006DBC6D /* NewBuddyViewController.mm */; };
		AA6D73C719B168C9006DBC6D /* BackTableViewController.m in Sources */ = {isa = PBXBuildFile; fileRef = AA6D73C619B168C9006DBC6D /* BackTableViewController.m */; };
		AA6D73C919B16B9C006DBC6D /* add_icon_friend@2x.png in Resources */ = {isa = PBXBuildFile; fileRef = AA6D73C819B16B9C006DBC6D /* add_icon_friend@2x.png */; };
		AA6D73D019B1E739006DBC6D /* BadgeButton.m in Sources */ = {isa = PBXBuildFile; fileRef = AA6D73CF19B1E739006DBC6D /* BadgeButton.m */; };
		AA6F5F9519C6821300076E6B /* ChatViewController.mm in Sources */ = {isa = PBXBuildFile; fileRef = AA6F5F9419C6821300076E6B /* ChatViewController.mm */; };
		AA6F5F9819C6825100076E6B /* MsgTableViewCell.mm in Sources */ = {isa = PBXBuildFile; fileRef = AA6F5F9719C6825100076E6B /* MsgTableViewCell.mm */; };
		AA6F5F9B19C682A700076E6B /* MsgModel.mm in Sources */ = {isa = PBXBuildFile; fileRef = AA6F5F9A19C682A700076E6B /* MsgModel.mm */; };
		AA6F5F9E19C6BC6700076E6B /* ChatTableViewCell.mm in Sources */ = {isa = PBXBuildFile; fileRef = AA6F5F9D19C6BC6700076E6B /* ChatTableViewCell.mm */; };
		AA6F5FAC19C6BF8600076E6B /* chat_bottom_bg@2x.png in Resources */ = {isa = PBXBuildFile; fileRef = AA6F5FA019C6BF8600076E6B /* chat_bottom_bg@2x.png */; };
		AA6F5FAD19C6BF8600076E6B /* chat_bottom_smile_nor@2x.png in Resources */ = {isa = PBXBuildFile; fileRef = AA6F5FA119C6BF8600076E6B /* chat_bottom_smile_nor@2x.png */; };
		AA6F5FAE19C6BF8600076E6B /* chat_bottom_smile_press@2x.png in Resources */ = {isa = PBXBuildFile; fileRef = AA6F5FA219C6BF8600076E6B /* chat_bottom_smile_press@2x.png */; };
		AA6F5FAF19C6BF8600076E6B /* chat_bottom_textfield@2x.png in Resources */ = {isa = PBXBuildFile; fileRef = AA6F5FA319C6BF8600076E6B /* chat_bottom_textfield@2x.png */; };
		AA6F5FB019C6BF8600076E6B /* chat_bottom_up_nor@2x.png in Resources */ = {isa = PBXBuildFile; fileRef = AA6F5FA419C6BF8600076E6B /* chat_bottom_up_nor@2x.png */; };
		AA6F5FB119C6BF8600076E6B /* chat_bottom_up_press@2x.png in Resources */ = {isa = PBXBuildFile; fileRef = AA6F5FA519C6BF8600076E6B /* chat_bottom_up_press@2x.png */; };
		AA6F5FB219C6BF8600076E6B /* chat_bottom_voice_nor@2x.png in Resources */ = {isa = PBXBuildFile; fileRef = AA6F5FA619C6BF8600076E6B /* chat_bottom_voice_nor@2x.png */; };
		AA6F5FB319C6BF8600076E6B /* chat_bottom_voice_press@2x.png in Resources */ = {isa = PBXBuildFile; fileRef = AA6F5FA719C6BF8600076E6B /* chat_bottom_voice_press@2x.png */; };
		AA6F5FB419C6BF8600076E6B /* chat_recive_nor@2x.png in Resources */ = {isa = PBXBuildFile; fileRef = AA6F5FA819C6BF8600076E6B /* chat_recive_nor@2x.png */; };
		AA6F5FB519C6BF8600076E6B /* chat_recive_press_pic@2x.png in Resources */ = {isa = PBXBuildFile; fileRef = AA6F5FA919C6BF8600076E6B /* chat_recive_press_pic@2x.png */; };
		AA6F5FB619C6BF8600076E6B /* chat_send_nor@2x.png in Resources */ = {isa = PBXBuildFile; fileRef = AA6F5FAA19C6BF8600076E6B /* chat_send_nor@2x.png */; };
		AA6F5FB719C6BF8600076E6B /* chat_send_press_pic@2x.png in Resources */ = {isa = PBXBuildFile; fileRef = AA6F5FAB19C6BF8600076E6B /* chat_send_press_pic@2x.png */; };
		AA7D661519C2E90300488EFC /* Reachability.m in Sources */ = {isa = PBXBuildFile; fileRef = AA7D661419C2E90300488EFC /* Reachability.m */; };
		AA7EB9981992674D000BD838 /* Client.mm in Sources */ = {isa = PBXBuildFile; fileRef = AA7EB9971992674D000BD838 /* Client.mm */; };
		AA9106CC19C045590008926E /* RecvPush.cpp in Sources */ = {isa = PBXBuildFile; fileRef = AA9106CA19C045580008926E /* RecvPush.cpp */; };
		AA9131E519990F3900524E8D /* 37x-Checkmark.png in Resources */ = {isa = PBXBuildFile; fileRef = AA9131E319990F3900524E8D /* 37x-Checkmark.png */; };
		AA9131E619990F3900524E8D /* 37x-Checkmark@2x.png in Resources */ = {isa = PBXBuildFile; fileRef = AA9131E419990F3900524E8D /* 37x-Checkmark@2x.png */; };
		AA9131ED199BA98B00524E8D /* BaseTableViewController.m in Sources */ = {isa = PBXBuildFile; fileRef = AA9131EC199BA98B00524E8D /* BaseTableViewController.m */; };
		AA92BE0C19C3DADD002AED49 /* SystemConfiguration.framework in Frameworks */ = {isa = PBXBuildFile; fileRef = AA92BE0B19C3DADD002AED49 /* SystemConfiguration.framework */; };
		AA92BE0E19C3DAE2002AED49 /* CFNetwork.framework in Frameworks */ = {isa = PBXBuildFile; fileRef = AA92BE0D19C3DAE2002AED49 /* CFNetwork.framework */; };
		AA98798219B6E281002AE2AF /* OnlineViewController.mm in Sources */ = {isa = PBXBuildFile; fileRef = AA98798119B6E281002AE2AF /* OnlineViewController.mm */; };
		AAA6DCD8198B918100EB948E /* Endian.cpp in Sources */ = {isa = PBXBuildFile; fileRef = AAA6DCC4198B918100EB948E /* Endian.cpp */; };
		AAA6DCD9198B918100EB948E /* Idea.cpp in Sources */ = {isa = PBXBuildFile; fileRef = AAA6DCC6198B918100EB948E /* Idea.cpp */; };
		AAA6DCDA198B918100EB948E /* InStream.cpp in Sources */ = {isa = PBXBuildFile; fileRef = AAA6DCC8198B918100EB948E /* InStream.cpp */; };
		AAA6DCDB198B918100EB948E /* Logging.cpp in Sources */ = {isa = PBXBuildFile; fileRef = AAA6DCCA198B918100EB948E /* Logging.cpp */; };
		AAA6DCDC198B918100EB948E /* LogStream.cpp in Sources */ = {isa = PBXBuildFile; fileRef = AAA6DCCC198B918100EB948E /* LogStream.cpp */; };
		AAA6DCDD198B918100EB948E /* MD5.cpp in Sources */ = {isa = PBXBuildFile; fileRef = AAA6DCCE198B918100EB948E /* MD5.cpp */; };
		AAA6DCDE198B918100EB948E /* OutStream.cpp in Sources */ = {isa = PBXBuildFile; fileRef = AAA6DCD1198B918100EB948E /* OutStream.cpp */; };
		AAA6DCDF198B918100EB948E /* Timestamp.cpp in Sources */ = {isa = PBXBuildFile; fileRef = AAA6DCD5198B918100EB948E /* Timestamp.cpp */; };
		AAA6DCE2198B962E00EB948E /* Socket.cpp in Sources */ = {isa = PBXBuildFile; fileRef = AAA6DCE0198B962E00EB948E /* Socket.cpp */; };
		AAAFF3B319BB097100E6F3F2 /* table_empty@2x.png in Resources */ = {isa = PBXBuildFile; fileRef = AAAFF3B219BB097100E6F3F2 /* table_empty@2x.png */; };
		AABF3CB3198636C0001C8DCA /* Foundation.framework in Frameworks */ = {isa = PBXBuildFile; fileRef = AABF3CB2198636C0001C8DCA /* Foundation.framework */; };
		AABF3CB5198636C0001C8DCA /* CoreGraphics.framework in Frameworks */ = {isa = PBXBuildFile; fileRef = AABF3CB4198636C0001C8DCA /* CoreGraphics.framework */; };
		AABF3CB7198636C0001C8DCA /* UIKit.framework in Frameworks */ = {isa = PBXBuildFile; fileRef = AABF3CB6198636C0001C8DCA /* UIKit.framework */; };
		AABF3CBD198636C0001C8DCA /* InfoPlist.strings in Resources */ = {isa = PBXBuildFile; fileRef = AABF3CBB198636C0001C8DCA /* InfoPlist.strings */; };
		AABF3CBF198636C0001C8DCA /* main.m in Sources */ = {isa = PBXBuildFile; fileRef = AABF3CBE198636C0001C8DCA /* main.m */; };
		AABF3CC3198636C0001C8DCA /* AppDelegate.mm in Sources */ = {isa = PBXBuildFile; fileRef = AABF3CC2198636C0001C8DCA /* AppDelegate.mm */; };
		AABF3CC5198636C0001C8DCA /* Images.xcassets in Resources */ = {isa = PBXBuildFile; fileRef = AABF3CC4198636C0001C8DCA /* Images.xcassets */; };
		AABF3CCC198636C0001C8DCA /* XCTest.framework in Frameworks */ = {isa = PBXBuildFile; fileRef = AABF3CCB198636C0001C8DCA /* XCTest.framework */; };
		AABF3CCD198636C0001C8DCA /* Foundation.framework in Frameworks */ = {isa = PBXBuildFile; fileRef = AABF3CB2198636C0001C8DCA /* Foundation.framework */; };
		AABF3CCE198636C0001C8DCA /* UIKit.framework in Frameworks */ = {isa = PBXBuildFile; fileRef = AABF3CB6198636C0001C8DCA /* UIKit.framework */; };
		AABF3CD6198636C0001C8DCA /* InfoPlist.strings in Resources */ = {isa = PBXBuildFile; fileRef = AABF3CD4198636C0001C8DCA /* InfoPlist.strings */; };
		AABF3CD8198636C0001C8DCA /* ETImClientTests.m in Sources */ = {isa = PBXBuildFile; fileRef = AABF3CD7198636C0001C8DCA /* ETImClientTests.m */; };
		AACD74981994A1CB00254C55 /* MBProgressHUD.m in Sources */ = {isa = PBXBuildFile; fileRef = AACD74971994A1CB00254C55 /* MBProgressHUD.m */; };
		AACF5CD019BF01D8008D9E80 /* IndexPathButton.m in Sources */ = {isa = PBXBuildFile; fileRef = AACF5CCF19BF01D8008D9E80 /* IndexPathButton.m */; };
		AAD7D44B19BA11C80028957C /* RequestTableViewCell.mm in Sources */ = {isa = PBXBuildFile; fileRef = AAD7D44A19BA11C80028957C /* RequestTableViewCell.mm */; };
		AADF36A819BA1353009198A3 /* RequestModel.mm in Sources */ = {isa = PBXBuildFile; fileRef = AADF36A719BA1353009198A3 /* RequestModel.mm */; };
		AAF496A019B47585008A9372 /* Unread.cpp in Sources */ = {isa = PBXBuildFile; fileRef = AAF4969E19B47585008A9372 /* Unread.cpp */; };
		AAF61303198F5C9F00555364 /* Session.cpp in Sources */ = {isa = PBXBuildFile; fileRef = AAF61301198F5C9F00555364 /* Session.cpp */; };
		AAF613061990723A00555364 /* Exception.cpp in Sources */ = {isa = PBXBuildFile; fileRef = AAF613041990723A00555364 /* Exception.cpp */; };
/* End PBXBuildFile section */

/* Begin PBXContainerItemProxy section */
		AABF3CCF198636C0001C8DCA /* PBXContainerItemProxy */ = {
			isa = PBXContainerItemProxy;
			containerPortal = AABF3CA7198636C0001C8DCA /* Project object */;
			proxyType = 1;
			remoteGlobalIDString = AABF3CAE198636C0001C8DCA;
			remoteInfo = ETImClient;
		};
/* End PBXContainerItemProxy section */

/* Begin PBXFileReference section */
		AA1100E3198B3C01008811E4 /* tab_buddy_nor@2x.png */ = {isa = PBXFileReference; lastKnownFileType = image.png; path = "tab_buddy_nor@2x.png"; sourceTree = "<group>"; };
		AA1100E4198B3C01008811E4 /* tab_buddy_press@2x.png */ = {isa = PBXFileReference; lastKnownFileType = image.png; path = "tab_buddy_press@2x.png"; sourceTree = "<group>"; };
		AA1100E5198B3C01008811E4 /* tab_me_nor@2x.png */ = {isa = PBXFileReference; lastKnownFileType = image.png; path = "tab_me_nor@2x.png"; sourceTree = "<group>"; };
		AA1100E6198B3C01008811E4 /* tab_me_press@2x.png */ = {isa = PBXFileReference; lastKnownFileType = image.png; path = "tab_me_press@2x.png"; sourceTree = "<group>"; };
		AA1100E7198B3C01008811E4 /* tab_qworld_nor@2x.png */ = {isa = PBXFileReference; lastKnownFileType = image.png; path = "tab_qworld_nor@2x.png"; sourceTree = "<group>"; };
		AA1100E8198B3C01008811E4 /* tab_qworld_press@2x.png */ = {isa = PBXFileReference; lastKnownFileType = image.png; path = "tab_qworld_press@2x.png"; sourceTree = "<group>"; };
		AA1100E9198B3C01008811E4 /* tab_recent_nor@2x.png */ = {isa = PBXFileReference; lastKnownFileType = image.png; path = "tab_recent_nor@2x.png"; sourceTree = "<group>"; };
		AA1100EA198B3C01008811E4 /* tab_recent_press@2x.png */ = {isa = PBXFileReference; lastKnownFileType = image.png; path = "tab_recent_press@2x.png"; sourceTree = "<group>"; };
		AA1100F8198B3F0A008811E4 /* MomentsViewController.h */ = {isa = PBXFileReference; fileEncoding = 4; lastKnownFileType = sourcecode.c.h; path = MomentsViewController.h; sourceTree = "<group>"; };
		AA1100F9198B3F0A008811E4 /* MomentsViewController.m */ = {isa = PBXFileReference; fileEncoding = 4; lastKnownFileType = sourcecode.c.objc; path = MomentsViewController.m; sourceTree = "<group>"; };
		AA1100FC198B61D2008811E4 /* TWMessageBarManager.h */ = {isa = PBXFileReference; fileEncoding = 4; lastKnownFileType = sourcecode.c.h; path = TWMessageBarManager.h; sourceTree = "<group>"; };
		AA1100FD198B61D2008811E4 /* TWMessageBarManager.m */ = {isa = PBXFileReference; fileEncoding = 4; lastKnownFileType = sourcecode.c.objc; path = TWMessageBarManager.m; sourceTree = "<group>"; };
		AA1100FF198B61DD008811E4 /* icon-error.png */ = {isa = PBXFileReference; lastKnownFileType = image.png; path = "icon-error.png"; sourceTree = "<group>"; };
		AA110100198B61DD008811E4 /* icon-error@2x.png */ = {isa = PBXFileReference; lastKnownFileType = image.png; path = "icon-error@2x.png"; sourceTree = "<group>"; };
		AA110101198B61DD008811E4 /* icon-info.png */ = {isa = PBXFileReference; lastKnownFileType = image.png; path = "icon-info.png"; sourceTree = "<group>"; };
		AA110102198B61DD008811E4 /* icon-info@2x.png */ = {isa = PBXFileReference; lastKnownFileType = image.png; path = "icon-info@2x.png"; sourceTree = "<group>"; };
		AA110103198B61DD008811E4 /* icon-success.png */ = {isa = PBXFileReference; lastKnownFileType = image.png; path = "icon-success.png"; sourceTree = "<group>"; };
		AA110104198B61DD008811E4 /* icon-success@2x.png */ = {isa = PBXFileReference; lastKnownFileType = image.png; path = "icon-success@2x.png"; sourceTree = "<group>"; };
		AA12CC0419C28080003BF55A /* SendOperation.h */ = {isa = PBXFileReference; fileEncoding = 4; lastKnownFileType = sourcecode.c.h; path = SendOperation.h; sourceTree = "<group>"; };
		AA12CC0519C28080003BF55A /* SendOperation.mm */ = {isa = PBXFileReference; fileEncoding = 4; lastKnownFileType = sourcecode.cpp.objcpp; path = SendOperation.mm; sourceTree = "<group>"; };
		AA30A74B19B49FC8006925F5 /* line@2x.png */ = {isa = PBXFileReference; lastKnownFileType = image.png; path = "line@2x.png"; sourceTree = "<group>"; };
		AA30A74F19B5592E006925F5 /* BuddyTableViewCell.h */ = {isa = PBXFileReference; fileEncoding = 4; lastKnownFileType = sourcecode.c.h; path = BuddyTableViewCell.h; sourceTree = "<group>"; };
		AA30A75019B5592E006925F5 /* BuddyTableViewCell.mm */ = {isa = PBXFileReference; fileEncoding = 4; lastKnownFileType = sourcecode.cpp.objcpp; path = BuddyTableViewCell.mm; sourceTree = "<group>"; };
		AA30A75319B55DFB006925F5 /* MsgViewController.h */ = {isa = PBXFileReference; fileEncoding = 4; lastKnownFileType = sourcecode.c.h; path = MsgViewController.h; sourceTree = "<group>"; };
		AA30A75419B55DFB006925F5 /* MsgViewController.mm */ = {isa = PBXFileReference; fileEncoding = 4; lastKnownFileType = sourcecode.cpp.objcpp; path = MsgViewController.mm; sourceTree = "<group>"; };
		AA3374F119A8681A005BD678 /* common_btn_green_nor@2x.png */ = {isa = PBXFileReference; lastKnownFileType = image.png; path = "common_btn_green_nor@2x.png"; sourceTree = "<group>"; };
		AA3374F219A8681A005BD678 /* common_btn_green_press@2x.png */ = {isa = PBXFileReference; lastKnownFileType = image.png; path = "common_btn_green_press@2x.png"; sourceTree = "<group>"; };
		AA3374F519A86877005BD678 /* common_btn_red_nor@2x.png */ = {isa = PBXFileReference; lastKnownFileType = image.png; path = "common_btn_red_nor@2x.png"; sourceTree = "<group>"; };
		AA3374F619A86877005BD678 /* common_btn_red_press@2x.png */ = {isa = PBXFileReference; lastKnownFileType = image.png; path = "common_btn_red_press@2x.png"; sourceTree = "<group>"; };
		AA33751E19A871A5005BD678 /* Icon-120.png */ = {isa = PBXFileReference; lastKnownFileType = image.png; path = "Icon-120.png"; sourceTree = "<group>"; };
		AA33752019A871A5005BD678 /* Icon-Small.png */ = {isa = PBXFileReference; lastKnownFileType = image.png; path = "Icon-Small.png"; sourceTree = "<group>"; };
		AA33752119A871A5005BD678 /* Icon-Small@2x.png */ = {isa = PBXFileReference; lastKnownFileType = image.png; path = "Icon-Small@2x.png"; sourceTree = "<group>"; };
		AA33752219A871A5005BD678 /* Icon.png */ = {isa = PBXFileReference; lastKnownFileType = image.png; path = Icon.png; sourceTree = "<group>"; };
		AA33752319A871A5005BD678 /* Icon@2x.png */ = {isa = PBXFileReference; lastKnownFileType = image.png; path = "Icon@2x.png"; sourceTree = "<group>"; };
		AA33752A19A871CD005BD678 /* MetroUI-Folder-OS-OS-Linux-icon.png */ = {isa = PBXFileReference; lastKnownFileType = image.png; path = "MetroUI-Folder-OS-OS-Linux-icon.png"; sourceTree = "<group>"; };
		AA33752D19A89E49005BD678 /* contact_add_btn_nor@2x.png */ = {isa = PBXFileReference; lastKnownFileType = image.png; path = "contact_add_btn_nor@2x.png"; sourceTree = "<group>"; };
		AA33752E19A89E49005BD678 /* contact_add_btn_press@2x.png */ = {isa = PBXFileReference; lastKnownFileType = image.png; path = "contact_add_btn_press@2x.png"; sourceTree = "<group>"; };
		AA446E7519C18A340033C5A0 /* NSString+PJR.h */ = {isa = PBXFileReference; fileEncoding = 4; lastKnownFileType = sourcecode.c.h; path = "NSString+PJR.h"; sourceTree = "<group>"; };
		AA446E7619C18A340033C5A0 /* NSString+PJR.m */ = {isa = PBXFileReference; fileEncoding = 4; lastKnownFileType = sourcecode.c.objc; path = "NSString+PJR.m"; sourceTree = "<group>"; };
		AA49BA4619B41A080058BFF3 /* BuddyModel.mm */ = {isa = PBXFileReference; fileEncoding = 4; lastKnownFileType = sourcecode.cpp.objcpp; path = BuddyModel.mm; sourceTree = "<group>"; };
		AA49BA4719B41A080058BFF3 /* BuddyModel.h */ = {isa = PBXFileReference; fileEncoding = 4; lastKnownFileType = sourcecode.c.h; path = BuddyModel.h; sourceTree = "<group>"; };
		AA588B991990B4E500F08821 /* ActionManager.cpp */ = {isa = PBXFileReference; fileEncoding = 4; lastKnownFileType = sourcecode.cpp.cpp; lineEnding = 0; path = ActionManager.cpp; sourceTree = "<group>"; xcLanguageSpecificationIdentifier = xcode.lang.cpp; };
		AA588B9A1990B4E500F08821 /* ActionManager.h */ = {isa = PBXFileReference; fileEncoding = 4; lastKnownFileType = sourcecode.c.h; lineEnding = 0; path = ActionManager.h; sourceTree = "<group>"; xcLanguageSpecificationIdentifier = xcode.lang.objcpp; };
		AA588B9D1990B4EC00F08821 /* Action.cpp */ = {isa = PBXFileReference; fileEncoding = 4; lastKnownFileType = sourcecode.cpp.cpp; path = Action.cpp; sourceTree = "<group>"; };
		AA588B9E1990B4EC00F08821 /* Action.h */ = {isa = PBXFileReference; fileEncoding = 4; lastKnownFileType = sourcecode.c.h; lineEnding = 0; path = Action.h; sourceTree = "<group>"; xcLanguageSpecificationIdentifier = xcode.lang.objcpp; };
		AA588B9F1990B4EC00F08821 /* AddBuddy.cpp */ = {isa = PBXFileReference; fileEncoding = 4; lastKnownFileType = sourcecode.cpp.cpp; path = AddBuddy.cpp; sourceTree = "<group>"; };
		AA588BA01990B4EC00F08821 /* AddBuddy.h */ = {isa = PBXFileReference; fileEncoding = 4; lastKnownFileType = sourcecode.c.h; lineEnding = 0; path = AddBuddy.h; sourceTree = "<group>"; xcLanguageSpecificationIdentifier = xcode.lang.objcpp; };
		AA588BA11990B4EC00F08821 /* HeartBeat.cpp */ = {isa = PBXFileReference; fileEncoding = 4; lastKnownFileType = sourcecode.cpp.cpp; path = HeartBeat.cpp; sourceTree = "<group>"; };
		AA588BA21990B4EC00F08821 /* HeartBeat.h */ = {isa = PBXFileReference; fileEncoding = 4; lastKnownFileType = sourcecode.c.h; lineEnding = 0; path = HeartBeat.h; sourceTree = "<group>"; xcLanguageSpecificationIdentifier = xcode.lang.objcpp; };
		AA588BA31990B4EC00F08821 /* Login.cpp */ = {isa = PBXFileReference; fileEncoding = 4; lastKnownFileType = sourcecode.cpp.cpp; path = Login.cpp; sourceTree = "<group>"; };
		AA588BA41990B4EC00F08821 /* Login.h */ = {isa = PBXFileReference; fileEncoding = 4; lastKnownFileType = sourcecode.c.h; lineEnding = 0; path = Login.h; sourceTree = "<group>"; xcLanguageSpecificationIdentifier = xcode.lang.objcpp; };
		AA588BA51990B4EC00F08821 /* Register.cpp */ = {isa = PBXFileReference; fileEncoding = 4; lastKnownFileType = sourcecode.cpp.cpp; path = Register.cpp; sourceTree = "<group>"; };
		AA588BA61990B4EC00F08821 /* Register.h */ = {isa = PBXFileReference; fileEncoding = 4; lastKnownFileType = sourcecode.c.h; lineEnding = 0; path = Register.h; sourceTree = "<group>"; xcLanguageSpecificationIdentifier = xcode.lang.objcpp; };
		AA588BA71990B4EC00F08821 /* RetrieveBuddy.cpp */ = {isa = PBXFileReference; fileEncoding = 4; lastKnownFileType = sourcecode.cpp.cpp; path = RetrieveBuddy.cpp; sourceTree = "<group>"; };
		AA588BA81990B4EC00F08821 /* RetrieveBuddy.h */ = {isa = PBXFileReference; fileEncoding = 4; lastKnownFileType = sourcecode.c.h; lineEnding = 0; path = RetrieveBuddy.h; sourceTree = "<group>"; xcLanguageSpecificationIdentifier = xcode.lang.objcpp; };
		AA588BA91990B4EC00F08821 /* SendMsg.cpp */ = {isa = PBXFileReference; fileEncoding = 4; lastKnownFileType = sourcecode.cpp.cpp; path = SendMsg.cpp; sourceTree = "<group>"; };
		AA588BAA1990B4EC00F08821 /* SendMsg.h */ = {isa = PBXFileReference; fileEncoding = 4; lastKnownFileType = sourcecode.c.h; lineEnding = 0; path = SendMsg.h; sourceTree = "<group>"; xcLanguageSpecificationIdentifier = xcode.lang.objcpp; };
		AA588BAB1990B4EC00F08821 /* SwitchStatus.cpp */ = {isa = PBXFileReference; fileEncoding = 4; lastKnownFileType = sourcecode.cpp.cpp; path = SwitchStatus.cpp; sourceTree = "<group>"; };
		AA588BAC1990B4EC00F08821 /* SwitchStatus.h */ = {isa = PBXFileReference; fileEncoding = 4; lastKnownFileType = sourcecode.c.h; lineEnding = 0; path = SwitchStatus.h; sourceTree = "<group>"; xcLanguageSpecificationIdentifier = xcode.lang.objcpp; };
		AA59F032198A15F0009FD449 /* Constants.h */ = {isa = PBXFileReference; fileEncoding = 4; lastKnownFileType = sourcecode.c.h; path = Constants.h; sourceTree = "<group>"; };
		AA59F033198A15F0009FD449 /* Constants.m */ = {isa = PBXFileReference; fileEncoding = 4; lastKnownFileType = sourcecode.c.objc; path = Constants.m; sourceTree = "<group>"; };
		AA59F036198A1684009FD449 /* Macro.h */ = {isa = PBXFileReference; lastKnownFileType = sourcecode.c.h; path = Macro.h; sourceTree = "<group>"; };
		AA59F037198A197B009FD449 /* UIColor+Additions.h */ = {isa = PBXFileReference; fileEncoding = 4; lastKnownFileType = sourcecode.c.h; path = "UIColor+Additions.h"; sourceTree = "<group>"; };
		AA59F038198A197B009FD449 /* UIColor+Additions.m */ = {isa = PBXFileReference; fileEncoding = 4; lastKnownFileType = sourcecode.c.objc; path = "UIColor+Additions.m"; sourceTree = "<group>"; };
		AA59F039198A197B009FD449 /* UIImage+Additions.h */ = {isa = PBXFileReference; fileEncoding = 4; lastKnownFileType = sourcecode.c.h; path = "UIImage+Additions.h"; sourceTree = "<group>"; };
		AA59F03A198A197B009FD449 /* UIImage+Additions.m */ = {isa = PBXFileReference; fileEncoding = 4; lastKnownFileType = sourcecode.c.objc; path = "UIImage+Additions.m"; sourceTree = "<group>"; };
		AA59F03E198A1A59009FD449 /* BackViewController.h */ = {isa = PBXFileReference; fileEncoding = 4; lastKnownFileType = sourcecode.c.h; path = BackViewController.h; sourceTree = "<group>"; };
		AA59F03F198A1A59009FD449 /* BackViewController.m */ = {isa = PBXFileReference; fileEncoding = 4; lastKnownFileType = sourcecode.c.objc; path = BackViewController.m; sourceTree = "<group>"; };
		AA59F040198A1A59009FD449 /* BaseNavigationController.h */ = {isa = PBXFileReference; fileEncoding = 4; lastKnownFileType = sourcecode.c.h; path = BaseNavigationController.h; sourceTree = "<group>"; };
		AA59F041198A1A59009FD449 /* BaseNavigationController.m */ = {isa = PBXFileReference; fileEncoding = 4; lastKnownFileType = sourcecode.c.objc; path = BaseNavigationController.m; sourceTree = "<group>"; };
		AA59F042198A1A59009FD449 /* BaseTabBarViewController.h */ = {isa = PBXFileReference; fileEncoding = 4; lastKnownFileType = sourcecode.c.h; path = BaseTabBarViewController.h; sourceTree = "<group>"; };
		AA59F043198A1A59009FD449 /* BaseTabBarViewController.m */ = {isa = PBXFileReference; fileEncoding = 4; lastKnownFileType = sourcecode.c.objc; path = BaseTabBarViewController.m; sourceTree = "<group>"; };
		AA59F044198A1A59009FD449 /* BaseViewController.h */ = {isa = PBXFileReference; fileEncoding = 4; lastKnownFileType = sourcecode.c.h; path = BaseViewController.h; sourceTree = "<group>"; };
		AA59F045198A1A59009FD449 /* BaseViewController.m */ = {isa = PBXFileReference; fileEncoding = 4; lastKnownFileType = sourcecode.c.objc; path = BaseViewController.m; sourceTree = "<group>"; };
		AA59F096198A2250009FD449 /* login_bg_ip5@2x.jpg */ = {isa = PBXFileReference; lastKnownFileType = image.jpeg; path = "login_bg_ip5@2x.jpg"; sourceTree = "<group>"; };
		AA59F097198A2250009FD449 /* login_bg@2x.jpg */ = {isa = PBXFileReference; lastKnownFileType = image.jpeg; path = "login_bg@2x.jpg"; sourceTree = "<group>"; };
		AA59F09A198A25C6009FD449 /* LoginViewController.h */ = {isa = PBXFileReference; fileEncoding = 4; lastKnownFileType = sourcecode.c.h; path = LoginViewController.h; sourceTree = "<group>"; };
		AA59F09B198A25C6009FD449 /* LoginViewController.mm */ = {isa = PBXFileReference; fileEncoding = 4; lastKnownFileType = sourcecode.cpp.objcpp; path = LoginViewController.mm; sourceTree = "<group>"; };
		AA59F09D198A25EA009FD449 /* RegViewController.h */ = {isa = PBXFileReference; fileEncoding = 4; lastKnownFileType = sourcecode.c.h; path = RegViewController.h; sourceTree = "<group>"; };
		AA59F09E198A25EA009FD449 /* RegViewController.mm */ = {isa = PBXFileReference; fileEncoding = 4; lastKnownFileType = sourcecode.cpp.objcpp; path = RegViewController.mm; sourceTree = "<group>"; };
		AA59F0A0198A28CF009FD449 /* login_avatar@2x.png */ = {isa = PBXFileReference; lastKnownFileType = image.png; path = "login_avatar@2x.png"; sourceTree = "<group>"; };
		AA59F0A2198A2C5D009FD449 /* login_avatar_default@2x.png */ = {isa = PBXFileReference; lastKnownFileType = image.png; path = "login_avatar_default@2x.png"; sourceTree = "<group>"; };
		AA59F0A4198A3187009FD449 /* login_textfield@2x.png */ = {isa = PBXFileReference; lastKnownFileType = image.png; path = "login_textfield@2x.png"; sourceTree = "<group>"; };
		AA59F0A6198A3667009FD449 /* login_btn_blue_nor@2x.png */ = {isa = PBXFileReference; lastKnownFileType = image.png; path = "login_btn_blue_nor@2x.png"; sourceTree = "<group>"; };
		AA59F0A7198A3667009FD449 /* login_btn_blue_press@2x.png */ = {isa = PBXFileReference; lastKnownFileType = image.png; path = "login_btn_blue_press@2x.png"; sourceTree = "<group>"; };
		AA59F0AB198A3732009FD449 /* LeeScrollView.h */ = {isa = PBXFileReference; fileEncoding = 4; lastKnownFileType = sourcecode.c.h; path = LeeScrollView.h; sourceTree = "<group>"; };
		AA59F0AC198A3732009FD449 /* LeeScrollView.m */ = {isa = PBXFileReference; fileEncoding = 4; lastKnownFileType = sourcecode.c.objc; path = LeeScrollView.m; sourceTree = "<group>"; };
		AA59F0AE198A4117009FD449 /* BuddyViewController.h */ = {isa = PBXFileReference; fileEncoding = 4; lastKnownFileType = sourcecode.c.h; path = BuddyViewController.h; sourceTree = "<group>"; };
		AA59F0AF198A4117009FD449 /* BuddyViewController.mm */ = {isa = PBXFileReference; fileEncoding = 4; lastKnownFileType = sourcecode.cpp.objcpp; path = BuddyViewController.mm; sourceTree = "<group>"; };
		AA59F0B4198A4142009FD449 /* AccountViewController.h */ = {isa = PBXFileReference; fileEncoding = 4; lastKnownFileType = sourcecode.c.h; path = AccountViewController.h; sourceTree = "<group>"; };
		AA59F0B5198A4142009FD449 /* AccountViewController.mm */ = {isa = PBXFileReference; fileEncoding = 4; lastKnownFileType = sourcecode.cpp.objcpp; path = AccountViewController.mm; sourceTree = "<group>"; };
		AA65387419AF6B66003B64B0 /* JSBadgeView.h */ = {isa = PBXFileReference; fileEncoding = 4; lastKnownFileType = sourcecode.c.h; path = JSBadgeView.h; sourceTree = "<group>"; };
		AA65387519AF6B67003B64B0 /* JSBadgeView.m */ = {isa = PBXFileReference; fileEncoding = 4; lastKnownFileType = sourcecode.c.objc; path = JSBadgeView.m; sourceTree = "<group>"; };
		AA665F7119A8D86A00FCF5C6 /* AddBuddyViewController.h */ = {isa = PBXFileReference; fileEncoding = 4; lastKnownFileType = sourcecode.c.h; path = AddBuddyViewController.h; sourceTree = "<group>"; };
		AA665F7219A8D86A00FCF5C6 /* AddBuddyViewController.mm */ = {isa = PBXFileReference; fileEncoding = 4; lastKnownFileType = sourcecode.cpp.objcpp; path = AddBuddyViewController.mm; sourceTree = "<group>"; };
		AA665F7619A8DF0F00FCF5C6 /* MetroUI-Folder-OS-OS-Linux-icon2.png */ = {isa = PBXFileReference; lastKnownFileType = image.png; path = "MetroUI-Folder-OS-OS-Linux-icon2.png"; sourceTree = "<group>"; };
		AA665F7819A8E4D800FCF5C6 /* header_icon_add@2x.png */ = {isa = PBXFileReference; lastKnownFileType = image.png; path = "header_icon_add@2x.png"; sourceTree = "<group>"; };
		AA665F7A19A8E66300FCF5C6 /* TextFieldTableViewCell.h */ = {isa = PBXFileReference; fileEncoding = 4; lastKnownFileType = sourcecode.c.h; path = TextFieldTableViewCell.h; sourceTree = "<group>"; };
		AA665F7B19A8E66300FCF5C6 /* TextFieldTableViewCell.m */ = {isa = PBXFileReference; fileEncoding = 4; lastKnownFileType = sourcecode.c.objc; path = TextFieldTableViewCell.m; sourceTree = "<group>"; };
		AA665F7D19A8E9B100FCF5C6 /* LeftMarginTextField.h */ = {isa = PBXFileReference; fileEncoding = 4; lastKnownFileType = sourcecode.c.h; path = LeftMarginTextField.h; sourceTree = "<group>"; };
		AA665F7E19A8E9B100FCF5C6 /* LeftMarginTextField.m */ = {isa = PBXFileReference; fileEncoding = 4; lastKnownFileType = sourcecode.c.objc; path = LeftMarginTextField.m; sourceTree = "<group>"; };
		AA665F8019A961EF00FCF5C6 /* ProfileViewController.h */ = {isa = PBXFileReference; fileEncoding = 4; lastKnownFileType = sourcecode.c.h; path = ProfileViewController.h; sourceTree = "<group>"; };
		AA665F8119A961EF00FCF5C6 /* ProfileViewController.mm */ = {isa = PBXFileReference; fileEncoding = 4; lastKnownFileType = sourcecode.cpp.objcpp; lineEnding = 0; path = ProfileViewController.mm; sourceTree = "<group>"; xcLanguageSpecificationIdentifier = xcode.lang.objcpp; };
		AA665F8319A971ED00FCF5C6 /* SignatureViewController.h */ = {isa = PBXFileReference; fileEncoding = 4; lastKnownFileType = sourcecode.c.h; path = SignatureViewController.h; sourceTree = "<group>"; };
		AA665F8419A971ED00FCF5C6 /* SignatureViewController.mm */ = {isa = PBXFileReference; fileEncoding = 4; lastKnownFileType = sourcecode.cpp.objcpp; path = SignatureViewController.mm; sourceTree = "<group>"; };
		AA665F8819AA138300FCF5C6 /* contact_to_chat_btn_nor@2x.png */ = {isa = PBXFileReference; lastKnownFileType = image.png; path = "contact_to_chat_btn_nor@2x.png"; sourceTree = "<group>"; };
		AA665F8919AA138300FCF5C6 /* contact_to_chat_btn_press@2x.png */ = {isa = PBXFileReference; lastKnownFileType = image.png; path = "contact_to_chat_btn_press@2x.png"; sourceTree = "<group>"; };
		AA665F8E19AA1D1A00FCF5C6 /* pdi_bottom_edit_btn_press@2x.png */ = {isa = PBXFileReference; lastKnownFileType = image.png; path = "pdi_bottom_edit_btn_press@2x.png"; sourceTree = "<group>"; };
		AA665F8F19AA1D1A00FCF5C6 /* pdi_bottom_edit_btn_nor@2x.png */ = {isa = PBXFileReference; lastKnownFileType = image.png; path = "pdi_bottom_edit_btn_nor@2x.png"; sourceTree = "<group>"; };
		AA6D73C219B1673B006DBC6D /* NewBuddyViewController.h */ = {isa = PBXFileReference; fileEncoding = 4; lastKnownFileType = sourcecode.c.h; path = NewBuddyViewController.h; sourceTree = "<group>"; };
		AA6D73C319B1673B006DBC6D /* NewBuddyViewController.mm */ = {isa = PBXFileReference; fileEncoding = 4; lastKnownFileType = sourcecode.cpp.objcpp; path = NewBuddyViewController.mm; sourceTree = "<group>"; };
		AA6D73C519B168C9006DBC6D /* BackTableViewController.h */ = {isa = PBXFileReference; fileEncoding = 4; lastKnownFileType = sourcecode.c.h; path = BackTableViewController.h; sourceTree = "<group>"; };
		AA6D73C619B168C9006DBC6D /* BackTableViewController.m */ = {isa = PBXFileReference; fileEncoding = 4; lastKnownFileType = sourcecode.c.objc; path = BackTableViewController.m; sourceTree = "<group>"; };
		AA6D73C819B16B9C006DBC6D /* add_icon_friend@2x.png */ = {isa = PBXFileReference; lastKnownFileType = image.png; path = "add_icon_friend@2x.png"; sourceTree = "<group>"; };
		AA6D73CE19B1E739006DBC6D /* BadgeButton.h */ = {isa = PBXFileReference; fileEncoding = 4; lastKnownFileType = sourcecode.c.h; path = BadgeButton.h; sourceTree = "<group>"; };
		AA6D73CF19B1E739006DBC6D /* BadgeButton.m */ = {isa = PBXFileReference; fileEncoding = 4; lastKnownFileType = sourcecode.c.objc; path = BadgeButton.m; sourceTree = "<group>"; };
		AA6F5F9319C6821300076E6B /* ChatViewController.h */ = {isa = PBXFileReference; fileEncoding = 4; lastKnownFileType = sourcecode.c.h; path = ChatViewController.h; sourceTree = "<group>"; };
		AA6F5F9419C6821300076E6B /* ChatViewController.mm */ = {isa = PBXFileReference; fileEncoding = 4; lastKnownFileType = sourcecode.cpp.objcpp; path = ChatViewController.mm; sourceTree = "<group>"; };
		AA6F5F9619C6825100076E6B /* MsgTableViewCell.h */ = {isa = PBXFileReference; fileEncoding = 4; lastKnownFileType = sourcecode.c.h; path = MsgTableViewCell.h; sourceTree = "<group>"; };
		AA6F5F9719C6825100076E6B /* MsgTableViewCell.mm */ = {isa = PBXFileReference; fileEncoding = 4; lastKnownFileType = sourcecode.cpp.objcpp; path = MsgTableViewCell.mm; sourceTree = "<group>"; };
		AA6F5F9919C682A700076E6B /* MsgModel.h */ = {isa = PBXFileReference; fileEncoding = 4; lastKnownFileType = sourcecode.c.h; path = MsgModel.h; sourceTree = "<group>"; };
		AA6F5F9A19C682A700076E6B /* MsgModel.mm */ = {isa = PBXFileReference; fileEncoding = 4; lastKnownFileType = sourcecode.cpp.objcpp; path = MsgModel.mm; sourceTree = "<group>"; };
		AA6F5F9C19C6BC6700076E6B /* ChatTableViewCell.h */ = {isa = PBXFileReference; fileEncoding = 4; lastKnownFileType = sourcecode.c.h; path = ChatTableViewCell.h; sourceTree = "<group>"; };
		AA6F5F9D19C6BC6700076E6B /* ChatTableViewCell.mm */ = {isa = PBXFileReference; fileEncoding = 4; lastKnownFileType = sourcecode.cpp.objcpp; path = ChatTableViewCell.mm; sourceTree = "<group>"; };
		AA6F5FA019C6BF8600076E6B /* chat_bottom_bg@2x.png */ = {isa = PBXFileReference; lastKnownFileType = image.png; path = "chat_bottom_bg@2x.png"; sourceTree = "<group>"; };
		AA6F5FA119C6BF8600076E6B /* chat_bottom_smile_nor@2x.png */ = {isa = PBXFileReference; lastKnownFileType = image.png; path = "chat_bottom_smile_nor@2x.png"; sourceTree = "<group>"; };
		AA6F5FA219C6BF8600076E6B /* chat_bottom_smile_press@2x.png */ = {isa = PBXFileReference; lastKnownFileType = image.png; path = "chat_bottom_smile_press@2x.png"; sourceTree = "<group>"; };
		AA6F5FA319C6BF8600076E6B /* chat_bottom_textfield@2x.png */ = {isa = PBXFileReference; lastKnownFileType = image.png; path = "chat_bottom_textfield@2x.png"; sourceTree = "<group>"; };
		AA6F5FA419C6BF8600076E6B /* chat_bottom_up_nor@2x.png */ = {isa = PBXFileReference; lastKnownFileType = image.png; path = "chat_bottom_up_nor@2x.png"; sourceTree = "<group>"; };
		AA6F5FA519C6BF8600076E6B /* chat_bottom_up_press@2x.png */ = {isa = PBXFileReference; lastKnownFileType = image.png; path = "chat_bottom_up_press@2x.png"; sourceTree = "<group>"; };
		AA6F5FA619C6BF8600076E6B /* chat_bottom_voice_nor@2x.png */ = {isa = PBXFileReference; lastKnownFileType = image.png; path = "chat_bottom_voice_nor@2x.png"; sourceTree = "<group>"; };
		AA6F5FA719C6BF8600076E6B /* chat_bottom_voice_press@2x.png */ = {isa = PBXFileReference; lastKnownFileType = image.png; path = "chat_bottom_voice_press@2x.png"; sourceTree = "<group>"; };
		AA6F5FA819C6BF8600076E6B /* chat_recive_nor@2x.png */ = {isa = PBXFileReference; lastKnownFileType = image.png; path = "chat_recive_nor@2x.png"; sourceTree = "<group>"; };
		AA6F5FA919C6BF8600076E6B /* chat_recive_press_pic@2x.png */ = {isa = PBXFileReference; lastKnownFileType = image.png; path = "chat_recive_press_pic@2x.png"; sourceTree = "<group>"; };
		AA6F5FAA19C6BF8600076E6B /* chat_send_nor@2x.png */ = {isa = PBXFileReference; lastKnownFileType = image.png; path = "chat_send_nor@2x.png"; sourceTree = "<group>"; };
		AA6F5FAB19C6BF8600076E6B /* chat_send_press_pic@2x.png */ = {isa = PBXFileReference; lastKnownFileType = image.png; path = "chat_send_press_pic@2x.png"; sourceTree = "<group>"; };
		AA7D661319C2E90300488EFC /* Reachability.h */ = {isa = PBXFileReference; fileEncoding = 4; lastKnownFileType = sourcecode.c.h; path = Reachability.h; sourceTree = "<group>"; };
		AA7D661419C2E90300488EFC /* Reachability.m */ = {isa = PBXFileReference; fileEncoding = 4; lastKnownFileType = sourcecode.c.objc; path = Reachability.m; sourceTree = "<group>"; };
		AA7EB9961992674D000BD838 /* Client.h */ = {isa = PBXFileReference; fileEncoding = 4; lastKnownFileType = sourcecode.c.h; path = Client.h; sourceTree = "<group>"; };
		AA7EB9971992674D000BD838 /* Client.mm */ = {isa = PBXFileReference; fileEncoding = 4; lastKnownFileType = sourcecode.cpp.objcpp; path = Client.mm; sourceTree = "<group>"; };
		AA9106CA19C045580008926E /* RecvPush.cpp */ = {isa = PBXFileReference; fileEncoding = 4; lastKnownFileType = sourcecode.cpp.cpp; path = RecvPush.cpp; sourceTree = "<group>"; };
		AA9106CB19C045590008926E /* RecvPush.h */ = {isa = PBXFileReference; fileEncoding = 4; lastKnownFileType = sourcecode.c.h; path = RecvPush.h; sourceTree = "<group>"; };
		AA9131E319990F3900524E8D /* 37x-Checkmark.png */ = {isa = PBXFileReference; lastKnownFileType = image.png; path = "37x-Checkmark.png"; sourceTree = "<group>"; };
		AA9131E419990F3900524E8D /* 37x-Checkmark@2x.png */ = {isa = PBXFileReference; lastKnownFileType = image.png; path = "37x-Checkmark@2x.png"; sourceTree = "<group>"; };
		AA9131EB199BA98B00524E8D /* BaseTableViewController.h */ = {isa = PBXFileReference; fileEncoding = 4; lastKnownFileType = sourcecode.c.h; path = BaseTableViewController.h; sourceTree = "<group>"; };
		AA9131EC199BA98B00524E8D /* BaseTableViewController.m */ = {isa = PBXFileReference; fileEncoding = 4; lastKnownFileType = sourcecode.c.objc; path = BaseTableViewController.m; sourceTree = "<group>"; };
		AA9131EE199CE7C100524E8D /* DataStruct.h */ = {isa = PBXFileReference; fileEncoding = 4; lastKnownFileType = sourcecode.c.h; path = DataStruct.h; sourceTree = "<group>"; };
		AA92BE0B19C3DADD002AED49 /* SystemConfiguration.framework */ = {isa = PBXFileReference; lastKnownFileType = wrapper.framework; name = SystemConfiguration.framework; path = System/Library/Frameworks/SystemConfiguration.framework; sourceTree = SDKROOT; };
		AA92BE0D19C3DAE2002AED49 /* CFNetwork.framework */ = {isa = PBXFileReference; lastKnownFileType = wrapper.framework; name = CFNetwork.framework; path = System/Library/Frameworks/CFNetwork.framework; sourceTree = SDKROOT; };
		AA98798019B6E281002AE2AF /* OnlineViewController.h */ = {isa = PBXFileReference; fileEncoding = 4; lastKnownFileType = sourcecode.c.h; path = OnlineViewController.h; sourceTree = "<group>"; };
		AA98798119B6E281002AE2AF /* OnlineViewController.mm */ = {isa = PBXFileReference; fileEncoding = 4; lastKnownFileType = sourcecode.cpp.objcpp; path = OnlineViewController.mm; sourceTree = "<group>"; };
		AAA6DCC4198B918100EB948E /* Endian.cpp */ = {isa = PBXFileReference; fileEncoding = 4; lastKnownFileType = sourcecode.cpp.cpp; path = Endian.cpp; sourceTree = "<group>"; };
		AAA6DCC5198B918100EB948E /* Endian.h */ = {isa = PBXFileReference; fileEncoding = 4; lastKnownFileType = sourcecode.c.h; path = Endian.h; sourceTree = "<group>"; };
		AAA6DCC6198B918100EB948E /* Idea.cpp */ = {isa = PBXFileReference; fileEncoding = 4; lastKnownFileType = sourcecode.cpp.cpp; path = Idea.cpp; sourceTree = "<group>"; };
		AAA6DCC7198B918100EB948E /* Idea.h */ = {isa = PBXFileReference; fileEncoding = 4; lastKnownFileType = sourcecode.c.h; path = Idea.h; sourceTree = "<group>"; };
		AAA6DCC8198B918100EB948E /* InStream.cpp */ = {isa = PBXFileReference; fileEncoding = 4; lastKnownFileType = sourcecode.cpp.cpp; path = InStream.cpp; sourceTree = "<group>"; };
		AAA6DCC9198B918100EB948E /* InStream.h */ = {isa = PBXFileReference; fileEncoding = 4; lastKnownFileType = sourcecode.c.h; path = InStream.h; sourceTree = "<group>"; };
		AAA6DCCA198B918100EB948E /* Logging.cpp */ = {isa = PBXFileReference; fileEncoding = 4; lastKnownFileType = sourcecode.cpp.cpp; path = Logging.cpp; sourceTree = "<group>"; };
		AAA6DCCB198B918100EB948E /* Logging.h */ = {isa = PBXFileReference; fileEncoding = 4; lastKnownFileType = sourcecode.c.h; path = Logging.h; sourceTree = "<group>"; };
		AAA6DCCC198B918100EB948E /* LogStream.cpp */ = {isa = PBXFileReference; fileEncoding = 4; lastKnownFileType = sourcecode.cpp.cpp; path = LogStream.cpp; sourceTree = "<group>"; };
		AAA6DCCD198B918100EB948E /* LogStream.h */ = {isa = PBXFileReference; fileEncoding = 4; lastKnownFileType = sourcecode.c.h; path = LogStream.h; sourceTree = "<group>"; };
		AAA6DCCE198B918100EB948E /* MD5.cpp */ = {isa = PBXFileReference; fileEncoding = 4; lastKnownFileType = sourcecode.cpp.cpp; path = MD5.cpp; sourceTree = "<group>"; };
		AAA6DCCF198B918100EB948E /* MD5.h */ = {isa = PBXFileReference; fileEncoding = 4; lastKnownFileType = sourcecode.c.h; path = MD5.h; sourceTree = "<group>"; };
		AAA6DCD0198B918100EB948E /* Noncopyable.h */ = {isa = PBXFileReference; fileEncoding = 4; lastKnownFileType = sourcecode.c.h; path = Noncopyable.h; sourceTree = "<group>"; };
		AAA6DCD1198B918100EB948E /* OutStream.cpp */ = {isa = PBXFileReference; fileEncoding = 4; lastKnownFileType = sourcecode.cpp.cpp; path = OutStream.cpp; sourceTree = "<group>"; };
		AAA6DCD2198B918100EB948E /* OutStream.h */ = {isa = PBXFileReference; fileEncoding = 4; lastKnownFileType = sourcecode.c.h; path = OutStream.h; sourceTree = "<group>"; };
		AAA6DCD3198B918100EB948E /* Singleton.h */ = {isa = PBXFileReference; fileEncoding = 4; lastKnownFileType = sourcecode.c.h; path = Singleton.h; sourceTree = "<group>"; };
		AAA6DCD4198B918100EB948E /* StringPiece.h */ = {isa = PBXFileReference; fileEncoding = 4; lastKnownFileType = sourcecode.c.h; path = StringPiece.h; sourceTree = "<group>"; };
		AAA6DCD5198B918100EB948E /* Timestamp.cpp */ = {isa = PBXFileReference; fileEncoding = 4; lastKnownFileType = sourcecode.cpp.cpp; path = Timestamp.cpp; sourceTree = "<group>"; };
		AAA6DCD6198B918100EB948E /* Timestamp.h */ = {isa = PBXFileReference; fileEncoding = 4; lastKnownFileType = sourcecode.c.h; path = Timestamp.h; sourceTree = "<group>"; };
		AAA6DCD7198B918100EB948E /* Types.h */ = {isa = PBXFileReference; fileEncoding = 4; lastKnownFileType = sourcecode.c.h; path = Types.h; sourceTree = "<group>"; };
		AAA6DCE0198B962E00EB948E /* Socket.cpp */ = {isa = PBXFileReference; fileEncoding = 4; lastKnownFileType = sourcecode.cpp.cpp; path = Socket.cpp; sourceTree = "<group>"; };
		AAA6DCE1198B962E00EB948E /* Socket.h */ = {isa = PBXFileReference; fileEncoding = 4; lastKnownFileType = sourcecode.c.h; path = Socket.h; sourceTree = "<group>"; };
		AAAFF3B219BB097100E6F3F2 /* table_empty@2x.png */ = {isa = PBXFileReference; lastKnownFileType = image.png; path = "table_empty@2x.png"; sourceTree = "<group>"; };
		AABF3CAF198636C0001C8DCA /* ETImClient.app */ = {isa = PBXFileReference; explicitFileType = wrapper.application; includeInIndex = 0; path = ETImClient.app; sourceTree = BUILT_PRODUCTS_DIR; };
		AABF3CB2198636C0001C8DCA /* Foundation.framework */ = {isa = PBXFileReference; lastKnownFileType = wrapper.framework; name = Foundation.framework; path = System/Library/Frameworks/Foundation.framework; sourceTree = SDKROOT; };
		AABF3CB4198636C0001C8DCA /* CoreGraphics.framework */ = {isa = PBXFileReference; lastKnownFileType = wrapper.framework; name = CoreGraphics.framework; path = System/Library/Frameworks/CoreGraphics.framework; sourceTree = SDKROOT; };
		AABF3CB6198636C0001C8DCA /* UIKit.framework */ = {isa = PBXFileReference; lastKnownFileType = wrapper.framework; name = UIKit.framework; path = System/Library/Frameworks/UIKit.framework; sourceTree = SDKROOT; };
		AABF3CBA198636C0001C8DCA /* ETImClient-Info.plist */ = {isa = PBXFileReference; lastKnownFileType = text.plist.xml; path = "ETImClient-Info.plist"; sourceTree = "<group>"; };
		AABF3CBC198636C0001C8DCA /* en */ = {isa = PBXFileReference; lastKnownFileType = text.plist.strings; name = en; path = en.lproj/InfoPlist.strings; sourceTree = "<group>"; };
		AABF3CBE198636C0001C8DCA /* main.m */ = {isa = PBXFileReference; lastKnownFileType = sourcecode.c.objc; path = main.m; sourceTree = "<group>"; };
		AABF3CC0198636C0001C8DCA /* ETImClient-Prefix.pch */ = {isa = PBXFileReference; lastKnownFileType = sourcecode.c.h; path = "ETImClient-Prefix.pch"; sourceTree = "<group>"; };
		AABF3CC1198636C0001C8DCA /* AppDelegate.h */ = {isa = PBXFileReference; lastKnownFileType = sourcecode.c.h; path = AppDelegate.h; sourceTree = "<group>"; };
		AABF3CC2198636C0001C8DCA /* AppDelegate.mm */ = {isa = PBXFileReference; lastKnownFileType = sourcecode.cpp.objcpp; path = AppDelegate.mm; sourceTree = "<group>"; };
		AABF3CC4198636C0001C8DCA /* Images.xcassets */ = {isa = PBXFileReference; lastKnownFileType = folder.assetcatalog; path = Images.xcassets; sourceTree = "<group>"; };
		AABF3CCA198636C0001C8DCA /* ETImClientTests.xctest */ = {isa = PBXFileReference; explicitFileType = wrapper.cfbundle; includeInIndex = 0; path = ETImClientTests.xctest; sourceTree = BUILT_PRODUCTS_DIR; };
		AABF3CCB198636C0001C8DCA /* XCTest.framework */ = {isa = PBXFileReference; lastKnownFileType = wrapper.framework; name = XCTest.framework; path = Library/Frameworks/XCTest.framework; sourceTree = DEVELOPER_DIR; };
		AABF3CD3198636C0001C8DCA /* ETImClientTests-Info.plist */ = {isa = PBXFileReference; lastKnownFileType = text.plist.xml; path = "ETImClientTests-Info.plist"; sourceTree = "<group>"; };
		AABF3CD5198636C0001C8DCA /* en */ = {isa = PBXFileReference; lastKnownFileType = text.plist.strings; name = en; path = en.lproj/InfoPlist.strings; sourceTree = "<group>"; };
		AABF3CD7198636C0001C8DCA /* ETImClientTests.m */ = {isa = PBXFileReference; lastKnownFileType = sourcecode.c.objc; path = ETImClientTests.m; sourceTree = "<group>"; };
		AACD74961994A1CB00254C55 /* MBProgressHUD.h */ = {isa = PBXFileReference; fileEncoding = 4; lastKnownFileType = sourcecode.c.h; path = MBProgressHUD.h; sourceTree = "<group>"; };
		AACD74971994A1CB00254C55 /* MBProgressHUD.m */ = {isa = PBXFileReference; fileEncoding = 4; lastKnownFileType = sourcecode.c.objc; path = MBProgressHUD.m; sourceTree = "<group>"; };
		AACF5CCE19BF01D8008D9E80 /* IndexPathButton.h */ = {isa = PBXFileReference; fileEncoding = 4; lastKnownFileType = sourcecode.c.h; path = IndexPathButton.h; sourceTree = "<group>"; };
		AACF5CCF19BF01D8008D9E80 /* IndexPathButton.m */ = {isa = PBXFileReference; fileEncoding = 4; lastKnownFileType = sourcecode.c.objc; path = IndexPathButton.m; sourceTree = "<group>"; };
		AAD7D44919BA11C80028957C /* RequestTableViewCell.h */ = {isa = PBXFileReference; fileEncoding = 4; lastKnownFileType = sourcecode.c.h; path = RequestTableViewCell.h; sourceTree = "<group>"; };
		AAD7D44A19BA11C80028957C /* RequestTableViewCell.mm */ = {isa = PBXFileReference; fileEncoding = 4; lastKnownFileType = sourcecode.cpp.objcpp; path = RequestTableViewCell.mm; sourceTree = "<group>"; };
		AADF36A619BA1353009198A3 /* RequestModel.h */ = {isa = PBXFileReference; fileEncoding = 4; lastKnownFileType = sourcecode.c.h; path = RequestModel.h; sourceTree = "<group>"; };
		AADF36A719BA1353009198A3 /* RequestModel.mm */ = {isa = PBXFileReference; fileEncoding = 4; lastKnownFileType = sourcecode.cpp.objcpp; path = RequestModel.mm; sourceTree = "<group>"; };
		AAF4969E19B47585008A9372 /* Unread.cpp */ = {isa = PBXFileReference; fileEncoding = 4; lastKnownFileType = sourcecode.cpp.cpp; path = Unread.cpp; sourceTree = "<group>"; };
		AAF4969F19B47585008A9372 /* Unread.h */ = {isa = PBXFileReference; fileEncoding = 4; lastKnownFileType = sourcecode.c.h; path = Unread.h; sourceTree = "<group>"; };
		AAF61301198F5C9F00555364 /* Session.cpp */ = {isa = PBXFileReference; fileEncoding = 4; lastKnownFileType = sourcecode.cpp.cpp; path = Session.cpp; sourceTree = "<group>"; };
		AAF61302198F5C9F00555364 /* Session.h */ = {isa = PBXFileReference; fileEncoding = 4; lastKnownFileType = sourcecode.c.h; lineEnding = 0; path = Session.h; sourceTree = "<group>"; xcLanguageSpecificationIdentifier = xcode.lang.objcpp; };
		AAF613041990723A00555364 /* Exception.cpp */ = {isa = PBXFileReference; fileEncoding = 4; lastKnownFileType = sourcecode.cpp.cpp; path = Exception.cpp; sourceTree = "<group>"; };
		AAF613051990723A00555364 /* Exception.h */ = {isa = PBXFileReference; fileEncoding = 4; lastKnownFileType = sourcecode.c.h; path = Exception.h; sourceTree = "<group>"; };
/* End PBXFileReference section */

/* Begin PBXFrameworksBuildPhase section */
		AABF3CAC198636C0001C8DCA /* Frameworks */ = {
			isa = PBXFrameworksBuildPhase;
			buildActionMask = 2147483647;
			files = (
				AA92BE0E19C3DAE2002AED49 /* CFNetwork.framework in Frameworks */,
				AA92BE0C19C3DADD002AED49 /* SystemConfiguration.framework in Frameworks */,
				AABF3CB5198636C0001C8DCA /* CoreGraphics.framework in Frameworks */,
				AABF3CB7198636C0001C8DCA /* UIKit.framework in Frameworks */,
				AABF3CB3198636C0001C8DCA /* Foundation.framework in Frameworks */,
			);
			runOnlyForDeploymentPostprocessing = 0;
		};
		AABF3CC7198636C0001C8DCA /* Frameworks */ = {
			isa = PBXFrameworksBuildPhase;
			buildActionMask = 2147483647;
			files = (
				AABF3CCC198636C0001C8DCA /* XCTest.framework in Frameworks */,
				AABF3CCE198636C0001C8DCA /* UIKit.framework in Frameworks */,
				AABF3CCD198636C0001C8DCA /* Foundation.framework in Frameworks */,
			);
			runOnlyForDeploymentPostprocessing = 0;
		};
/* End PBXFrameworksBuildPhase section */

/* Begin PBXGroup section */
		AA1100E2198B3BFA008811E4 /* Common */ = {
			isa = PBXGroup;
			children = (
				AAAFF3B219BB097100E6F3F2 /* table_empty@2x.png */,
				AA30A74B19B49FC8006925F5 /* line@2x.png */,
				AA665F7819A8E4D800FCF5C6 /* header_icon_add@2x.png */,
				AA3374F519A86877005BD678 /* common_btn_red_nor@2x.png */,
				AA3374F619A86877005BD678 /* common_btn_red_press@2x.png */,
				AA3374F119A8681A005BD678 /* common_btn_green_nor@2x.png */,
				AA3374F219A8681A005BD678 /* common_btn_green_press@2x.png */,
				AA1100E3198B3C01008811E4 /* tab_buddy_nor@2x.png */,
				AA1100E4198B3C01008811E4 /* tab_buddy_press@2x.png */,
				AA1100E5198B3C01008811E4 /* tab_me_nor@2x.png */,
				AA1100E6198B3C01008811E4 /* tab_me_press@2x.png */,
				AA1100E7198B3C01008811E4 /* tab_qworld_nor@2x.png */,
				AA1100E8198B3C01008811E4 /* tab_qworld_press@2x.png */,
				AA1100E9198B3C01008811E4 /* tab_recent_nor@2x.png */,
				AA1100EA198B3C01008811E4 /* tab_recent_press@2x.png */,
			);
			path = Common;
			sourceTree = "<group>";
		};
		AA1100F7198B3F0A008811E4 /* Moments */ = {
			isa = PBXGroup;
			children = (
				AA1100F8198B3F0A008811E4 /* MomentsViewController.h */,
				AA1100F9198B3F0A008811E4 /* MomentsViewController.m */,
			);
			path = Moments;
			sourceTree = "<group>";
		};
		AA1100FB198B61B6008811E4 /* TWMessage */ = {
			isa = PBXGroup;
			children = (
				AA1100FF198B61DD008811E4 /* icon-error.png */,
				AA110100198B61DD008811E4 /* icon-error@2x.png */,
				AA110101198B61DD008811E4 /* icon-info.png */,
				AA110102198B61DD008811E4 /* icon-info@2x.png */,
				AA110103198B61DD008811E4 /* icon-success.png */,
				AA110104198B61DD008811E4 /* icon-success@2x.png */,
				AA1100FC198B61D2008811E4 /* TWMessageBarManager.h */,
				AA1100FD198B61D2008811E4 /* TWMessageBarManager.m */,
			);
			path = TWMessage;
			sourceTree = "<group>";
		};
		AA30A74D19B5590C006925F5 /* Buddy */ = {
			isa = PBXGroup;
			children = (
				AA30A74F19B5592E006925F5 /* BuddyTableViewCell.h */,
				AA30A75019B5592E006925F5 /* BuddyTableViewCell.mm */,
				AAD7D44919BA11C80028957C /* RequestTableViewCell.h */,
				AAD7D44A19BA11C80028957C /* RequestTableViewCell.mm */,
			);
			path = Buddy;
			sourceTree = "<group>";
		};
		AA30A74E19B55913006925F5 /* Chat */ = {
			isa = PBXGroup;
			children = (
				AA6F5F9619C6825100076E6B /* MsgTableViewCell.h */,
				AA6F5F9719C6825100076E6B /* MsgTableViewCell.mm */,
				AA6F5F9C19C6BC6700076E6B /* ChatTableViewCell.h */,
				AA6F5F9D19C6BC6700076E6B /* ChatTableViewCell.mm */,
			);
			path = Chat;
			sourceTree = "<group>";
		};
		AA30A75219B55DE3006925F5 /* Message */ = {
			isa = PBXGroup;
			children = (
				AA30A75319B55DFB006925F5 /* MsgViewController.h */,
				AA30A75419B55DFB006925F5 /* MsgViewController.mm */,
				AA6F5F9319C6821300076E6B /* ChatViewController.h */,
				AA6F5F9419C6821300076E6B /* ChatViewController.mm */,
			);
			path = Message;
			sourceTree = "<group>";
		};
		AA3374F919A86EB8005BD678 /* Icon */ = {
			isa = PBXGroup;
			children = (
				AA33752A19A871CD005BD678 /* MetroUI-Folder-OS-OS-Linux-icon.png */,
				AA665F7619A8DF0F00FCF5C6 /* MetroUI-Folder-OS-OS-Linux-icon2.png */,
				AA33751E19A871A5005BD678 /* Icon-120.png */,
				AA33752019A871A5005BD678 /* Icon-Small.png */,
				AA33752119A871A5005BD678 /* Icon-Small@2x.png */,
				AA33752219A871A5005BD678 /* Icon.png */,
				AA33752319A871A5005BD678 /* Icon@2x.png */,
			);
			path = Icon;
			sourceTree = "<group>";
		};
		AA33752C19A89E29005BD678 /* Buddy */ = {
			isa = PBXGroup;
			children = (
				AA6D73C819B16B9C006DBC6D /* add_icon_friend@2x.png */,
				AA665F8E19AA1D1A00FCF5C6 /* pdi_bottom_edit_btn_press@2x.png */,
				AA665F8F19AA1D1A00FCF5C6 /* pdi_bottom_edit_btn_nor@2x.png */,
				AA665F8819AA138300FCF5C6 /* contact_to_chat_btn_nor@2x.png */,
				AA665F8919AA138300FCF5C6 /* contact_to_chat_btn_press@2x.png */,
				AA33752D19A89E49005BD678 /* contact_add_btn_nor@2x.png */,
				AA33752E19A89E49005BD678 /* contact_add_btn_press@2x.png */,
			);
			path = Buddy;
			sourceTree = "<group>";
		};
		AA49BA4519B419FF0058BFF3 /* Model */ = {
			isa = PBXGroup;
			children = (
				AA49BA4619B41A080058BFF3 /* BuddyModel.mm */,
				AA49BA4719B41A080058BFF3 /* BuddyModel.h */,
				AADF36A619BA1353009198A3 /* RequestModel.h */,
				AADF36A719BA1353009198A3 /* RequestModel.mm */,
				AA6F5F9919C682A700076E6B /* MsgModel.h */,
				AA6F5F9A19C682A700076E6B /* MsgModel.mm */,
			);
			path = Model;
			sourceTree = "<group>";
		};
		AA588B9C1990B4EC00F08821 /* Action */ = {
			isa = PBXGroup;
			children = (
				AA588B9D1990B4EC00F08821 /* Action.cpp */,
				AA588B9E1990B4EC00F08821 /* Action.h */,
				AA588B9F1990B4EC00F08821 /* AddBuddy.cpp */,
				AA588BA01990B4EC00F08821 /* AddBuddy.h */,
				AA588BA11990B4EC00F08821 /* HeartBeat.cpp */,
				AA588BA21990B4EC00F08821 /* HeartBeat.h */,
				AA588BA31990B4EC00F08821 /* Login.cpp */,
				AA588BA41990B4EC00F08821 /* Login.h */,
				AA588BA51990B4EC00F08821 /* Register.cpp */,
				AA588BA61990B4EC00F08821 /* Register.h */,
				AA588BA71990B4EC00F08821 /* RetrieveBuddy.cpp */,
				AA588BA81990B4EC00F08821 /* RetrieveBuddy.h */,
				AA588BA91990B4EC00F08821 /* SendMsg.cpp */,
				AA588BAA1990B4EC00F08821 /* SendMsg.h */,
				AA588BAB1990B4EC00F08821 /* SwitchStatus.cpp */,
				AA588BAC1990B4EC00F08821 /* SwitchStatus.h */,
				AAF4969E19B47585008A9372 /* Unread.cpp */,
				AAF4969F19B47585008A9372 /* Unread.h */,
				AA9106CA19C045580008926E /* RecvPush.cpp */,
				AA9106CB19C045590008926E /* RecvPush.h */,
			);
			path = Action;
			sourceTree = "<group>";
		};
		AA59F02A198A1368009FD449 /* Resource */ = {
			isa = PBXGroup;
			children = (
				AA59F094198A20AE009FD449 /* Image */,
			);
			path = Resource;
			sourceTree = "<group>";
		};
		AA59F02B198A137A009FD449 /* Controller */ = {
			isa = PBXGroup;
			children = (
				AA30A75219B55DE3006925F5 /* Message */,
				AA1100F7198B3F0A008811E4 /* Moments */,
				AA59F093198A208D009FD449 /* Account */,
				AA59F091198A2074009FD449 /* Buddy */,
				AA59F090198A1DF4009FD449 /* Login */,
				AA59F03D198A1A59009FD449 /* Common */,
			);
			path = Controller;
			sourceTree = "<group>";
		};
		AA59F02C198A1382009FD449 /* View */ = {
			isa = PBXGroup;
			children = (
				AA30A74E19B55913006925F5 /* Chat */,
				AA30A74D19B5590C006925F5 /* Buddy */,
				AA59F0AA198A372B009FD449 /* Common */,
			);
			path = View;
			sourceTree = "<group>";
		};
		AA59F02F198A156F009FD449 /* Vendor */ = {
			isa = PBXGroup;
			children = (
				AA65387319AF6B66003B64B0 /* JSBadgeView */,
				AACD74951994A1AE00254C55 /* MBProgressHUD */,
				AA1100FB198B61B6008811E4 /* TWMessage */,
			);
			path = Vendor;
			sourceTree = "<group>";
		};
		AA59F030198A1580009FD449 /* Category */ = {
			isa = PBXGroup;
			children = (
			);
			path = Category;
			sourceTree = "<group>";
		};
		AA59F031198A1590009FD449 /* Helper */ = {
			isa = PBXGroup;
			children = (
				AA446E7519C18A340033C5A0 /* NSString+PJR.h */,
				AA446E7619C18A340033C5A0 /* NSString+PJR.m */,
				AA59F037198A197B009FD449 /* UIColor+Additions.h */,
				AA59F038198A197B009FD449 /* UIColor+Additions.m */,
				AA59F039198A197B009FD449 /* UIImage+Additions.h */,
				AA59F03A198A197B009FD449 /* UIImage+Additions.m */,
				AA7D661319C2E90300488EFC /* Reachability.h */,
				AA7D661419C2E90300488EFC /* Reachability.m */,
				AA59F032198A15F0009FD449 /* Constants.h */,
				AA59F033198A15F0009FD449 /* Constants.m */,
				AA59F036198A1684009FD449 /* Macro.h */,
			);
			path = Helper;
			sourceTree = "<group>";
		};
		AA59F03D198A1A59009FD449 /* Common */ = {
			isa = PBXGroup;
			children = (
				AA59F03E198A1A59009FD449 /* BackViewController.h */,
				AA59F03F198A1A59009FD449 /* BackViewController.m */,
				AA59F040198A1A59009FD449 /* BaseNavigationController.h */,
				AA59F041198A1A59009FD449 /* BaseNavigationController.m */,
				AA59F042198A1A59009FD449 /* BaseTabBarViewController.h */,
				AA59F043198A1A59009FD449 /* BaseTabBarViewController.m */,
				AA59F044198A1A59009FD449 /* BaseViewController.h */,
				AA59F045198A1A59009FD449 /* BaseViewController.m */,
				AA9131EB199BA98B00524E8D /* BaseTableViewController.h */,
				AA9131EC199BA98B00524E8D /* BaseTableViewController.m */,
				AA6D73C519B168C9006DBC6D /* BackTableViewController.h */,
				AA6D73C619B168C9006DBC6D /* BackTableViewController.m */,
			);
			path = Common;
			sourceTree = "<group>";
		};
		AA59F090198A1DF4009FD449 /* Login */ = {
			isa = PBXGroup;
			children = (
				AA59F09A198A25C6009FD449 /* LoginViewController.h */,
				AA59F09B198A25C6009FD449 /* LoginViewController.mm */,
				AA59F09D198A25EA009FD449 /* RegViewController.h */,
				AA59F09E198A25EA009FD449 /* RegViewController.mm */,
			);
			path = Login;
			sourceTree = "<group>";
		};
		AA59F091198A2074009FD449 /* Buddy */ = {
			isa = PBXGroup;
			children = (
				AA59F0AE198A4117009FD449 /* BuddyViewController.h */,
				AA59F0AF198A4117009FD449 /* BuddyViewController.mm */,
				AA665F7119A8D86A00FCF5C6 /* AddBuddyViewController.h */,
				AA665F7219A8D86A00FCF5C6 /* AddBuddyViewController.mm */,
				AA6D73C219B1673B006DBC6D /* NewBuddyViewController.h */,
				AA6D73C319B1673B006DBC6D /* NewBuddyViewController.mm */,
			);
			path = Buddy;
			sourceTree = "<group>";
		};
		AA59F093198A208D009FD449 /* Account */ = {
			isa = PBXGroup;
			children = (
				AA98798019B6E281002AE2AF /* OnlineViewController.h */,
				AA98798119B6E281002AE2AF /* OnlineViewController.mm */,
				AA59F0B4198A4142009FD449 /* AccountViewController.h */,
				AA59F0B5198A4142009FD449 /* AccountViewController.mm */,
				AA665F8019A961EF00FCF5C6 /* ProfileViewController.h */,
				AA665F8119A961EF00FCF5C6 /* ProfileViewController.mm */,
				AA665F8319A971ED00FCF5C6 /* SignatureViewController.h */,
				AA665F8419A971ED00FCF5C6 /* SignatureViewController.mm */,
			);
			path = Account;
			sourceTree = "<group>";
		};
		AA59F094198A20AE009FD449 /* Image */ = {
			isa = PBXGroup;
			children = (
				AA6F5F9F19C6BF7E00076E6B /* Message */,
				AA33752C19A89E29005BD678 /* Buddy */,
				AA3374F919A86EB8005BD678 /* Icon */,
				AA1100E2198B3BFA008811E4 /* Common */,
				AA59F095198A211C009FD449 /* Login */,
			);
			path = Image;
			sourceTree = "<group>";
		};
		AA59F095198A211C009FD449 /* Login */ = {
			isa = PBXGroup;
			children = (
				AA59F0A6198A3667009FD449 /* login_btn_blue_nor@2x.png */,
				AA59F0A7198A3667009FD449 /* login_btn_blue_press@2x.png */,
				AA59F0A4198A3187009FD449 /* login_textfield@2x.png */,
				AA59F0A2198A2C5D009FD449 /* login_avatar_default@2x.png */,
				AA59F0A0198A28CF009FD449 /* login_avatar@2x.png */,
				AA59F096198A2250009FD449 /* login_bg_ip5@2x.jpg */,
				AA59F097198A2250009FD449 /* login_bg@2x.jpg */,
			);
			path = Login;
			sourceTree = "<group>";
		};
		AA59F0AA198A372B009FD449 /* Common */ = {
			isa = PBXGroup;
			children = (
				AA59F0AB198A3732009FD449 /* LeeScrollView.h */,
				AA59F0AC198A3732009FD449 /* LeeScrollView.m */,
				AA665F7A19A8E66300FCF5C6 /* TextFieldTableViewCell.h */,
				AA665F7B19A8E66300FCF5C6 /* TextFieldTableViewCell.m */,
				AA665F7D19A8E9B100FCF5C6 /* LeftMarginTextField.h */,
				AA665F7E19A8E9B100FCF5C6 /* LeftMarginTextField.m */,
				AA6D73CE19B1E739006DBC6D /* BadgeButton.h */,
				AA6D73CF19B1E739006DBC6D /* BadgeButton.m */,
				AACF5CCE19BF01D8008D9E80 /* IndexPathButton.h */,
				AACF5CCF19BF01D8008D9E80 /* IndexPathButton.m */,
			);
			path = Common;
			sourceTree = "<group>";
		};
		AA65387319AF6B66003B64B0 /* JSBadgeView */ = {
			isa = PBXGroup;
			children = (
				AA65387419AF6B66003B64B0 /* JSBadgeView.h */,
				AA65387519AF6B67003B64B0 /* JSBadgeView.m */,
			);
			path = JSBadgeView;
			sourceTree = "<group>";
		};
		AA6F5F9F19C6BF7E00076E6B /* Message */ = {
			isa = PBXGroup;
			children = (
				AA6F5FA019C6BF8600076E6B /* chat_bottom_bg@2x.png */,
				AA6F5FA119C6BF8600076E6B /* chat_bottom_smile_nor@2x.png */,
				AA6F5FA219C6BF8600076E6B /* chat_bottom_smile_press@2x.png */,
				AA6F5FA319C6BF8600076E6B /* chat_bottom_textfield@2x.png */,
				AA6F5FA419C6BF8600076E6B /* chat_bottom_up_nor@2x.png */,
				AA6F5FA519C6BF8600076E6B /* chat_bottom_up_press@2x.png */,
				AA6F5FA619C6BF8600076E6B /* chat_bottom_voice_nor@2x.png */,
				AA6F5FA719C6BF8600076E6B /* chat_bottom_voice_press@2x.png */,
				AA6F5FA819C6BF8600076E6B /* chat_recive_nor@2x.png */,
				AA6F5FA919C6BF8600076E6B /* chat_recive_press_pic@2x.png */,
				AA6F5FAA19C6BF8600076E6B /* chat_send_nor@2x.png */,
				AA6F5FAB19C6BF8600076E6B /* chat_send_press_pic@2x.png */,
			);
			path = Message;
			sourceTree = "<group>";
		};
		AAA6DCC3198B918100EB948E /* Public */ = {
			isa = PBXGroup;
			children = (
				AAA6DCE0198B962E00EB948E /* Socket.cpp */,
				AAA6DCE1198B962E00EB948E /* Socket.h */,
				AAA6DCC4198B918100EB948E /* Endian.cpp */,
				AAA6DCC5198B918100EB948E /* Endian.h */,
				AAA6DCC6198B918100EB948E /* Idea.cpp */,
				AAA6DCC7198B918100EB948E /* Idea.h */,
				AAA6DCC8198B918100EB948E /* InStream.cpp */,
				AAA6DCC9198B918100EB948E /* InStream.h */,
				AAA6DCCA198B918100EB948E /* Logging.cpp */,
				AAA6DCCB198B918100EB948E /* Logging.h */,
				AAA6DCCC198B918100EB948E /* LogStream.cpp */,
				AAA6DCCD198B918100EB948E /* LogStream.h */,
				AAA6DCCE198B918100EB948E /* MD5.cpp */,
				AAA6DCCF198B918100EB948E /* MD5.h */,
				AAA6DCD0198B918100EB948E /* Noncopyable.h */,
				AAA6DCD1198B918100EB948E /* OutStream.cpp */,
				AAA6DCD2198B918100EB948E /* OutStream.h */,
				AAA6DCD3198B918100EB948E /* Singleton.h */,
				AAA6DCD4198B918100EB948E /* StringPiece.h */,
				AAA6DCD5198B918100EB948E /* Timestamp.cpp */,
				AAA6DCD6198B918100EB948E /* Timestamp.h */,
				AAA6DCD7198B918100EB948E /* Types.h */,
				AAF613041990723A00555364 /* Exception.cpp */,
				AAF613051990723A00555364 /* Exception.h */,
			);
			path = Public;
			sourceTree = "<group>";
		};
		AABF3CA6198636C0001C8DCA = {
			isa = PBXGroup;
			children = (
				AABF3CB8198636C0001C8DCA /* ETImClient */,
				AABF3CD1198636C0001C8DCA /* ETImClientTests */,
				AABF3CB1198636C0001C8DCA /* Frameworks */,
				AABF3CB0198636C0001C8DCA /* Products */,
			);
			sourceTree = "<group>";
		};
		AABF3CB0198636C0001C8DCA /* Products */ = {
			isa = PBXGroup;
			children = (
				AABF3CAF198636C0001C8DCA /* ETImClient.app */,
				AABF3CCA198636C0001C8DCA /* ETImClientTests.xctest */,
			);
			name = Products;
			sourceTree = "<group>";
		};
		AABF3CB1198636C0001C8DCA /* Frameworks */ = {
			isa = PBXGroup;
			children = (
				AA92BE0D19C3DAE2002AED49 /* CFNetwork.framework */,
				AA92BE0B19C3DADD002AED49 /* SystemConfiguration.framework */,
				AABF3CB2198636C0001C8DCA /* Foundation.framework */,
				AABF3CB4198636C0001C8DCA /* CoreGraphics.framework */,
				AABF3CB6198636C0001C8DCA /* UIKit.framework */,
				AABF3CCB198636C0001C8DCA /* XCTest.framework */,
			);
			name = Frameworks;
			sourceTree = "<group>";
		};
		AABF3CB8198636C0001C8DCA /* ETImClient */ = {
			isa = PBXGroup;
			children = (
				AA49BA4519B419FF0058BFF3 /* Model */,
				AAF612FD198F564E00555364 /* Client */,
				AAA6DCC3198B918100EB948E /* Public */,
				AA59F031198A1590009FD449 /* Helper */,
				AA59F030198A1580009FD449 /* Category */,
				AA59F02F198A156F009FD449 /* Vendor */,
				AA59F02C198A1382009FD449 /* View */,
				AA59F02B198A137A009FD449 /* Controller */,
				AA59F02A198A1368009FD449 /* Resource */,
				AABF3CC1198636C0001C8DCA /* AppDelegate.h */,
				AABF3CC2198636C0001C8DCA /* AppDelegate.mm */,
				AABF3CC4198636C0001C8DCA /* Images.xcassets */,
				AABF3CB9198636C0001C8DCA /* Supporting Files */,
			);
			path = ETImClient;
			sourceTree = "<group>";
		};
		AABF3CB9198636C0001C8DCA /* Supporting Files */ = {
			isa = PBXGroup;
			children = (
				AABF3CBA198636C0001C8DCA /* ETImClient-Info.plist */,
				AABF3CBB198636C0001C8DCA /* InfoPlist.strings */,
				AABF3CBE198636C0001C8DCA /* main.m */,
				AABF3CC0198636C0001C8DCA /* ETImClient-Prefix.pch */,
			);
			name = "Supporting Files";
			sourceTree = "<group>";
		};
		AABF3CD1198636C0001C8DCA /* ETImClientTests */ = {
			isa = PBXGroup;
			children = (
				AABF3CD7198636C0001C8DCA /* ETImClientTests.m */,
				AABF3CD2198636C0001C8DCA /* Supporting Files */,
			);
			path = ETImClientTests;
			sourceTree = "<group>";
		};
		AABF3CD2198636C0001C8DCA /* Supporting Files */ = {
			isa = PBXGroup;
			children = (
				AABF3CD3198636C0001C8DCA /* ETImClientTests-Info.plist */,
				AABF3CD4198636C0001C8DCA /* InfoPlist.strings */,
			);
			name = "Supporting Files";
			sourceTree = "<group>";
		};
		AACD74951994A1AE00254C55 /* MBProgressHUD */ = {
			isa = PBXGroup;
			children = (
				AA9131E319990F3900524E8D /* 37x-Checkmark.png */,
				AA9131E419990F3900524E8D /* 37x-Checkmark@2x.png */,
				AACD74961994A1CB00254C55 /* MBProgressHUD.h */,
				AACD74971994A1CB00254C55 /* MBProgressHUD.m */,
			);
			path = MBProgressHUD;
			sourceTree = "<group>";
		};
		AAF612FD198F564E00555364 /* Client */ = {
			isa = PBXGroup;
			children = (
				AA588B9C1990B4EC00F08821 /* Action */,
				AA588B991990B4E500F08821 /* ActionManager.cpp */,
				AA588B9A1990B4E500F08821 /* ActionManager.h */,
				AAF61301198F5C9F00555364 /* Session.cpp */,
				AAF61302198F5C9F00555364 /* Session.h */,
				AA7EB9961992674D000BD838 /* Client.h */,
				AA7EB9971992674D000BD838 /* Client.mm */,
				AA9131EE199CE7C100524E8D /* DataStruct.h */,
				AA12CC0419C28080003BF55A /* SendOperation.h */,
				AA12CC0519C28080003BF55A /* SendOperation.mm */,
			);
			path = Client;
			sourceTree = "<group>";
		};
/* End PBXGroup section */

/* Begin PBXNativeTarget section */
		AABF3CAE198636C0001C8DCA /* ETImClient */ = {
			isa = PBXNativeTarget;
			buildConfigurationList = AABF3CDB198636C0001C8DCA /* Build configuration list for PBXNativeTarget "ETImClient" */;
			buildPhases = (
				AABF3CAB198636C0001C8DCA /* Sources */,
				AABF3CAC198636C0001C8DCA /* Frameworks */,
				AABF3CAD198636C0001C8DCA /* Resources */,
			);
			buildRules = (
			);
			dependencies = (
			);
			name = ETImClient;
			productName = ETImClient;
			productReference = AABF3CAF198636C0001C8DCA /* ETImClient.app */;
			productType = "com.apple.product-type.application";
		};
		AABF3CC9198636C0001C8DCA /* ETImClientTests */ = {
			isa = PBXNativeTarget;
			buildConfigurationList = AABF3CDE198636C0001C8DCA /* Build configuration list for PBXNativeTarget "ETImClientTests" */;
			buildPhases = (
				AABF3CC6198636C0001C8DCA /* Sources */,
				AABF3CC7198636C0001C8DCA /* Frameworks */,
				AABF3CC8198636C0001C8DCA /* Resources */,
			);
			buildRules = (
			);
			dependencies = (
				AABF3CD0198636C0001C8DCA /* PBXTargetDependency */,
			);
			name = ETImClientTests;
			productName = ETImClientTests;
			productReference = AABF3CCA198636C0001C8DCA /* ETImClientTests.xctest */;
			productType = "com.apple.product-type.bundle.unit-test";
		};
/* End PBXNativeTarget section */

/* Begin PBXProject section */
		AABF3CA7198636C0001C8DCA /* Project object */ = {
			isa = PBXProject;
			attributes = {
				LastUpgradeCheck = 0510;
				ORGANIZATIONNAME = Pingan;
				TargetAttributes = {
					AABF3CC9198636C0001C8DCA = {
						TestTargetID = AABF3CAE198636C0001C8DCA;
					};
				};
			};
			buildConfigurationList = AABF3CAA198636C0001C8DCA /* Build configuration list for PBXProject "ETImClient" */;
			compatibilityVersion = "Xcode 3.2";
			developmentRegion = English;
			hasScannedForEncodings = 0;
			knownRegions = (
				en,
				Base,
			);
			mainGroup = AABF3CA6198636C0001C8DCA;
			productRefGroup = AABF3CB0198636C0001C8DCA /* Products */;
			projectDirPath = "";
			projectRoot = "";
			targets = (
				AABF3CAE198636C0001C8DCA /* ETImClient */,
				AABF3CC9198636C0001C8DCA /* ETImClientTests */,
			);
		};
/* End PBXProject section */

/* Begin PBXResourcesBuildPhase section */
		AABF3CAD198636C0001C8DCA /* Resources */ = {
			isa = PBXResourcesBuildPhase;
			buildActionMask = 2147483647;
			files = (
				AA6F5FAC19C6BF8600076E6B /* chat_bottom_bg@2x.png in Resources */,
				AA33752819A871A5005BD678 /* Icon.png in Resources */,
				AA59F098198A2250009FD449 /* login_bg_ip5@2x.jpg in Resources */,
				AA59F099198A2250009FD449 /* login_bg@2x.jpg in Resources */,
				AA1100EC198B3C01008811E4 /* tab_buddy_press@2x.png in Resources */,
				AA6F5FB719C6BF8600076E6B /* chat_send_press_pic@2x.png in Resources */,
				AA110108198B61DD008811E4 /* icon-info@2x.png in Resources */,
				AA11010A198B61DD008811E4 /* icon-success@2x.png in Resources */,
				AA9131E619990F3900524E8D /* 37x-Checkmark@2x.png in Resources */,
				AA110109198B61DD008811E4 /* icon-success.png in Resources */,
				AA1100F2198B3C01008811E4 /* tab_recent_press@2x.png in Resources */,
				AA665F8C19AA138300FCF5C6 /* contact_to_chat_btn_nor@2x.png in Resources */,
				AA33752919A871A5005BD678 /* Icon@2x.png in Resources */,
				AA1100EE198B3C01008811E4 /* tab_me_press@2x.png in Resources */,
				AA3374F319A8681A005BD678 /* common_btn_green_nor@2x.png in Resources */,
				AABF3CBD198636C0001C8DCA /* InfoPlist.strings in Resources */,
				AA33752F19A89E49005BD678 /* contact_add_btn_nor@2x.png in Resources */,
				AA110107198B61DD008811E4 /* icon-info.png in Resources */,
				AA30A74C19B49FC8006925F5 /* line@2x.png in Resources */,
				AA110106198B61DD008811E4 /* icon-error@2x.png in Resources */,
				AA59F0A3198A2C5D009FD449 /* login_avatar_default@2x.png in Resources */,
				AA6F5FB019C6BF8600076E6B /* chat_bottom_up_nor@2x.png in Resources */,
				AA6F5FB519C6BF8600076E6B /* chat_recive_press_pic@2x.png in Resources */,
				AA6F5FAD19C6BF8600076E6B /* chat_bottom_smile_nor@2x.png in Resources */,
				AA6F5FB419C6BF8600076E6B /* chat_recive_nor@2x.png in Resources */,
				AA59F0A5198A3187009FD449 /* login_textfield@2x.png in Resources */,
				AA1100F1198B3C01008811E4 /* tab_recent_nor@2x.png in Resources */,
				AA6F5FB619C6BF8600076E6B /* chat_send_nor@2x.png in Resources */,
				AA33752619A871A5005BD678 /* Icon-Small.png in Resources */,
				AA110105198B61DD008811E4 /* icon-error.png in Resources */,
				AA665F9019AA1D1A00FCF5C6 /* pdi_bottom_edit_btn_press@2x.png in Resources */,
				AABF3CC5198636C0001C8DCA /* Images.xcassets in Resources */,
				AA59F0A1198A28CF009FD449 /* login_avatar@2x.png in Resources */,
				AA1100ED198B3C01008811E4 /* tab_me_nor@2x.png in Resources */,
				AA33752719A871A5005BD678 /* Icon-Small@2x.png in Resources */,
				AA6D73C919B16B9C006DBC6D /* add_icon_friend@2x.png in Resources */,
				AA665F9119AA1D1A00FCF5C6 /* pdi_bottom_edit_btn_nor@2x.png in Resources */,
				AA6F5FAE19C6BF8600076E6B /* chat_bottom_smile_press@2x.png in Resources */,
				AA1100EB198B3C01008811E4 /* tab_buddy_nor@2x.png in Resources */,
				AA59F0A8198A3667009FD449 /* login_btn_blue_nor@2x.png in Resources */,
				AA6F5FB219C6BF8600076E6B /* chat_bottom_voice_nor@2x.png in Resources */,
				AA6F5FAF19C6BF8600076E6B /* chat_bottom_textfield@2x.png in Resources */,
				AA59F0A9198A3667009FD449 /* login_btn_blue_press@2x.png in Resources */,
				AAAFF3B319BB097100E6F3F2 /* table_empty@2x.png in Resources */,
				AA3374F819A86877005BD678 /* common_btn_red_press@2x.png in Resources */,
				AA33752B19A871CD005BD678 /* MetroUI-Folder-OS-OS-Linux-icon.png in Resources */,
				AA9131E519990F3900524E8D /* 37x-Checkmark.png in Resources */,
				AA665F7919A8E4D800FCF5C6 /* header_icon_add@2x.png in Resources */,
				AA33753019A89E49005BD678 /* contact_add_btn_press@2x.png in Resources */,
				AA665F8D19AA138300FCF5C6 /* contact_to_chat_btn_press@2x.png in Resources */,
				AA665F7719A8DF0F00FCF5C6 /* MetroUI-Folder-OS-OS-Linux-icon2.png in Resources */,
				AA3374F719A86877005BD678 /* common_btn_red_nor@2x.png in Resources */,
				AA6F5FB319C6BF8600076E6B /* chat_bottom_voice_press@2x.png in Resources */,
				AA3374F419A8681A005BD678 /* common_btn_green_press@2x.png in Resources */,
				AA6F5FB119C6BF8600076E6B /* chat_bottom_up_press@2x.png in Resources */,
				AA1100EF198B3C01008811E4 /* tab_qworld_nor@2x.png in Resources */,
				AA33752419A871A5005BD678 /* Icon-120.png in Resources */,
				AA1100F0198B3C01008811E4 /* tab_qworld_press@2x.png in Resources */,
			);
			runOnlyForDeploymentPostprocessing = 0;
		};
		AABF3CC8198636C0001C8DCA /* Resources */ = {
			isa = PBXResourcesBuildPhase;
			buildActionMask = 2147483647;
			files = (
				AABF3CD6198636C0001C8DCA /* InfoPlist.strings in Resources */,
			);
			runOnlyForDeploymentPostprocessing = 0;
		};
/* End PBXResourcesBuildPhase section */

/* Begin PBXSourcesBuildPhase section */
		AABF3CAB198636C0001C8DCA /* Sources */ = {
			isa = PBXSourcesBuildPhase;
			buildActionMask = 2147483647;
			files = (
				AAA6DCDD198B918100EB948E /* MD5.cpp in Sources */,
				AABF3CC3198636C0001C8DCA /* AppDelegate.mm in Sources */,
				AAA6DCDE198B918100EB948E /* OutStream.cpp in Sources */,
				AA588BB11990B4EC00F08821 /* Register.cpp in Sources */,
				AA588B9B1990B4E500F08821 /* ActionManager.cpp in Sources */,
				AA59F074198A1A59009FD449 /* BaseViewController.m in Sources */,
				AA30A75519B55DFB006925F5 /* MsgViewController.mm in Sources */,
				AA59F0AD198A3732009FD449 /* LeeScrollView.m in Sources */,
				AA59F0B0198A4117009FD449 /* BuddyViewController.mm in Sources */,
				AAA6DCDA198B918100EB948E /* InStream.cpp in Sources */,
				AA65387619AF6B67003B64B0 /* JSBadgeView.m in Sources */,
				AA1100FA198B3F0A008811E4 /* MomentsViewController.m in Sources */,
				AAF61303198F5C9F00555364 /* Session.cpp in Sources */,
				AA588BB41990B4EC00F08821 /* SwitchStatus.cpp in Sources */,
				AA59F0B6198A4142009FD449 /* AccountViewController.mm in Sources */,
				AAD7D44B19BA11C80028957C /* RequestTableViewCell.mm in Sources */,
				AAA6DCD8198B918100EB948E /* Endian.cpp in Sources */,
				AA9131ED199BA98B00524E8D /* BaseTableViewController.m in Sources */,
				AA6D73D019B1E739006DBC6D /* BadgeButton.m in Sources */,
				AA1100FE198B61D2008811E4 /* TWMessageBarManager.m in Sources */,
				AA59F072198A1A59009FD449 /* BaseNavigationController.m in Sources */,
				AA665F7319A8D86A00FCF5C6 /* AddBuddyViewController.mm in Sources */,
				AAA6DCDC198B918100EB948E /* LogStream.cpp in Sources */,
				AA665F8519A971ED00FCF5C6 /* SignatureViewController.mm in Sources */,
				AA59F03B198A197B009FD449 /* UIColor+Additions.m in Sources */,
				AA30A75119B5592E006925F5 /* BuddyTableViewCell.mm in Sources */,
				AAA6DCD9198B918100EB948E /* Idea.cpp in Sources */,
				AAA6DCE2198B962E00EB948E /* Socket.cpp in Sources */,
				AA49BA4819B41A080058BFF3 /* BuddyModel.mm in Sources */,
				AA59F09C198A25C6009FD449 /* LoginViewController.mm in Sources */,
				AA446E7719C18A340033C5A0 /* NSString+PJR.m in Sources */,
				AACD74981994A1CB00254C55 /* MBProgressHUD.m in Sources */,
				AA588BB01990B4EC00F08821 /* Login.cpp in Sources */,
				AA6D73C719B168C9006DBC6D /* BackTableViewController.m in Sources */,
				AA588BB31990B4EC00F08821 /* SendMsg.cpp in Sources */,
				AA59F073198A1A59009FD449 /* BaseTabBarViewController.m in Sources */,
				AABF3CBF198636C0001C8DCA /* main.m in Sources */,
				AA6F5F9819C6825100076E6B /* MsgTableViewCell.mm in Sources */,
				AAF496A019B47585008A9372 /* Unread.cpp in Sources */,
				AA665F8219A961EF00FCF5C6 /* ProfileViewController.mm in Sources */,
				AA588BAF1990B4EC00F08821 /* HeartBeat.cpp in Sources */,
				AAF613061990723A00555364 /* Exception.cpp in Sources */,
				AA59F071198A1A59009FD449 /* BackViewController.m in Sources */,
				AAA6DCDF198B918100EB948E /* Timestamp.cpp in Sources */,
				AA6F5F9519C6821300076E6B /* ChatViewController.mm in Sources */,
				AADF36A819BA1353009198A3 /* RequestModel.mm in Sources */,
				AA7EB9981992674D000BD838 /* Client.mm in Sources */,
				AACF5CD019BF01D8008D9E80 /* IndexPathButton.m in Sources */,
				AA59F03C198A197B009FD449 /* UIImage+Additions.m in Sources */,
				AA6F5F9E19C6BC6700076E6B /* ChatTableViewCell.mm in Sources */,
				AA588BB21990B4EC00F08821 /* RetrieveBuddy.cpp in Sources */,
				AA7D661519C2E90300488EFC /* Reachability.m in Sources */,
				AA12CC0619C28080003BF55A /* SendOperation.mm in Sources */,
				AA665F7F19A8E9B100FCF5C6 /* LeftMarginTextField.m in Sources */,
				AA9106CC19C045590008926E /* RecvPush.cpp in Sources */,
				AA588BAD1990B4EC00F08821 /* Action.cpp in Sources */,
				AA98798219B6E281002AE2AF /* OnlineViewController.mm in Sources */,
				AA665F7C19A8E66300FCF5C6 /* TextFieldTableViewCell.m in Sources */,
				AA59F09F198A25EA009FD449 /* RegViewController.mm in Sources */,
				AAA6DCDB198B918100EB948E /* Logging.cpp in Sources */,
				AA588BAE1990B4EC00F08821 /* AddBuddy.cpp in Sources */,
				AA6F5F9B19C682A700076E6B /* MsgModel.mm in Sources */,
				AA59F034198A15F0009FD449 /* Constants.m in Sources */,
				AA6D73C419B1673B006DBC6D /* NewBuddyViewController.mm in Sources */,
			);
			runOnlyForDeploymentPostprocessing = 0;
		};
		AABF3CC6198636C0001C8DCA /* Sources */ = {
			isa = PBXSourcesBuildPhase;
			buildActionMask = 2147483647;
			files = (
				AABF3CD8198636C0001C8DCA /* ETImClientTests.m in Sources */,
			);
			runOnlyForDeploymentPostprocessing = 0;
		};
/* End PBXSourcesBuildPhase section */

/* Begin PBXTargetDependency section */
		AABF3CD0198636C0001C8DCA /* PBXTargetDependency */ = {
			isa = PBXTargetDependency;
			target = AABF3CAE198636C0001C8DCA /* ETImClient */;
			targetProxy = AABF3CCF198636C0001C8DCA /* PBXContainerItemProxy */;
		};
/* End PBXTargetDependency section */

/* Begin PBXVariantGroup section */
		AABF3CBB198636C0001C8DCA /* InfoPlist.strings */ = {
			isa = PBXVariantGroup;
			children = (
				AABF3CBC198636C0001C8DCA /* en */,
			);
			name = InfoPlist.strings;
			sourceTree = "<group>";
		};
		AABF3CD4198636C0001C8DCA /* InfoPlist.strings */ = {
			isa = PBXVariantGroup;
			children = (
				AABF3CD5198636C0001C8DCA /* en */,
			);
			name = InfoPlist.strings;
			sourceTree = "<group>";
		};
/* End PBXVariantGroup section */

/* Begin XCBuildConfiguration section */
		AABF3CD9198636C0001C8DCA /* Debug */ = {
			isa = XCBuildConfiguration;
			buildSettings = {
				ALWAYS_SEARCH_USER_PATHS = NO;
				CLANG_CXX_LANGUAGE_STANDARD = "gnu++0x";
				CLANG_CXX_LIBRARY = "libc++";
				CLANG_ENABLE_MODULES = YES;
				CLANG_ENABLE_OBJC_ARC = YES;
				CLANG_WARN_BOOL_CONVERSION = YES;
				CLANG_WARN_CONSTANT_CONVERSION = YES;
				CLANG_WARN_DIRECT_OBJC_ISA_USAGE = YES_ERROR;
				CLANG_WARN_EMPTY_BODY = YES;
				CLANG_WARN_ENUM_CONVERSION = YES;
				CLANG_WARN_INT_CONVERSION = YES;
				CLANG_WARN_OBJC_ROOT_CLASS = YES_ERROR;
				CLANG_WARN__DUPLICATE_METHOD_MATCH = YES;
				CODE_SIGN_IDENTITY = "iPhone Developer: pin lin (VQ873F9G68)";
				"CODE_SIGN_IDENTITY[sdk=iphoneos*]" = "iPhone Developer: pin lin (VQ873F9G68)";
				COPY_PHASE_STRIP = NO;
				GCC_C_LANGUAGE_STANDARD = gnu99;
				GCC_DYNAMIC_NO_PIC = NO;
				GCC_OPTIMIZATION_LEVEL = 0;
				GCC_PREPROCESSOR_DEFINITIONS = (
					"DEBUG=1",
					"$(inherited)",
				);
				GCC_SYMBOLS_PRIVATE_EXTERN = NO;
				GCC_WARN_64_TO_32_BIT_CONVERSION = YES;
				GCC_WARN_ABOUT_RETURN_TYPE = YES_ERROR;
				GCC_WARN_UNDECLARED_SELECTOR = YES;
				GCC_WARN_UNINITIALIZED_AUTOS = YES_AGGRESSIVE;
				GCC_WARN_UNUSED_FUNCTION = YES;
				GCC_WARN_UNUSED_VARIABLE = YES;
				IPHONEOS_DEPLOYMENT_TARGET = 7.1;
				ONLY_ACTIVE_ARCH = YES;
				SDKROOT = iphoneos;
			};
			name = Debug;
		};
		AABF3CDA198636C0001C8DCA /* Release */ = {
			isa = XCBuildConfiguration;
			buildSettings = {
				ALWAYS_SEARCH_USER_PATHS = NO;
				CLANG_CXX_LANGUAGE_STANDARD = "gnu++0x";
				CLANG_CXX_LIBRARY = "libc++";
				CLANG_ENABLE_MODULES = YES;
				CLANG_ENABLE_OBJC_ARC = YES;
				CLANG_WARN_BOOL_CONVERSION = YES;
				CLANG_WARN_CONSTANT_CONVERSION = YES;
				CLANG_WARN_DIRECT_OBJC_ISA_USAGE = YES_ERROR;
				CLANG_WARN_EMPTY_BODY = YES;
				CLANG_WARN_ENUM_CONVERSION = YES;
				CLANG_WARN_INT_CONVERSION = YES;
				CLANG_WARN_OBJC_ROOT_CLASS = YES_ERROR;
				CLANG_WARN__DUPLICATE_METHOD_MATCH = YES;
				"CODE_SIGN_IDENTITY[sdk=iphoneos*]" = "iPhone Developer: pin lin (VQ873F9G68)";
				COPY_PHASE_STRIP = YES;
				ENABLE_NS_ASSERTIONS = NO;
				GCC_C_LANGUAGE_STANDARD = gnu99;
				GCC_WARN_64_TO_32_BIT_CONVERSION = YES;
				GCC_WARN_ABOUT_RETURN_TYPE = YES_ERROR;
				GCC_WARN_UNDECLARED_SELECTOR = YES;
				GCC_WARN_UNINITIALIZED_AUTOS = YES_AGGRESSIVE;
				GCC_WARN_UNUSED_FUNCTION = YES;
				GCC_WARN_UNUSED_VARIABLE = YES;
				IPHONEOS_DEPLOYMENT_TARGET = 7.1;
				SDKROOT = iphoneos;
				VALIDATE_PRODUCT = YES;
			};
			name = Release;
		};
		AABF3CDC198636C0001C8DCA /* Debug */ = {
			isa = XCBuildConfiguration;
			buildSettings = {
				ASSETCATALOG_COMPILER_LAUNCHIMAGE_NAME = LaunchImage;
				GCC_PRECOMPILE_PREFIX_HEADER = YES;
				GCC_PREFIX_HEADER = "ETImClient/ETImClient-Prefix.pch";
				INFOPLIST_FILE = "ETImClient/ETImClient-Info.plist";
				IPHONEOS_DEPLOYMENT_TARGET = 7.0;
				PRODUCT_NAME = "$(TARGET_NAME)";
				PROVISIONING_PROFILE = "4ce69f20-f643-4667-98e4-97d6506a0ef7";
				WRAPPER_EXTENSION = app;
			};
			name = Debug;
		};
		AABF3CDD198636C0001C8DCA /* Release */ = {
			isa = XCBuildConfiguration;
			buildSettings = {
				ASSETCATALOG_COMPILER_LAUNCHIMAGE_NAME = LaunchImage;
				CODE_SIGN_IDENTITY = "iPhone Developer: pin lin (VQ873F9G68)";
				GCC_PRECOMPILE_PREFIX_HEADER = YES;
				GCC_PREFIX_HEADER = "ETImClient/ETImClient-Prefix.pch";
				INFOPLIST_FILE = "ETImClient/ETImClient-Info.plist";
				IPHONEOS_DEPLOYMENT_TARGET = 7.0;
				PRODUCT_NAME = "$(TARGET_NAME)";
				WRAPPER_EXTENSION = app;
			};
			name = Release;
		};
		AABF3CDF198636C0001C8DCA /* Debug */ = {
			isa = XCBuildConfiguration;
			buildSettings = {
				BUNDLE_LOADER = "$(BUILT_PRODUCTS_DIR)/ETImClient.app/ETImClient";
				FRAMEWORK_SEARCH_PATHS = (
					"$(SDKROOT)/Developer/Library/Frameworks",
					"$(inherited)",
					"$(DEVELOPER_FRAMEWORKS_DIR)",
				);
				GCC_PRECOMPILE_PREFIX_HEADER = YES;
				GCC_PREFIX_HEADER = "ETImClient/ETImClient-Prefix.pch";
				GCC_PREPROCESSOR_DEFINITIONS = (
					"DEBUG=1",
					"$(inherited)",
				);
				INFOPLIST_FILE = "ETImClientTests/ETImClientTests-Info.plist";
				PRODUCT_NAME = "$(TARGET_NAME)";
				TEST_HOST = "$(BUNDLE_LOADER)";
				WRAPPER_EXTENSION = xctest;
			};
			name = Debug;
		};
		AABF3CE0198636C0001C8DCA /* Release */ = {
			isa = XCBuildConfiguration;
			buildSettings = {
				BUNDLE_LOADER = "$(BUILT_PRODUCTS_DIR)/ETImClient.app/ETImClient";
				FRAMEWORK_SEARCH_PATHS = (
					"$(SDKROOT)/Developer/Library/Frameworks",
					"$(inherited)",
					"$(DEVELOPER_FRAMEWORKS_DIR)",
				);
				GCC_PRECOMPILE_PREFIX_HEADER = YES;
				GCC_PREFIX_HEADER = "ETImClient/ETImClient-Prefix.pch";
				INFOPLIST_FILE = "ETImClientTests/ETImClientTests-Info.plist";
				PRODUCT_NAME = "$(TARGET_NAME)";
				TEST_HOST = "$(BUNDLE_LOADER)";
				WRAPPER_EXTENSION = xctest;
			};
			name = Release;
		};
/* End XCBuildConfiguration section */

/* Begin XCConfigurationList section */
		AABF3CAA198636C0001C8DCA /* Build configuration list for PBXProject "ETImClient" */ = {
			isa = XCConfigurationList;
			buildConfigurations = (
				AABF3CD9198636C0001C8DCA /* Debug */,
				AABF3CDA198636C0001C8DCA /* Release */,
			);
			defaultConfigurationIsVisible = 0;
			defaultConfigurationName = Release;
		};
		AABF3CDB198636C0001C8DCA /* Build configuration list for PBXNativeTarget "ETImClient" */ = {
			isa = XCConfigurationList;
			buildConfigurations = (
				AABF3CDC198636C0001C8DCA /* Debug */,
				AABF3CDD198636C0001C8DCA /* Release */,
			);
			defaultConfigurationIsVisible = 0;
			defaultConfigurationName = Release;
		};
		AABF3CDE198636C0001C8DCA /* Build configuration list for PBXNativeTarget "ETImClientTests" */ = {
			isa = XCConfigurationList;
			buildConfigurations = (
				AABF3CDF198636C0001C8DCA /* Debug */,
				AABF3CE0198636C0001C8DCA /* Release */,
			);
			defaultConfigurationIsVisible = 0;
			defaultConfigurationName = Release;
		};
/* End XCConfigurationList section */
	};
	rootObject = AABF3CA7198636C0001C8DCA /* Project object */;
}
