// !$*UTF8*$!
{
	archiveVersion = 1;
	classes = {
	};
	objectVersion = 46;
	objects = {

/* Begin PBXBuildFile section */
		0DAFBC851B53941000A66CE7 /* main.m in Sources */ = {isa = PBXBuildFile; fileRef = 0DAFBC841B53941000A66CE7 /* main.m */; };
		0DAFBC881B53941000A66CE7 /* AppDelegate.m in Sources */ = {isa = PBXBuildFile; fileRef = 0DAFBC871B53941000A66CE7 /* AppDelegate.m */; };
		0DAFBC8B1B53941000A66CE7 /* ViewController.m in Sources */ = {isa = PBXBuildFile; fileRef = 0DAFBC8A1B53941000A66CE7 /* ViewController.m */; };
		0DAFBC8E1B53941000A66CE7 /* Main.storyboard in Resources */ = {isa = PBXBuildFile; fileRef = 0DAFBC8C1B53941000A66CE7 /* Main.storyboard */; };
		0DAFBC901B53941000A66CE7 /* Images.xcassets in Resources */ = {isa = PBXBuildFile; fileRef = 0DAFBC8F1B53941000A66CE7 /* Images.xcassets */; };
		0DAFBC931B53941000A66CE7 /* LaunchScreen.xib in Resources */ = {isa = PBXBuildFile; fileRef = 0DAFBC911B53941000A66CE7 /* LaunchScreen.xib */; };
		0DAFBC9F1B53941000A66CE7 /* ETImClientTests.m in Sources */ = {isa = PBXBuildFile; fileRef = 0DAFBC9E1B53941000A66CE7 /* ETImClientTests.m */; };
		0DAFBCAB1B539B2200A66CE7 /* libETImClientFramework.a in Frameworks */ = {isa = PBXBuildFile; fileRef = 0DAFBCAA1B539B2200A66CE7 /* libETImClientFramework.a */; };
/* End PBXBuildFile section */

/* Begin PBXContainerItemProxy section */
		0DAFBC991B53941000A66CE7 /* PBXContainerItemProxy */ = {
			isa = PBXContainerItemProxy;
			containerPortal = 0DAFBC771B53941000A66CE7 /* Project object */;
			proxyType = 1;
			remoteGlobalIDString = 0DAFBC7E1B53941000A66CE7;
			remoteInfo = ETImClient;
		};
/* End PBXContainerItemProxy section */

/* Begin PBXFileReference section */
		0DAFBC7F1B53941000A66CE7 /* ETImClient.app */ = {isa = PBXFileReference; explicitFileType = wrapper.application; includeInIndex = 0; path = ETImClient.app; sourceTree = BUILT_PRODUCTS_DIR; };
		0DAFBC831B53941000A66CE7 /* Info.plist */ = {isa = PBXFileReference; lastKnownFileType = text.plist.xml; path = Info.plist; sourceTree = "<group>"; };
		0DAFBC841B53941000A66CE7 /* main.m */ = {isa = PBXFileReference; lastKnownFileType = sourcecode.c.objc; path = main.m; sourceTree = "<group>"; };
		0DAFBC861B53941000A66CE7 /* AppDelegate.h */ = {isa = PBXFileReference; lastKnownFileType = sourcecode.c.h; path = AppDelegate.h; sourceTree = "<group>"; };
		0DAFBC871B53941000A66CE7 /* AppDelegate.m */ = {isa = PBXFileReference; lastKnownFileType = sourcecode.c.objc; path = AppDelegate.m; sourceTree = "<group>"; };
		0DAFBC891B53941000A66CE7 /* ViewController.h */ = {isa = PBXFileReference; lastKnownFileType = sourcecode.c.h; path = ViewController.h; sourceTree = "<group>"; };
		0DAFBC8A1B53941000A66CE7 /* ViewController.m */ = {isa = PBXFileReference; lastKnownFileType = sourcecode.c.objc; path = ViewController.m; sourceTree = "<group>"; };
		0DAFBC8D1B53941000A66CE7 /* Base */ = {isa = PBXFileReference; lastKnownFileType = file.storyboard; name = Base; path = Base.lproj/Main.storyboard; sourceTree = "<group>"; };
		0DAFBC8F1B53941000A66CE7 /* Images.xcassets */ = {isa = PBXFileReference; lastKnownFileType = folder.assetcatalog; path = Images.xcassets; sourceTree = "<group>"; };
		0DAFBC921B53941000A66CE7 /* Base */ = {isa = PBXFileReference; lastKnownFileType = file.xib; name = Base; path = Base.lproj/LaunchScreen.xib; sourceTree = "<group>"; };
		0DAFBC981B53941000A66CE7 /* ETImClientTests.xctest */ = {isa = PBXFileReference; explicitFileType = wrapper.cfbundle; includeInIndex = 0; path = ETImClientTests.xctest; sourceTree = BUILT_PRODUCTS_DIR; };
		0DAFBC9D1B53941000A66CE7 /* Info.plist */ = {isa = PBXFileReference; lastKnownFileType = text.plist.xml; path = Info.plist; sourceTree = "<group>"; };
		0DAFBC9E1B53941000A66CE7 /* ETImClientTests.m */ = {isa = PBXFileReference; lastKnownFileType = sourcecode.c.objc; path = ETImClientTests.m; sourceTree = "<group>"; };
		0DAFBCA91B5397D100A66CE7 /* ETImClient-Prefix.pch */ = {isa = PBXFileReference; fileEncoding = 4; lastKnownFileType = sourcecode.c.h; path = "ETImClient-Prefix.pch"; sourceTree = "<group>"; };
		0DAFBCAA1B539B2200A66CE7 /* libETImClientFramework.a */ = {isa = PBXFileReference; lastKnownFileType = archive.ar; name = libETImClientFramework.a; path = "../../../../../Library/Developer/Xcode/DerivedData/ETImClientWorkspace-bsvmlcstdgofougealfejvlpirek/Build/Products/Debug-iphoneos/libETImClientFramework.a"; sourceTree = "<group>"; };
/* End PBXFileReference section */

/* Begin PBXFrameworksBuildPhase section */
		0DAFBC7C1B53941000A66CE7 /* Frameworks */ = {
			isa = PBXFrameworksBuildPhase;
			buildActionMask = 2147483647;
			files = (
				0DAFBCAB1B539B2200A66CE7 /* libETImClientFramework.a in Frameworks */,
			);
			runOnlyForDeploymentPostprocessing = 0;
		};
		0DAFBC951B53941000A66CE7 /* Frameworks */ = {
			isa = PBXFrameworksBuildPhase;
			buildActionMask = 2147483647;
			files = (
			);
			runOnlyForDeploymentPostprocessing = 0;
		};
/* End PBXFrameworksBuildPhase section */

/* Begin PBXGroup section */
		0DAFBC761B53941000A66CE7 = {
			isa = PBXGroup;
			children = (
				0DAFBCAA1B539B2200A66CE7 /* libETImClientFramework.a */,
				0DAFBC811B53941000A66CE7 /* ETImClient */,
				0DAFBC9B1B53941000A66CE7 /* ETImClientTests */,
				0DAFBC801B53941000A66CE7 /* Products */,
			);
			sourceTree = "<group>";
		};
		0DAFBC801B53941000A66CE7 /* Products */ = {
			isa = PBXGroup;
			children = (
				0DAFBC7F1B53941000A66CE7 /* ETImClient.app */,
				0DAFBC981B53941000A66CE7 /* ETImClientTests.xctest */,
			);
			name = Products;
			sourceTree = "<group>";
		};
		0DAFBC811B53941000A66CE7 /* ETImClient */ = {
			isa = PBXGroup;
			children = (
				0DAFBC861B53941000A66CE7 /* AppDelegate.h */,
				0DAFBC871B53941000A66CE7 /* AppDelegate.m */,
				0DAFBC891B53941000A66CE7 /* ViewController.h */,
				0DAFBC8A1B53941000A66CE7 /* ViewController.m */,
				0DAFBC8C1B53941000A66CE7 /* Main.storyboard */,
				0DAFBC8F1B53941000A66CE7 /* Images.xcassets */,
				0DAFBC911B53941000A66CE7 /* LaunchScreen.xib */,
				0DAFBC821B53941000A66CE7 /* Supporting Files */,
			);
			path = ETImClient;
			sourceTree = "<group>";
		};
		0DAFBC821B53941000A66CE7 /* Supporting Files */ = {
			isa = PBXGroup;
			children = (
				0DAFBC831B53941000A66CE7 /* Info.plist */,
				0DAFBC841B53941000A66CE7 /* main.m */,
				0DAFBCA91B5397D100A66CE7 /* ETImClient-Prefix.pch */,
			);
			name = "Supporting Files";
			sourceTree = "<group>";
		};
		0DAFBC9B1B53941000A66CE7 /* ETImClientTests */ = {
			isa = PBXGroup;
			children = (
				0DAFBC9E1B53941000A66CE7 /* ETImClientTests.m */,
				0DAFBC9C1B53941000A66CE7 /* Supporting Files */,
			);
			path = ETImClientTests;
			sourceTree = "<group>";
		};
		0DAFBC9C1B53941000A66CE7 /* Supporting Files */ = {
			isa = PBXGroup;
			children = (
				0DAFBC9D1B53941000A66CE7 /* Info.plist */,
			);
			name = "Supporting Files";
			sourceTree = "<group>";
		};
/* End PBXGroup section */

/* Begin PBXNativeTarget section */
		0DAFBC7E1B53941000A66CE7 /* ETImClient */ = {
			isa = PBXNativeTarget;
			buildConfigurationList = 0DAFBCA21B53941000A66CE7 /* Build configuration list for PBXNativeTarget "ETImClient" */;
			buildPhases = (
				0DAFBC7B1B53941000A66CE7 /* Sources */,
				0DAFBC7C1B53941000A66CE7 /* Frameworks */,
				0DAFBC7D1B53941000A66CE7 /* Resources */,
			);
			buildRules = (
			);
			dependencies = (
			);
			name = ETImClient;
			productName = ETImClient;
			productReference = 0DAFBC7F1B53941000A66CE7 /* ETImClient.app */;
			productType = "com.apple.product-type.application";
		};
		0DAFBC971B53941000A66CE7 /* ETImClientTests */ = {
			isa = PBXNativeTarget;
			buildConfigurationList = 0DAFBCA51B53941000A66CE7 /* Build configuration list for PBXNativeTarget "ETImClientTests" */;
			buildPhases = (
				0DAFBC941B53941000A66CE7 /* Sources */,
				0DAFBC951B53941000A66CE7 /* Frameworks */,
				0DAFBC961B53941000A66CE7 /* Resources */,
			);
			buildRules = (
			);
			dependencies = (
				0DAFBC9A1B53941000A66CE7 /* PBXTargetDependency */,
			);
			name = ETImClientTests;
			productName = ETImClientTests;
			productReference = 0DAFBC981B53941000A66CE7 /* ETImClientTests.xctest */;
			productType = "com.apple.product-type.bundle.unit-test";
		};
/* End PBXNativeTarget section */

/* Begin PBXProject section */
		0DAFBC771B53941000A66CE7 /* Project object */ = {
			isa = PBXProject;
			attributes = {
				LastUpgradeCheck = 0630;
				ORGANIZATIONNAME = ethan;
				TargetAttributes = {
					0DAFBC7E1B53941000A66CE7 = {
						CreatedOnToolsVersion = 6.3.1;
					};
					0DAFBC971B53941000A66CE7 = {
						CreatedOnToolsVersion = 6.3.1;
						TestTargetID = 0DAFBC7E1B53941000A66CE7;
					};
				};
			};
			buildConfigurationList = 0DAFBC7A1B53941000A66CE7 /* Build configuration list for PBXProject "ETImClient" */;
			compatibilityVersion = "Xcode 3.2";
			developmentRegion = English;
			hasScannedForEncodings = 0;
			knownRegions = (
				en,
				Base,
			);
			mainGroup = 0DAFBC761B53941000A66CE7;
			productRefGroup = 0DAFBC801B53941000A66CE7 /* Products */;
			projectDirPath = "";
			projectRoot = "";
			targets = (
				0DAFBC7E1B53941000A66CE7 /* ETImClient */,
				0DAFBC971B53941000A66CE7 /* ETImClientTests */,
			);
		};
/* End PBXProject section */

/* Begin PBXResourcesBuildPhase section */
		0DAFBC7D1B53941000A66CE7 /* Resources */ = {
			isa = PBXResourcesBuildPhase;
			buildActionMask = 2147483647;
			files = (
				0DAFBC8E1B53941000A66CE7 /* Main.storyboard in Resources */,
				0DAFBC931B53941000A66CE7 /* LaunchScreen.xib in Resources */,
				0DAFBC901B53941000A66CE7 /* Images.xcassets in Resources */,
			);
			runOnlyForDeploymentPostprocessing = 0;
		};
		0DAFBC961B53941000A66CE7 /* Resources */ = {
			isa = PBXResourcesBuildPhase;
			buildActionMask = 2147483647;
			files = (
			);
			runOnlyForDeploymentPostprocessing = 0;
		};
/* End PBXResourcesBuildPhase section */

/* Begin PBXSourcesBuildPhase section */
		0DAFBC7B1B53941000A66CE7 /* Sources */ = {
			isa = PBXSourcesBuildPhase;
			buildActionMask = 2147483647;
			files = (
				0DAFBC8B1B53941000A66CE7 /* ViewController.m in Sources */,
				0DAFBC881B53941000A66CE7 /* AppDelegate.m in Sources */,
				0DAFBC851B53941000A66CE7 /* main.m in Sources */,
			);
			runOnlyForDeploymentPostprocessing = 0;
		};
		0DAFBC941B53941000A66CE7 /* Sources */ = {
			isa = PBXSourcesBuildPhase;
			buildActionMask = 2147483647;
			files = (
				0DAFBC9F1B53941000A66CE7 /* ETImClientTests.m in Sources */,
			);
			runOnlyForDeploymentPostprocessing = 0;
		};
/* End PBXSourcesBuildPhase section */

/* Begin PBXTargetDependency section */
		0DAFBC9A1B53941000A66CE7 /* PBXTargetDependency */ = {
			isa = PBXTargetDependency;
			target = 0DAFBC7E1B53941000A66CE7 /* ETImClient */;
			targetProxy = 0DAFBC991B53941000A66CE7 /* PBXContainerItemProxy */;
		};
/* End PBXTargetDependency section */

/* Begin PBXVariantGroup section */
		0DAFBC8C1B53941000A66CE7 /* Main.storyboard */ = {
			isa = PBXVariantGroup;
			children = (
				0DAFBC8D1B53941000A66CE7 /* Base */,
			);
			name = Main.storyboard;
			sourceTree = "<group>";
		};
		0DAFBC911B53941000A66CE7 /* LaunchScreen.xib */ = {
			isa = PBXVariantGroup;
			children = (
				0DAFBC921B53941000A66CE7 /* Base */,
			);
			name = LaunchScreen.xib;
			sourceTree = "<group>";
		};
/* End PBXVariantGroup section */

/* Begin XCBuildConfiguration section */
		0DAFBCA01B53941000A66CE7 /* Debug */ = {
			isa = XCBuildConfiguration;
			buildSettings = {
				ALWAYS_SEARCH_USER_PATHS = NO;
				CLANG_CXX_LANGUAGE_STANDARD = "gnu++0x";
				CLANG_CXX_LIBRARY = "libc++";
				CLANG_ENABLE_MODULES = YES;
				CLANG_ENABLE_OBJC_ARC = YES;
				CLANG_WARN_BOOL_CONVERSION = YES;
				CLANG_WARN_CONSTANT_CONVERSION = YES;
				CLANG_WARN_DIRECT_OBJC_ISA_USAGE = YES_ERROR;
				CLANG_WARN_EMPTY_BODY = YES;
				CLANG_WARN_ENUM_CONVERSION = YES;
				CLANG_WARN_INT_CONVERSION = YES;
				CLANG_WARN_OBJC_ROOT_CLASS = YES_ERROR;
				CLANG_WARN_UNREACHABLE_CODE = YES;
				CLANG_WARN__DUPLICATE_METHOD_MATCH = YES;
				"CODE_SIGN_IDENTITY[sdk=iphoneos*]" = "iPhone Developer";
				COPY_PHASE_STRIP = NO;
				DEBUG_INFORMATION_FORMAT = "dwarf-with-dsym";
				ENABLE_STRICT_OBJC_MSGSEND = YES;
				GCC_C_LANGUAGE_STANDARD = gnu99;
				GCC_DYNAMIC_NO_PIC = NO;
				GCC_NO_COMMON_BLOCKS = YES;
				GCC_OPTIMIZATION_LEVEL = 0;
				GCC_PREPROCESSOR_DEFINITIONS = (
					"DEBUG=1",
					"$(inherited)",
				);
				GCC_SYMBOLS_PRIVATE_EXTERN = NO;
				GCC_WARN_64_TO_32_BIT_CONVERSION = YES;
				GCC_WARN_ABOUT_RETURN_TYPE = YES_ERROR;
				GCC_WARN_UNDECLARED_SELECTOR = YES;
				GCC_WARN_UNINITIALIZED_AUTOS = YES_AGGRESSIVE;
				GCC_WARN_UNUSED_FUNCTION = YES;
				GCC_WARN_UNUSED_VARIABLE = YES;
				IPHONEOS_DEPLOYMENT_TARGET = 7.0;
				MTL_ENABLE_DEBUG_INFO = YES;
				ONLY_ACTIVE_ARCH = YES;
				SDKROOT = iphoneos;
			};
			name = Debug;
		};
		0DAFBCA11B53941000A66CE7 /* Release */ = {
			isa = XCBuildConfiguration;
			buildSettings = {
				ALWAYS_SEARCH_USER_PATHS = NO;
				CLANG_CXX_LANGUAGE_STANDARD = "gnu++0x";
				CLANG_CXX_LIBRARY = "libc++";
				CLANG_ENABLE_MODULES = YES;
				CLANG_ENABLE_OBJC_ARC = YES;
				CLANG_WARN_BOOL_CONVERSION = YES;
				CLANG_WARN_CONSTANT_CONVERSION = YES;
				CLANG_WARN_DIRECT_OBJC_ISA_USAGE = YES_ERROR;
				CLANG_WARN_EMPTY_BODY = YES;
				CLANG_WARN_ENUM_CONVERSION = YES;
				CLANG_WARN_INT_CONVERSION = YES;
				CLANG_WARN_OBJC_ROOT_CLASS = YES_ERROR;
				CLANG_WARN_UNREACHABLE_CODE = YES;
				CLANG_WARN__DUPLICATE_METHOD_MATCH = YES;
				"CODE_SIGN_IDENTITY[sdk=iphoneos*]" = "iPhone Developer";
				COPY_PHASE_STRIP = NO;
				DEBUG_INFORMATION_FORMAT = "dwarf-with-dsym";
				ENABLE_NS_ASSERTIONS = NO;
				ENABLE_STRICT_OBJC_MSGSEND = YES;
				GCC_C_LANGUAGE_STANDARD = gnu99;
				GCC_NO_COMMON_BLOCKS = YES;
				GCC_WARN_64_TO_32_BIT_CONVERSION = YES;
				GCC_WARN_ABOUT_RETURN_TYPE = YES_ERROR;
				GCC_WARN_UNDECLARED_SELECTOR = YES;
				GCC_WARN_UNINITIALIZED_AUTOS = YES_AGGRESSIVE;
				GCC_WARN_UNUSED_FUNCTION = YES;
				GCC_WARN_UNUSED_VARIABLE = YES;
				IPHONEOS_DEPLOYMENT_TARGET = 7.0;
				MTL_ENABLE_DEBUG_INFO = NO;
				SDKROOT = iphoneos;
				VALIDATE_PRODUCT = YES;
			};
			name = Release;
		};
		0DAFBCA31B53941000A66CE7 /* Debug */ = {
			isa = XCBuildConfiguration;
			buildSettings = {
				ASSETCATALOG_COMPILER_APPICON_NAME = AppIcon;
				GCC_PRECOMPILE_PREFIX_HEADER = YES;
				GCC_PREFIX_HEADER = "ETImClient/ETImClient-Prefix.pch";
				HEADER_SEARCH_PATHS = (
					"$(PROJECT_DIR)/../ETImClientFramework/**",
					/Applications/Xcode.app/Contents/Developer/Toolchains/XcodeDefault.xctoolchain/usr/include,
					"$(inherited)",
				);
				INFOPLIST_FILE = ETImClient/Info.plist;
				LD_RUNPATH_SEARCH_PATHS = "$(inherited) @executable_path/Frameworks";
				LIBRARY_SEARCH_PATHS = (
					"$(inherited)",
					"$(USER_LIBRARY_DIR)/Developer/Xcode/DerivedData/ETImClientWorkspace-bsvmlcstdgofougealfejvlpirek/Build/Products/Debug-iphoneos",
				);
				PRODUCT_NAME = "$(TARGET_NAME)";
			};
			name = Debug;
		};
		0DAFBCA41B53941000A66CE7 /* Release */ = {
			isa = XCBuildConfiguration;
			buildSettings = {
				ASSETCATALOG_COMPILER_APPICON_NAME = AppIcon;
				GCC_PRECOMPILE_PREFIX_HEADER = YES;
				GCC_PREFIX_HEADER = "ETImClient/ETImClient-Prefix.pch";
				HEADER_SEARCH_PATHS = (
					"$(PROJECT_DIR)/../ETImClientFramework/**",
					/Applications/Xcode.app/Contents/Developer/Toolchains/XcodeDefault.xctoolchain/usr/include,
					"$(inherited)",
				);
				INFOPLIST_FILE = ETImClient/Info.plist;
				LD_RUNPATH_SEARCH_PATHS = "$(inherited) @executable_path/Frameworks";
				LIBRARY_SEARCH_PATHS = (
					"$(inherited)",
					"$(USER_LIBRARY_DIR)/Developer/Xcode/DerivedData/ETImClientWorkspace-bsvmlcstdgofougealfejvlpirek/Build/Products/Debug-iphoneos",
				);
				PRODUCT_NAME = "$(TARGET_NAME)";
			};
			name = Release;
		};
		0DAFBCA61B53941000A66CE7 /* Debug */ = {
			isa = XCBuildConfiguration;
			buildSettings = {
				BUNDLE_LOADER = "$(TEST_HOST)";
				FRAMEWORK_SEARCH_PATHS = (
					"$(SDKROOT)/Developer/Library/Frameworks",
					"$(inherited)",
				);
				GCC_PREPROCESSOR_DEFINITIONS = (
					"DEBUG=1",
					"$(inherited)",
				);
				INFOPLIST_FILE = ETImClientTests/Info.plist;
				LD_RUNPATH_SEARCH_PATHS = "$(inherited) @executable_path/Frameworks @loader_path/Frameworks";
				PRODUCT_NAME = "$(TARGET_NAME)";
				TEST_HOST = "$(BUILT_PRODUCTS_DIR)/ETImClient.app/ETImClient";
			};
			name = Debug;
		};
		0DAFBCA71B53941000A66CE7 /* Release */ = {
			isa = XCBuildConfiguration;
			buildSettings = {
				BUNDLE_LOADER = "$(TEST_HOST)";
				FRAMEWORK_SEARCH_PATHS = (
					"$(SDKROOT)/Developer/Library/Frameworks",
					"$(inherited)",
				);
				INFOPLIST_FILE = ETImClientTests/Info.plist;
				LD_RUNPATH_SEARCH_PATHS = "$(inherited) @executable_path/Frameworks @loader_path/Frameworks";
				PRODUCT_NAME = "$(TARGET_NAME)";
				TEST_HOST = "$(BUILT_PRODUCTS_DIR)/ETImClient.app/ETImClient";
			};
			name = Release;
		};
/* End XCBuildConfiguration section */

/* Begin XCConfigurationList section */
		0DAFBC7A1B53941000A66CE7 /* Build configuration list for PBXProject "ETImClient" */ = {
			isa = XCConfigurationList;
			buildConfigurations = (
				0DAFBCA01B53941000A66CE7 /* Debug */,
				0DAFBCA11B53941000A66CE7 /* Release */,
			);
			defaultConfigurationIsVisible = 0;
			defaultConfigurationName = Release;
		};
		0DAFBCA21B53941000A66CE7 /* Build configuration list for PBXNativeTarget "ETImClient" */ = {
			isa = XCConfigurationList;
			buildConfigurations = (
				0DAFBCA31B53941000A66CE7 /* Debug */,
				0DAFBCA41B53941000A66CE7 /* Release */,
			);
			defaultConfigurationIsVisible = 0;
			defaultConfigurationName = Release;
		};
		0DAFBCA51B53941000A66CE7 /* Build configuration list for PBXNativeTarget "ETImClientTests" */ = {
			isa = XCConfigurationList;
			buildConfigurations = (
				0DAFBCA61B53941000A66CE7 /* Debug */,
				0DAFBCA71B53941000A66CE7 /* Release */,
			);
			defaultConfigurationIsVisible = 0;
			defaultConfigurationName = Release;
		};
/* End XCConfigurationList section */
	};
	rootObject = 0DAFBC771B53941000A66CE7 /* Project object */;
}
